{
  "originHash" : "c71fb1756fb0ae4c43ac4433b7f74f7995069785481774bc3e864afc5214893e",
  "pins" : [
    {
      "identity" : "hotkey",
      "kind" : "remoteSourceControl",
      "location" : "https://github.com/soffes/HotKey",
      "state" : {
        "branch" : "main",
        "revision" : "4d02d80de143d69b7eeb5962729591a157a57ede"
      }
    }
  ],
  "version" : 3
}
