// !$*UTF8*$!
{
	archiveVersion = 1;
	classes = {
	};
	objectVersion = 56;
	objects = {

/* Begin PBXBuildFile section */
		08E6572B2C7909FF00313FCB /* EditClientView.swift in Sources */ = {isa = PBXBuildFile; fileRef = 08E6572A2C7909FF00313FCB /* EditClientView.swift */; };
		08E6572D2C790B5B00313FCB /* LabeledTextField.swift in Sources */ = {isa = PBXBuildFile; fileRef = 08E6572C2C790B5B00313FCB /* LabeledTextField.swift */; };
		08E657302C792A1200313FCB /* FormsFields.swift in Sources */ = {isa = PBXBuildFile; fileRef = 08E6572F2C792A1200313FCB /* FormsFields.swift */; };
		08E657322C7D08A800313FCB /* LabeledDateField.swift in Sources */ = {isa = PBXBuildFile; fileRef = 08E657312C7D08A800313FCB /* LabeledDateField.swift */; };
		08E657342C7D08D800313FCB /* LabeledPickerField.swift in Sources */ = {isa = PBXBuildFile; fileRef = 08E657332C7D08D800313FCB /* LabeledPickerField.swift */; };
		08E657392C7D205D00313FCB /* ClientMock.swift in Sources */ = {isa = PBXBuildFile; fileRef = 08E657382C7D205D00313FCB /* ClientMock.swift */; };
		3B0A7AD12C7D16AA005A5946 /* NetworkMonitor.swift in Sources */ = {isa = PBXBuildFile; fileRef = 3B0A7AD02C7D16AA005A5946 /* NetworkMonitor.swift */; };
		3B0EE5F72C6A90F100CFC91A /* CoreDataViewModel.swift in Sources */ = {isa = PBXBuildFile; fileRef = 3B0EE5F62C6A90F100CFC91A /* CoreDataViewModel.swift */; };
		3B24D4AC2C73781F00CCA763 /* Folder.swift in Sources */ = {isa = PBXBuildFile; fileRef = 3B24D4A02C73781F00CCA763 /* Folder.swift */; };
		3B24D4AE2C73781F00CCA763 /* Lawsuit.swift in Sources */ = {isa = PBXBuildFile; fileRef = 3B24D4A22C73781F00CCA763 /* Lawsuit.swift */; };
		3B24D4B02C73781F00CCA763 /* Client.swift in Sources */ = {isa = PBXBuildFile; fileRef = 3B24D4A42C73781F00CCA763 /* Client.swift */; };
		3B24D4B22C73781F00CCA763 /* FilePDF.swift in Sources */ = {isa = PBXBuildFile; fileRef = 3B24D4A62C73781F00CCA763 /* FilePDF.swift */; };
		3B24D4B42C73781F00CCA763 /* Update.swift in Sources */ = {isa = PBXBuildFile; fileRef = 3B24D4A82C73781F00CCA763 /* Update.swift */; };
		3B24D4B62C73781F00CCA763 /* Lawyer.swift in Sources */ = {isa = PBXBuildFile; fileRef = 3B24D4AA2C73781F00CCA763 /* Lawyer.swift */; };
		3B98F10C2C668B1000C45121 /* LawSuitApp.swift in Sources */ = {isa = PBXBuildFile; fileRef = 3B98F10B2C668B1000C45121 /* LawSuitApp.swift */; };
		3B98F10E2C668B1000C45121 /* ContentView.swift in Sources */ = {isa = PBXBuildFile; fileRef = 3B98F10D2C668B1000C45121 /* ContentView.swift */; };
		3B98F1102C668B1100C45121 /* Assets.xcassets in Resources */ = {isa = PBXBuildFile; fileRef = 3B98F10F2C668B1100C45121 /* Assets.xcassets */; };
		3B98F1132C668B1100C45121 /* Preview Assets.xcassets in Resources */ = {isa = PBXBuildFile; fileRef = 3B98F1122C668B1100C45121 /* Preview Assets.xcassets */; };
		3B98F11E2C668B1100C45121 /* LawSuitTests.swift in Sources */ = {isa = PBXBuildFile; fileRef = 3B98F11D2C668B1100C45121 /* LawSuitTests.swift */; };
		3B98F1282C668B1100C45121 /* LawSuitUITests.swift in Sources */ = {isa = PBXBuildFile; fileRef = 3B98F1272C668B1100C45121 /* LawSuitUITests.swift */; };
		3B98F12A2C668B1100C45121 /* LawSuitUITestsLaunchTests.swift in Sources */ = {isa = PBXBuildFile; fileRef = 3B98F1292C668B1100C45121 /* LawSuitUITestsLaunchTests.swift */; };
		3BAF94C62C739BE7001FCA45 /* DragAndDropViewModel.swift in Sources */ = {isa = PBXBuildFile; fileRef = 3BAF94C52C739BE7001FCA45 /* DragAndDropViewModel.swift */; };
		3BAF94C82C73D37E001FCA45 /* FolderGridView.swift in Sources */ = {isa = PBXBuildFile; fileRef = 3BAF94C72C73D37E001FCA45 /* FolderGridView.swift */; };
		3BAF94CA2C73D4C1001FCA45 /* FilePDFGridView.swift in Sources */ = {isa = PBXBuildFile; fileRef = 3BAF94C92C73D4C1001FCA45 /* FilePDFGridView.swift */; };
		3BAF94CC2C73D5BF001FCA45 /* FilePDFIconView.swift in Sources */ = {isa = PBXBuildFile; fileRef = 3BAF94CB2C73D5BF001FCA45 /* FilePDFIconView.swift */; };
		3BAF94CE2C73DB7C001FCA45 /* PDFKitView.swift in Sources */ = {isa = PBXBuildFile; fileRef = 3BAF94CD2C73DB7C001FCA45 /* PDFKitView.swift */; };
		3BAF94D02C73DC0F001FCA45 /* OpenFilePDFView.swift in Sources */ = {isa = PBXBuildFile; fileRef = 3BAF94CF2C73DC0F001FCA45 /* OpenFilePDFView.swift */; };
		3BC731022C6A997E00923BB2 /* FolderManager.swift in Sources */ = {isa = PBXBuildFile; fileRef = 3BC731012C6A997E00923BB2 /* FolderManager.swift */; };
		3BC731042C6A9A9200923BB2 /* FilePDFManager.swift in Sources */ = {isa = PBXBuildFile; fileRef = 3BC731032C6A9A9200923BB2 /* FilePDFManager.swift */; };
		3BD40B2F2C6D3FB8004048FA /* ClientManager.swift in Sources */ = {isa = PBXBuildFile; fileRef = 3BD40B2E2C6D3FB8004048FA /* ClientManager.swift */; };
		3BD40B312C6D40FE004048FA /* LawyerManager.swift in Sources */ = {isa = PBXBuildFile; fileRef = 3BD40B302C6D40FE004048FA /* LawyerManager.swift */; };
		3BD40B332C6D41EC004048FA /* ProcessManager.swift in Sources */ = {isa = PBXBuildFile; fileRef = 3BD40B322C6D41EC004048FA /* ProcessManager.swift */; };
		3BD40B352C6D4384004048FA /* UpdateManager.swift in Sources */ = {isa = PBXBuildFile; fileRef = 3BD40B342C6D4384004048FA /* UpdateManager.swift */; };
		3BD40B382C6D454B004048FA /* DocumentView.swift in Sources */ = {isa = PBXBuildFile; fileRef = 3BD40B372C6D454B004048FA /* DocumentView.swift */; };
		3BD40B3B2C6D4624004048FA /* FolderExamples.swift in Sources */ = {isa = PBXBuildFile; fileRef = 3BD40B3A2C6D4624004048FA /* FolderExamples.swift */; };
		3BD40B3E2C6D4EFF004048FA /* FolderIconView.swift in Sources */ = {isa = PBXBuildFile; fileRef = 3BD40B3D2C6D4EFF004048FA /* FolderIconView.swift */; };
		3BD40B402C6E5DD5004048FA /* FolderViewModel.swift in Sources */ = {isa = PBXBuildFile; fileRef = 3BD40B3F2C6E5DD5004048FA /* FolderViewModel.swift */; };
		3BD40B422C6E5E16004048FA /* FolderStack.swift in Sources */ = {isa = PBXBuildFile; fileRef = 3BD40B412C6E5E16004048FA /* FolderStack.swift */; };
		3BD40B442C6E6005004048FA /* DocumentGridView.swift in Sources */ = {isa = PBXBuildFile; fileRef = 3BD40B432C6E6005004048FA /* DocumentGridView.swift */; };
		3BD40B6F2C6E76EC004048FA /* SelectClientView.swift in Sources */ = {isa = PBXBuildFile; fileRef = 3BD40B6E2C6E76EC004048FA /* SelectClientView.swift */; };
		6A2C69002C6D4FA300E017EE /* Model.xcdatamodeld in Sources */ = {isa = PBXBuildFile; fileRef = 6A2C68FE2C6D4FA300E017EE /* Model.xcdatamodeld */; };
		6ABD796D2C6E962800A98BA3 /* CheckboxIconComponent.swift in Sources */ = {isa = PBXBuildFile; fileRef = 6ABD796C2C6E962800A98BA3 /* CheckboxIconComponent.swift */; };
		6ABD796F2C6E97AD00A98BA3 /* CheckboxView.swift in Sources */ = {isa = PBXBuildFile; fileRef = 6ABD796E2C6E97AD00A98BA3 /* CheckboxView.swift */; };
		6ABD79712C6E990F00A98BA3 /* ClientCheckboxIconComponent.swift in Sources */ = {isa = PBXBuildFile; fileRef = 6ABD79702C6E990F00A98BA3 /* ClientCheckboxIconComponent.swift */; };
		6ABD79732C6EA05D00A98BA3 /* SearchBarCheckboxComponent.swift in Sources */ = {isa = PBXBuildFile; fileRef = 6ABD79722C6EA05D00A98BA3 /* SearchBarCheckboxComponent.swift */; };
		6ABD79752C78FB2100A98BA3 /* NewProcessView.swift in Sources */ = {isa = PBXBuildFile; fileRef = 6ABD79742C78FB2100A98BA3 /* NewProcessView.swift */; };
		6ABD79792C7918B600A98BA3 /* EditProcessAuthorComponent.swift in Sources */ = {isa = PBXBuildFile; fileRef = 6ABD79782C7918B600A98BA3 /* EditProcessAuthorComponent.swift */; };
		6ABD797B2C7CEA6C00A98BA3 /* SegmentedControlComponent.swift in Sources */ = {isa = PBXBuildFile; fileRef = 6ABD797A2C7CEA6C00A98BA3 /* SegmentedControlComponent.swift */; };
		DC1572BB2C6E96BB007815E1 /* PendentDocumentStyleView.swift in Sources */ = {isa = PBXBuildFile; fileRef = DC1572BA2C6E96BB007815E1 /* PendentDocumentStyleView.swift */; };
		DC1572BD2C6FE962007815E1 /* PendentDocumentView.swift in Sources */ = {isa = PBXBuildFile; fileRef = DC1572BC2C6FE962007815E1 /* PendentDocumentView.swift */; };
		DC1572BF2C73DE70007815E1 /* PendentClientDocumentStyle.swift in Sources */ = {isa = PBXBuildFile; fileRef = DC1572BE2C73DE70007815E1 /* PendentClientDocumentStyle.swift */; };
		DC1572C12C73E30F007815E1 /* PendentClientDocumentView.swift in Sources */ = {isa = PBXBuildFile; fileRef = DC1572C02C73E30F007815E1 /* PendentClientDocumentView.swift */; };
		DCC1BD302C77B23900000195 /* AddClientView.swift in Sources */ = {isa = PBXBuildFile; fileRef = DCC1BD2F2C77B23900000195 /* AddClientView.swift */; };
		DCC1BD322C77BAF700000195 /* AddClientProgressView.swift in Sources */ = {isa = PBXBuildFile; fileRef = DCC1BD312C77BAF700000195 /* AddClientProgressView.swift */; };
		DCDB96402C7E61C400817814 /* AddClientForm.swift in Sources */ = {isa = PBXBuildFile; fileRef = DCDB963F2C7E61C400817814 /* AddClientForm.swift */; };
		E93BCFA52C77D3B1007CF206 /* CloudTestingView.swift in Sources */ = {isa = PBXBuildFile; fileRef = E93BCFA42C77D3B1007CF206 /* CloudTestingView.swift */; };
		E93BCFA72C77D3DE007CF206 /* CloudViewModel.swift in Sources */ = {isa = PBXBuildFile; fileRef = E93BCFA62C77D3DE007CF206 /* CloudViewModel.swift */; };
		E93BCFA92C77D6B5007CF206 /* File.swift in Sources */ = {isa = PBXBuildFile; fileRef = E93BCFA82C77D6B5007CF206 /* File.swift */; };
		E981580F2C77A2680039C2FD /* CloudManager.swift in Sources */ = {isa = PBXBuildFile; fileRef = E981580E2C77A2680039C2FD /* CloudManager.swift */; };
		E9A949BA2C7CFB310006BC99 /* RecordObjectManager.swift in Sources */ = {isa = PBXBuildFile; fileRef = E9A949B92C7CFB310006BC99 /* RecordObjectManager.swift */; };
/* End PBXBuildFile section */

/* Begin PBXContainerItemProxy section */
		3B98F11A2C668B1100C45121 /* PBXContainerItemProxy */ = {
			isa = PBXContainerItemProxy;
			containerPortal = 3B98F1002C668B1000C45121 /* Project object */;
			proxyType = 1;
			remoteGlobalIDString = 3B98F1072C668B1000C45121;
			remoteInfo = LawSuit;
		};
		3B98F1242C668B1100C45121 /* PBXContainerItemProxy */ = {
			isa = PBXContainerItemProxy;
			containerPortal = 3B98F1002C668B1000C45121 /* Project object */;
			proxyType = 1;
			remoteGlobalIDString = 3B98F1072C668B1000C45121;
			remoteInfo = LawSuit;
		};
/* End PBXContainerItemProxy section */

/* Begin PBXFileReference section */
		08E6572A2C7909FF00313FCB /* EditClientView.swift */ = {isa = PBXFileReference; lastKnownFileType = sourcecode.swift; path = EditClientView.swift; sourceTree = "<group>"; };
		08E6572C2C790B5B00313FCB /* LabeledTextField.swift */ = {isa = PBXFileReference; lastKnownFileType = sourcecode.swift; path = LabeledTextField.swift; sourceTree = "<group>"; };
		08E6572F2C792A1200313FCB /* FormsFields.swift */ = {isa = PBXFileReference; lastKnownFileType = sourcecode.swift; path = FormsFields.swift; sourceTree = "<group>"; };
		08E657312C7D08A800313FCB /* LabeledDateField.swift */ = {isa = PBXFileReference; lastKnownFileType = sourcecode.swift; path = LabeledDateField.swift; sourceTree = "<group>"; };
		08E657332C7D08D800313FCB /* LabeledPickerField.swift */ = {isa = PBXFileReference; lastKnownFileType = sourcecode.swift; path = LabeledPickerField.swift; sourceTree = "<group>"; };
		08E657382C7D205D00313FCB /* ClientMock.swift */ = {isa = PBXFileReference; lastKnownFileType = sourcecode.swift; path = ClientMock.swift; sourceTree = "<group>"; };
		3B0A7AD02C7D16AA005A5946 /* NetworkMonitor.swift */ = {isa = PBXFileReference; lastKnownFileType = sourcecode.swift; path = NetworkMonitor.swift; sourceTree = "<group>"; };
		3B0EE5F62C6A90F100CFC91A /* CoreDataViewModel.swift */ = {isa = PBXFileReference; lastKnownFileType = sourcecode.swift; path = CoreDataViewModel.swift; sourceTree = "<group>"; };
		3B24D4A02C73781F00CCA763 /* Folder.swift */ = {isa = PBXFileReference; lastKnownFileType = sourcecode.swift; path = Folder.swift; sourceTree = "<group>"; };
		3B24D4A22C73781F00CCA763 /* Lawsuit.swift */ = {isa = PBXFileReference; lastKnownFileType = sourcecode.swift; path = Lawsuit.swift; sourceTree = "<group>"; };
		3B24D4A42C73781F00CCA763 /* Client.swift */ = {isa = PBXFileReference; lastKnownFileType = sourcecode.swift; path = Client.swift; sourceTree = "<group>"; };
		3B24D4A62C73781F00CCA763 /* FilePDF.swift */ = {isa = PBXFileReference; lastKnownFileType = sourcecode.swift; path = FilePDF.swift; sourceTree = "<group>"; };
		3B24D4A82C73781F00CCA763 /* Update.swift */ = {isa = PBXFileReference; lastKnownFileType = sourcecode.swift; path = Update.swift; sourceTree = "<group>"; };
		3B24D4AA2C73781F00CCA763 /* Lawyer.swift */ = {isa = PBXFileReference; lastKnownFileType = sourcecode.swift; path = Lawyer.swift; sourceTree = "<group>"; };
		3B98F1082C668B1000C45121 /* LawSuit.app */ = {isa = PBXFileReference; explicitFileType = wrapper.application; includeInIndex = 0; path = LawSuit.app; sourceTree = BUILT_PRODUCTS_DIR; };
		3B98F10B2C668B1000C45121 /* LawSuitApp.swift */ = {isa = PBXFileReference; lastKnownFileType = sourcecode.swift; path = LawSuitApp.swift; sourceTree = "<group>"; };
		3B98F10D2C668B1000C45121 /* ContentView.swift */ = {isa = PBXFileReference; lastKnownFileType = sourcecode.swift; path = ContentView.swift; sourceTree = "<group>"; };
		3B98F10F2C668B1100C45121 /* Assets.xcassets */ = {isa = PBXFileReference; lastKnownFileType = folder.assetcatalog; path = Assets.xcassets; sourceTree = "<group>"; };
		3B98F1122C668B1100C45121 /* Preview Assets.xcassets */ = {isa = PBXFileReference; lastKnownFileType = folder.assetcatalog; path = "Preview Assets.xcassets"; sourceTree = "<group>"; };
		3B98F1142C668B1100C45121 /* LawSuit.entitlements */ = {isa = PBXFileReference; lastKnownFileType = text.plist.entitlements; path = LawSuit.entitlements; sourceTree = "<group>"; };
		3B98F1192C668B1100C45121 /* LawSuitTests.xctest */ = {isa = PBXFileReference; explicitFileType = wrapper.cfbundle; includeInIndex = 0; path = LawSuitTests.xctest; sourceTree = BUILT_PRODUCTS_DIR; };
		3B98F11D2C668B1100C45121 /* LawSuitTests.swift */ = {isa = PBXFileReference; lastKnownFileType = sourcecode.swift; path = LawSuitTests.swift; sourceTree = "<group>"; };
		3B98F1232C668B1100C45121 /* LawSuitUITests.xctest */ = {isa = PBXFileReference; explicitFileType = wrapper.cfbundle; includeInIndex = 0; path = LawSuitUITests.xctest; sourceTree = BUILT_PRODUCTS_DIR; };
		3B98F1272C668B1100C45121 /* LawSuitUITests.swift */ = {isa = PBXFileReference; lastKnownFileType = sourcecode.swift; path = LawSuitUITests.swift; sourceTree = "<group>"; };
		3B98F1292C668B1100C45121 /* LawSuitUITestsLaunchTests.swift */ = {isa = PBXFileReference; lastKnownFileType = sourcecode.swift; path = LawSuitUITestsLaunchTests.swift; sourceTree = "<group>"; };
		3BAF94C52C739BE7001FCA45 /* DragAndDropViewModel.swift */ = {isa = PBXFileReference; lastKnownFileType = sourcecode.swift; path = DragAndDropViewModel.swift; sourceTree = "<group>"; };
		3BAF94C72C73D37E001FCA45 /* FolderGridView.swift */ = {isa = PBXFileReference; lastKnownFileType = sourcecode.swift; path = FolderGridView.swift; sourceTree = "<group>"; };
		3BAF94C92C73D4C1001FCA45 /* FilePDFGridView.swift */ = {isa = PBXFileReference; lastKnownFileType = sourcecode.swift; path = FilePDFGridView.swift; sourceTree = "<group>"; };
		3BAF94CB2C73D5BF001FCA45 /* FilePDFIconView.swift */ = {isa = PBXFileReference; lastKnownFileType = sourcecode.swift; path = FilePDFIconView.swift; sourceTree = "<group>"; };
		3BAF94CD2C73DB7C001FCA45 /* PDFKitView.swift */ = {isa = PBXFileReference; lastKnownFileType = sourcecode.swift; path = PDFKitView.swift; sourceTree = "<group>"; };
		3BAF94CF2C73DC0F001FCA45 /* OpenFilePDFView.swift */ = {isa = PBXFileReference; lastKnownFileType = sourcecode.swift; path = OpenFilePDFView.swift; sourceTree = "<group>"; };
		3BC731012C6A997E00923BB2 /* FolderManager.swift */ = {isa = PBXFileReference; lastKnownFileType = sourcecode.swift; path = FolderManager.swift; sourceTree = "<group>"; };
		3BC731032C6A9A9200923BB2 /* FilePDFManager.swift */ = {isa = PBXFileReference; lastKnownFileType = sourcecode.swift; path = FilePDFManager.swift; sourceTree = "<group>"; };
		3BD40B2E2C6D3FB8004048FA /* ClientManager.swift */ = {isa = PBXFileReference; lastKnownFileType = sourcecode.swift; path = ClientManager.swift; sourceTree = "<group>"; };
		3BD40B302C6D40FE004048FA /* LawyerManager.swift */ = {isa = PBXFileReference; lastKnownFileType = sourcecode.swift; path = LawyerManager.swift; sourceTree = "<group>"; };
		3BD40B322C6D41EC004048FA /* ProcessManager.swift */ = {isa = PBXFileReference; lastKnownFileType = sourcecode.swift; path = ProcessManager.swift; sourceTree = "<group>"; };
		3BD40B342C6D4384004048FA /* UpdateManager.swift */ = {isa = PBXFileReference; lastKnownFileType = sourcecode.swift; path = UpdateManager.swift; sourceTree = "<group>"; };
		3BD40B372C6D454B004048FA /* DocumentView.swift */ = {isa = PBXFileReference; lastKnownFileType = sourcecode.swift; path = DocumentView.swift; sourceTree = "<group>"; };
		3BD40B3A2C6D4624004048FA /* FolderExamples.swift */ = {isa = PBXFileReference; lastKnownFileType = sourcecode.swift; path = FolderExamples.swift; sourceTree = "<group>"; };
		3BD40B3D2C6D4EFF004048FA /* FolderIconView.swift */ = {isa = PBXFileReference; lastKnownFileType = sourcecode.swift; path = FolderIconView.swift; sourceTree = "<group>"; };
		3BD40B3F2C6E5DD5004048FA /* FolderViewModel.swift */ = {isa = PBXFileReference; lastKnownFileType = sourcecode.swift; path = FolderViewModel.swift; sourceTree = "<group>"; };
		3BD40B412C6E5E16004048FA /* FolderStack.swift */ = {isa = PBXFileReference; lastKnownFileType = sourcecode.swift; path = FolderStack.swift; sourceTree = "<group>"; };
		3BD40B432C6E6005004048FA /* DocumentGridView.swift */ = {isa = PBXFileReference; lastKnownFileType = sourcecode.swift; path = DocumentGridView.swift; sourceTree = "<group>"; };
		3BD40B6E2C6E76EC004048FA /* SelectClientView.swift */ = {isa = PBXFileReference; lastKnownFileType = sourcecode.swift; path = SelectClientView.swift; sourceTree = "<group>"; };
		6A2C68FF2C6D4FA300E017EE /* Model.xcdatamodel */ = {isa = PBXFileReference; lastKnownFileType = wrapper.xcdatamodel; path = Model.xcdatamodel; sourceTree = "<group>"; };
		6ABD796C2C6E962800A98BA3 /* CheckboxIconComponent.swift */ = {isa = PBXFileReference; lastKnownFileType = sourcecode.swift; path = CheckboxIconComponent.swift; sourceTree = "<group>"; };
		6ABD796E2C6E97AD00A98BA3 /* CheckboxView.swift */ = {isa = PBXFileReference; lastKnownFileType = sourcecode.swift; path = CheckboxView.swift; sourceTree = "<group>"; };
		6ABD79702C6E990F00A98BA3 /* ClientCheckboxIconComponent.swift */ = {isa = PBXFileReference; lastKnownFileType = sourcecode.swift; path = ClientCheckboxIconComponent.swift; sourceTree = "<group>"; };
		6ABD79722C6EA05D00A98BA3 /* SearchBarCheckboxComponent.swift */ = {isa = PBXFileReference; lastKnownFileType = sourcecode.swift; path = SearchBarCheckboxComponent.swift; sourceTree = "<group>"; };
		6ABD79742C78FB2100A98BA3 /* NewProcessView.swift */ = {isa = PBXFileReference; lastKnownFileType = sourcecode.swift; path = NewProcessView.swift; sourceTree = "<group>"; };
		6ABD79782C7918B600A98BA3 /* EditProcessAuthorComponent.swift */ = {isa = PBXFileReference; lastKnownFileType = sourcecode.swift; path = EditProcessAuthorComponent.swift; sourceTree = "<group>"; };
		6ABD797A2C7CEA6C00A98BA3 /* SegmentedControlComponent.swift */ = {isa = PBXFileReference; lastKnownFileType = sourcecode.swift; path = SegmentedControlComponent.swift; sourceTree = "<group>"; };
		DC1572BA2C6E96BB007815E1 /* PendentDocumentStyleView.swift */ = {isa = PBXFileReference; lastKnownFileType = sourcecode.swift; path = PendentDocumentStyleView.swift; sourceTree = "<group>"; };
		DC1572BC2C6FE962007815E1 /* PendentDocumentView.swift */ = {isa = PBXFileReference; lastKnownFileType = sourcecode.swift; path = PendentDocumentView.swift; sourceTree = "<group>"; };
		DC1572BE2C73DE70007815E1 /* PendentClientDocumentStyle.swift */ = {isa = PBXFileReference; lastKnownFileType = sourcecode.swift; path = PendentClientDocumentStyle.swift; sourceTree = "<group>"; };
		DC1572C02C73E30F007815E1 /* PendentClientDocumentView.swift */ = {isa = PBXFileReference; lastKnownFileType = sourcecode.swift; path = PendentClientDocumentView.swift; sourceTree = "<group>"; };
		DCC1BD2F2C77B23900000195 /* AddClientView.swift */ = {isa = PBXFileReference; lastKnownFileType = sourcecode.swift; path = AddClientView.swift; sourceTree = "<group>"; };
		DCC1BD312C77BAF700000195 /* AddClientProgressView.swift */ = {isa = PBXFileReference; lastKnownFileType = sourcecode.swift; path = AddClientProgressView.swift; sourceTree = "<group>"; };
		DCDB963F2C7E61C400817814 /* AddClientForm.swift */ = {isa = PBXFileReference; lastKnownFileType = sourcecode.swift; path = AddClientForm.swift; sourceTree = "<group>"; };
		E93BCFA42C77D3B1007CF206 /* CloudTestingView.swift */ = {isa = PBXFileReference; lastKnownFileType = sourcecode.swift; path = CloudTestingView.swift; sourceTree = "<group>"; };
		E93BCFA62C77D3DE007CF206 /* CloudViewModel.swift */ = {isa = PBXFileReference; lastKnownFileType = sourcecode.swift; path = CloudViewModel.swift; sourceTree = "<group>"; };
		E93BCFA82C77D6B5007CF206 /* File.swift */ = {isa = PBXFileReference; lastKnownFileType = sourcecode.swift; path = File.swift; sourceTree = "<group>"; };
		E981580E2C77A2680039C2FD /* CloudManager.swift */ = {isa = PBXFileReference; lastKnownFileType = sourcecode.swift; path = CloudManager.swift; sourceTree = "<group>"; };
		E9A949B92C7CFB310006BC99 /* RecordObjectManager.swift */ = {isa = PBXFileReference; lastKnownFileType = sourcecode.swift; path = RecordObjectManager.swift; sourceTree = "<group>"; };
/* End PBXFileReference section */

/* Begin PBXFrameworksBuildPhase section */
		3B98F1052C668B1000C45121 /* Frameworks */ = {
			isa = PBXFrameworksBuildPhase;
			buildActionMask = 2147483647;
			files = (
			);
			runOnlyForDeploymentPostprocessing = 0;
		};
		3B98F1162C668B1100C45121 /* Frameworks */ = {
			isa = PBXFrameworksBuildPhase;
			buildActionMask = 2147483647;
			files = (
			);
			runOnlyForDeploymentPostprocessing = 0;
		};
		3B98F1202C668B1100C45121 /* Frameworks */ = {
			isa = PBXFrameworksBuildPhase;
			buildActionMask = 2147483647;
			files = (
			);
			runOnlyForDeploymentPostprocessing = 0;
		};
/* End PBXFrameworksBuildPhase section */

/* Begin PBXGroup section */
		08E6572E2C7929FA00313FCB /* EditClientView */ = {
			isa = PBXGroup;
			children = (
				08E6572A2C7909FF00313FCB /* EditClientView.swift */,
				08E6572C2C790B5B00313FCB /* LabeledTextField.swift */,
				08E6572F2C792A1200313FCB /* FormsFields.swift */,
				08E657312C7D08A800313FCB /* LabeledDateField.swift */,
				08E657332C7D08D800313FCB /* LabeledPickerField.swift */,
			);
			path = EditClientView;
			sourceTree = "<group>";
		};
		08E657372C7D204600313FCB /* ModelMock */ = {
			isa = PBXGroup;
			children = (
				08E657382C7D205D00313FCB /* ClientMock.swift */,
			);
			path = ModelMock;
			sourceTree = "<group>";
		};
		3B0EE5F52C6A90E600CFC91A /* ViewModel */ = {
			isa = PBXGroup;
			children = (
				3BC731052C6A9D5E00923BB2 /* Managers */,
				3B0EE5F62C6A90F100CFC91A /* CoreDataViewModel.swift */,
				3BAF94C52C739BE7001FCA45 /* DragAndDropViewModel.swift */,
				3BD40B3F2C6E5DD5004048FA /* FolderViewModel.swift */,
				E93BCFA62C77D3DE007CF206 /* CloudViewModel.swift */,
				3B0A7AD02C7D16AA005A5946 /* NetworkMonitor.swift */,
			);
			path = ViewModel;
			sourceTree = "<group>";
		};
		3B0EE6042C6A929E00CFC91A /* Model */ = {
			isa = PBXGroup;
			children = (
				3BD40B6D2C6E7681004048FA /* CoreDataModel */,
				3BD40B412C6E5E16004048FA /* FolderStack.swift */,
				E93BCFA82C77D6B5007CF206 /* File.swift */,
			);
			path = Model;
			sourceTree = "<group>";
		};
		3B98F0FF2C668B1000C45121 = {
			isa = PBXGroup;
			children = (
				3B98F10A2C668B1000C45121 /* LawSuit */,
				3B98F11C2C668B1100C45121 /* LawSuitTests */,
				3B98F1262C668B1100C45121 /* LawSuitUITests */,
				3B98F1092C668B1000C45121 /* Products */,
			);
			sourceTree = "<group>";
		};
		3B98F1092C668B1000C45121 /* Products */ = {
			isa = PBXGroup;
			children = (
				3B98F1082C668B1000C45121 /* LawSuit.app */,
				3B98F1192C668B1100C45121 /* LawSuitTests.xctest */,
				3B98F1232C668B1100C45121 /* LawSuitUITests.xctest */,
			);
			name = Products;
			sourceTree = "<group>";
		};
		3B98F10A2C668B1000C45121 /* LawSuit */ = {
			isa = PBXGroup;
			children = (
				08E657372C7D204600313FCB /* ModelMock */,
				6A2C68FE2C6D4FA300E017EE /* Model.xcdatamodeld */,
				3BD40B392C6D4613004048FA /* Examples */,
				3BD40B362C6D453A004048FA /* Views */,
				3B0EE6042C6A929E00CFC91A /* Model */,
				3B0EE5F52C6A90E600CFC91A /* ViewModel */,
				3B98F10B2C668B1000C45121 /* LawSuitApp.swift */,
				3B98F10D2C668B1000C45121 /* ContentView.swift */,
				3B98F10F2C668B1100C45121 /* Assets.xcassets */,
				3B98F1142C668B1100C45121 /* LawSuit.entitlements */,
				3B98F1112C668B1100C45121 /* Preview Content */,
			);
			path = LawSuit;
			sourceTree = "<group>";
		};
		3B98F1112C668B1100C45121 /* Preview Content */ = {
			isa = PBXGroup;
			children = (
				3B98F1122C668B1100C45121 /* Preview Assets.xcassets */,
			);
			path = "Preview Content";
			sourceTree = "<group>";
		};
		3B98F11C2C668B1100C45121 /* LawSuitTests */ = {
			isa = PBXGroup;
			children = (
				3B98F11D2C668B1100C45121 /* LawSuitTests.swift */,
			);
			path = LawSuitTests;
			sourceTree = "<group>";
		};
		3B98F1262C668B1100C45121 /* LawSuitUITests */ = {
			isa = PBXGroup;
			children = (
				3B98F1272C668B1100C45121 /* LawSuitUITests.swift */,
				3B98F1292C668B1100C45121 /* LawSuitUITestsLaunchTests.swift */,
			);
			path = LawSuitUITests;
			sourceTree = "<group>";
		};
		3BC731052C6A9D5E00923BB2 /* Managers */ = {
			isa = PBXGroup;
			children = (
				3BC731012C6A997E00923BB2 /* FolderManager.swift */,
				3BC731032C6A9A9200923BB2 /* FilePDFManager.swift */,
				3BD40B2E2C6D3FB8004048FA /* ClientManager.swift */,
				3BD40B302C6D40FE004048FA /* LawyerManager.swift */,
				3BD40B322C6D41EC004048FA /* ProcessManager.swift */,
				3BD40B342C6D4384004048FA /* UpdateManager.swift */,
				E981580E2C77A2680039C2FD /* CloudManager.swift */,
				E9A949B92C7CFB310006BC99 /* RecordObjectManager.swift */,
			);
			path = Managers;
			sourceTree = "<group>";
		};
		3BD40B362C6D453A004048FA /* Views */ = {
			isa = PBXGroup;
			children = (
				3BD40B3C2C6D4DE8004048FA /* Components */,
				3BD40B372C6D454B004048FA /* DocumentView.swift */,
				6ABD796E2C6E97AD00A98BA3 /* CheckboxView.swift */,
				6ABD79742C78FB2100A98BA3 /* NewProcessView.swift */,
				3BD40B6E2C6E76EC004048FA /* SelectClientView.swift */,
				DC1572BC2C6FE962007815E1 /* PendentDocumentView.swift */,
				DC1572C02C73E30F007815E1 /* PendentClientDocumentView.swift */,
				E93BCFA42C77D3B1007CF206 /* CloudTestingView.swift */,
				DCC1BD2F2C77B23900000195 /* AddClientView.swift */,
			);
			path = Views;
			sourceTree = "<group>";
		};
		3BD40B392C6D4613004048FA /* Examples */ = {
			isa = PBXGroup;
			children = (
				3BD40B3A2C6D4624004048FA /* FolderExamples.swift */,
			);
			path = Examples;
			sourceTree = "<group>";
		};
		3BD40B3C2C6D4DE8004048FA /* Components */ = {
			isa = PBXGroup;
			children = (
				08E6572E2C7929FA00313FCB /* EditClientView */,
				3BD40B3D2C6D4EFF004048FA /* FolderIconView.swift */,
				3BAF94CB2C73D5BF001FCA45 /* FilePDFIconView.swift */,
				6ABD796C2C6E962800A98BA3 /* CheckboxIconComponent.swift */,
				6ABD79722C6EA05D00A98BA3 /* SearchBarCheckboxComponent.swift */,
				3BD40B432C6E6005004048FA /* DocumentGridView.swift */,
				3BAF94C72C73D37E001FCA45 /* FolderGridView.swift */,
				3BAF94C92C73D4C1001FCA45 /* FilePDFGridView.swift */,
				6ABD797A2C7CEA6C00A98BA3 /* SegmentedControlComponent.swift */,
				6ABD79782C7918B600A98BA3 /* EditProcessAuthorComponent.swift */,
				3BAF94CD2C73DB7C001FCA45 /* PDFKitView.swift */,
				3BAF94CF2C73DC0F001FCA45 /* OpenFilePDFView.swift */,
				DC1572BA2C6E96BB007815E1 /* PendentDocumentStyleView.swift */,
				DC1572BE2C73DE70007815E1 /* PendentClientDocumentStyle.swift */,
				6ABD79702C6E990F00A98BA3 /* ClientCheckboxIconComponent.swift */,
				DCC1BD312C77BAF700000195 /* AddClientProgressView.swift */,
				DCDB963F2C7E61C400817814 /* AddClientForm.swift */,
			);
			path = Components;
			sourceTree = "<group>";
		};
		3BD40B6D2C6E7681004048FA /* CoreDataModel */ = {
			isa = PBXGroup;
			children = (
				3B24D4A02C73781F00CCA763 /* Folder.swift */,
				3B24D4A22C73781F00CCA763 /* Lawsuit.swift */,
				3B24D4A42C73781F00CCA763 /* Client.swift */,
				3B24D4A62C73781F00CCA763 /* FilePDF.swift */,
				3B24D4A82C73781F00CCA763 /* Update.swift */,
				3B24D4AA2C73781F00CCA763 /* Lawyer.swift */,
			);
			path = CoreDataModel;
			sourceTree = "<group>";
		};
/* End PBXGroup section */

/* Begin PBXNativeTarget section */
		3B98F1072C668B1000C45121 /* LawSuit */ = {
			isa = PBXNativeTarget;
			buildConfigurationList = 3B98F12D2C668B1100C45121 /* Build configuration list for PBXNativeTarget "LawSuit" */;
			buildPhases = (
				3B98F1042C668B1000C45121 /* Sources */,
				3B98F1052C668B1000C45121 /* Frameworks */,
				3B98F1062C668B1000C45121 /* Resources */,
			);
			buildRules = (
			);
			dependencies = (
			);
			name = LawSuit;
			productName = LawSuit;
			productReference = 3B98F1082C668B1000C45121 /* LawSuit.app */;
			productType = "com.apple.product-type.application";
		};
		3B98F1182C668B1100C45121 /* LawSuitTests */ = {
			isa = PBXNativeTarget;
			buildConfigurationList = 3B98F1302C668B1100C45121 /* Build configuration list for PBXNativeTarget "LawSuitTests" */;
			buildPhases = (
				3B98F1152C668B1100C45121 /* Sources */,
				3B98F1162C668B1100C45121 /* Frameworks */,
				3B98F1172C668B1100C45121 /* Resources */,
			);
			buildRules = (
			);
			dependencies = (
				3B98F11B2C668B1100C45121 /* PBXTargetDependency */,
			);
			name = LawSuitTests;
			productName = LawSuitTests;
			productReference = 3B98F1192C668B1100C45121 /* LawSuitTests.xctest */;
			productType = "com.apple.product-type.bundle.unit-test";
		};
		3B98F1222C668B1100C45121 /* LawSuitUITests */ = {
			isa = PBXNativeTarget;
			buildConfigurationList = 3B98F1332C668B1100C45121 /* Build configuration list for PBXNativeTarget "LawSuitUITests" */;
			buildPhases = (
				3B98F11F2C668B1100C45121 /* Sources */,
				3B98F1202C668B1100C45121 /* Frameworks */,
				3B98F1212C668B1100C45121 /* Resources */,
			);
			buildRules = (
			);
			dependencies = (
				3B98F1252C668B1100C45121 /* PBXTargetDependency */,
			);
			name = LawSuitUITests;
			productName = LawSuitUITests;
			productReference = 3B98F1232C668B1100C45121 /* LawSuitUITests.xctest */;
			productType = "com.apple.product-type.bundle.ui-testing";
		};
/* End PBXNativeTarget section */

/* Begin PBXProject section */
		3B98F1002C668B1000C45121 /* Project object */ = {
			isa = PBXProject;
			attributes = {
				BuildIndependentTargetsInParallel = 1;
				LastSwiftUpdateCheck = 1540;
				LastUpgradeCheck = 1540;
				TargetAttributes = {
					3B98F1072C668B1000C45121 = {
						CreatedOnToolsVersion = 15.4;
					};
					3B98F1182C668B1100C45121 = {
						CreatedOnToolsVersion = 15.4;
						TestTargetID = 3B98F1072C668B1000C45121;
					};
					3B98F1222C668B1100C45121 = {
						CreatedOnToolsVersion = 15.4;
						TestTargetID = 3B98F1072C668B1000C45121;
					};
				};
			};
			buildConfigurationList = 3B98F1032C668B1000C45121 /* Build configuration list for PBXProject "LawSuit" */;
			compatibilityVersion = "Xcode 14.0";
			developmentRegion = en;
			hasScannedForEncodings = 0;
			knownRegions = (
				en,
				Base,
			);
			mainGroup = 3B98F0FF2C668B1000C45121;
			productRefGroup = 3B98F1092C668B1000C45121 /* Products */;
			projectDirPath = "";
			projectRoot = "";
			targets = (
				3B98F1072C668B1000C45121 /* LawSuit */,
				3B98F1182C668B1100C45121 /* LawSuitTests */,
				3B98F1222C668B1100C45121 /* LawSuitUITests */,
			);
		};
/* End PBXProject section */

/* Begin PBXResourcesBuildPhase section */
		3B98F1062C668B1000C45121 /* Resources */ = {
			isa = PBXResourcesBuildPhase;
			buildActionMask = 2147483647;
			files = (
				3B98F1132C668B1100C45121 /* Preview Assets.xcassets in Resources */,
				3B98F1102C668B1100C45121 /* Assets.xcassets in Resources */,
			);
			runOnlyForDeploymentPostprocessing = 0;
		};
		3B98F1172C668B1100C45121 /* Resources */ = {
			isa = PBXResourcesBuildPhase;
			buildActionMask = 2147483647;
			files = (
			);
			runOnlyForDeploymentPostprocessing = 0;
		};
		3B98F1212C668B1100C45121 /* Resources */ = {
			isa = PBXResourcesBuildPhase;
			buildActionMask = 2147483647;
			files = (
			);
			runOnlyForDeploymentPostprocessing = 0;
		};
/* End PBXResourcesBuildPhase section */

/* Begin PBXSourcesBuildPhase section */
		3B98F1042C668B1000C45121 /* Sources */ = {
			isa = PBXSourcesBuildPhase;
			buildActionMask = 2147483647;
			files = (
				3BD40B6F2C6E76EC004048FA /* SelectClientView.swift in Sources */,
				DC1572C12C73E30F007815E1 /* PendentClientDocumentView.swift in Sources */,
				DC1572BD2C6FE962007815E1 /* PendentDocumentView.swift in Sources */,
				3BD40B3B2C6D4624004048FA /* FolderExamples.swift in Sources */,
				3B98F10E2C668B1000C45121 /* ContentView.swift in Sources */,
				E93BCFA52C77D3B1007CF206 /* CloudTestingView.swift in Sources */,
				6ABD796D2C6E962800A98BA3 /* CheckboxIconComponent.swift in Sources */,
				3B0EE5F72C6A90F100CFC91A /* CoreDataViewModel.swift in Sources */,
				DCC1BD302C77B23900000195 /* AddClientView.swift in Sources */,
				3BD40B442C6E6005004048FA /* DocumentGridView.swift in Sources */,
				6ABD79752C78FB2100A98BA3 /* NewProcessView.swift in Sources */,
				3BD40B2F2C6D3FB8004048FA /* ClientManager.swift in Sources */,
				08E657342C7D08D800313FCB /* LabeledPickerField.swift in Sources */,
				E93BCFA92C77D6B5007CF206 /* File.swift in Sources */,
				3BD40B3E2C6D4EFF004048FA /* FolderIconView.swift in Sources */,
				DC1572BB2C6E96BB007815E1 /* PendentDocumentStyleView.swift in Sources */,
				3BD40B332C6D41EC004048FA /* ProcessManager.swift in Sources */,
				3BAF94CC2C73D5BF001FCA45 /* FilePDFIconView.swift in Sources */,
				3B98F10C2C668B1000C45121 /* LawSuitApp.swift in Sources */,
				6ABD79732C6EA05D00A98BA3 /* SearchBarCheckboxComponent.swift in Sources */,
				DCC1BD322C77BAF700000195 /* AddClientProgressView.swift in Sources */,
				6ABD797B2C7CEA6C00A98BA3 /* SegmentedControlComponent.swift in Sources */,
				6A2C69002C6D4FA300E017EE /* Model.xcdatamodeld in Sources */,
				3BC731022C6A997E00923BB2 /* FolderManager.swift in Sources */,
				3BAF94CE2C73DB7C001FCA45 /* PDFKitView.swift in Sources */,
				3BAF94C82C73D37E001FCA45 /* FolderGridView.swift in Sources */,
				3BD40B312C6D40FE004048FA /* LawyerManager.swift in Sources */,
				3BD40B352C6D4384004048FA /* UpdateManager.swift in Sources */,
				6ABD79712C6E990F00A98BA3 /* ClientCheckboxIconComponent.swift in Sources */,
				3BD40B422C6E5E16004048FA /* FolderStack.swift in Sources */,
				6ABD79792C7918B600A98BA3 /* EditProcessAuthorComponent.swift in Sources */,
				E9A949BA2C7CFB310006BC99 /* RecordObjectManager.swift in Sources */,
				3BD40B402C6E5DD5004048FA /* FolderViewModel.swift in Sources */,
				3B24D4AC2C73781F00CCA763 /* Folder.swift in Sources */,
				3BAF94CA2C73D4C1001FCA45 /* FilePDFGridView.swift in Sources */,
				3B24D4AE2C73781F00CCA763 /* Lawsuit.swift in Sources */,
				08E6572B2C7909FF00313FCB /* EditClientView.swift in Sources */,
				08E657322C7D08A800313FCB /* LabeledDateField.swift in Sources */,
				3B0A7AD12C7D16AA005A5946 /* NetworkMonitor.swift in Sources */,
				E981580F2C77A2680039C2FD /* CloudManager.swift in Sources */,
				DCDB96402C7E61C400817814 /* AddClientForm.swift in Sources */,
				DC1572BF2C73DE70007815E1 /* PendentClientDocumentStyle.swift in Sources */,
				3B24D4B02C73781F00CCA763 /* Client.swift in Sources */,
				3B24D4B22C73781F00CCA763 /* FilePDF.swift in Sources */,
				3B24D4B42C73781F00CCA763 /* Update.swift in Sources */,
				3B24D4B62C73781F00CCA763 /* Lawyer.swift in Sources */,
				E93BCFA72C77D3DE007CF206 /* CloudViewModel.swift in Sources */,
				3BD40B382C6D454B004048FA /* DocumentView.swift in Sources */,
				08E657392C7D205D00313FCB /* ClientMock.swift in Sources */,
				08E657302C792A1200313FCB /* FormsFields.swift in Sources */,
				6ABD796F2C6E97AD00A98BA3 /* CheckboxView.swift in Sources */,
				3BC731042C6A9A9200923BB2 /* FilePDFManager.swift in Sources */,
				08E6572D2C790B5B00313FCB /* LabeledTextField.swift in Sources */,
				3BAF94D02C73DC0F001FCA45 /* OpenFilePDFView.swift in Sources */,
				3BAF94C62C739BE7001FCA45 /* DragAndDropViewModel.swift in Sources */,
			);
			runOnlyForDeploymentPostprocessing = 0;
		};
		3B98F1152C668B1100C45121 /* Sources */ = {
			isa = PBXSourcesBuildPhase;
			buildActionMask = 2147483647;
			files = (
				3B98F11E2C668B1100C45121 /* LawSuitTests.swift in Sources */,
			);
			runOnlyForDeploymentPostprocessing = 0;
		};
		3B98F11F2C668B1100C45121 /* Sources */ = {
			isa = PBXSourcesBuildPhase;
			buildActionMask = 2147483647;
			files = (
				3B98F12A2C668B1100C45121 /* LawSuitUITestsLaunchTests.swift in Sources */,
				3B98F1282C668B1100C45121 /* LawSuitUITests.swift in Sources */,
			);
			runOnlyForDeploymentPostprocessing = 0;
		};
/* End PBXSourcesBuildPhase section */

/* Begin PBXTargetDependency section */
		3B98F11B2C668B1100C45121 /* PBXTargetDependency */ = {
			isa = PBXTargetDependency;
			target = 3B98F1072C668B1000C45121 /* LawSuit */;
			targetProxy = 3B98F11A2C668B1100C45121 /* PBXContainerItemProxy */;
		};
		3B98F1252C668B1100C45121 /* PBXTargetDependency */ = {
			isa = PBXTargetDependency;
			target = 3B98F1072C668B1000C45121 /* LawSuit */;
			targetProxy = 3B98F1242C668B1100C45121 /* PBXContainerItemProxy */;
		};
/* End PBXTargetDependency section */

/* Begin XCBuildConfiguration section */
		3B98F12B2C668B1100C45121 /* Debug */ = {
			isa = XCBuildConfiguration;
			buildSettings = {
				ALWAYS_SEARCH_USER_PATHS = NO;
				ASSETCATALOG_COMPILER_GENERATE_SWIFT_ASSET_SYMBOL_EXTENSIONS = YES;
				CLANG_ANALYZER_NONNULL = YES;
				CLANG_ANALYZER_NUMBER_OBJECT_CONVERSION = YES_AGGRESSIVE;
				CLANG_CXX_LANGUAGE_STANDARD = "gnu++20";
				CLANG_ENABLE_MODULES = YES;
				CLANG_ENABLE_OBJC_ARC = YES;
				CLANG_ENABLE_OBJC_WEAK = YES;
				CLANG_WARN_BLOCK_CAPTURE_AUTORELEASING = YES;
				CLANG_WARN_BOOL_CONVERSION = YES;
				CLANG_WARN_COMMA = YES;
				CLANG_WARN_CONSTANT_CONVERSION = YES;
				CLANG_WARN_DEPRECATED_OBJC_IMPLEMENTATIONS = YES;
				CLANG_WARN_DIRECT_OBJC_ISA_USAGE = YES_ERROR;
				CLANG_WARN_DOCUMENTATION_COMMENTS = YES;
				CLANG_WARN_EMPTY_BODY = YES;
				CLANG_WARN_ENUM_CONVERSION = YES;
				CLANG_WARN_INFINITE_RECURSION = YES;
				CLANG_WARN_INT_CONVERSION = YES;
				CLANG_WARN_NON_LITERAL_NULL_CONVERSION = YES;
				CLANG_WARN_OBJC_IMPLICIT_RETAIN_SELF = YES;
				CLANG_WARN_OBJC_LITERAL_CONVERSION = YES;
				CLANG_WARN_OBJC_ROOT_CLASS = YES_ERROR;
				CLANG_WARN_QUOTED_INCLUDE_IN_FRAMEWORK_HEADER = YES;
				CLANG_WARN_RANGE_LOOP_ANALYSIS = YES;
				CLANG_WARN_STRICT_PROTOTYPES = YES;
				CLANG_WARN_SUSPICIOUS_MOVE = YES;
				CLANG_WARN_UNGUARDED_AVAILABILITY = YES_AGGRESSIVE;
				CLANG_WARN_UNREACHABLE_CODE = YES;
				CLANG_WARN__DUPLICATE_METHOD_MATCH = YES;
				COPY_PHASE_STRIP = NO;
				DEBUG_INFORMATION_FORMAT = dwarf;
				ENABLE_STRICT_OBJC_MSGSEND = YES;
				ENABLE_TESTABILITY = YES;
				ENABLE_USER_SCRIPT_SANDBOXING = YES;
				GCC_C_LANGUAGE_STANDARD = gnu17;
				GCC_DYNAMIC_NO_PIC = NO;
				GCC_NO_COMMON_BLOCKS = YES;
				GCC_OPTIMIZATION_LEVEL = 0;
				GCC_PREPROCESSOR_DEFINITIONS = (
					"DEBUG=1",
					"$(inherited)",
				);
				GCC_WARN_64_TO_32_BIT_CONVERSION = YES;
				GCC_WARN_ABOUT_RETURN_TYPE = YES_ERROR;
				GCC_WARN_UNDECLARED_SELECTOR = YES;
				GCC_WARN_UNINITIALIZED_AUTOS = YES_AGGRESSIVE;
				GCC_WARN_UNUSED_FUNCTION = YES;
				GCC_WARN_UNUSED_VARIABLE = YES;
				LOCALIZATION_PREFERS_STRING_CATALOGS = YES;
				MACOSX_DEPLOYMENT_TARGET = 14.5;
				MTL_ENABLE_DEBUG_INFO = INCLUDE_SOURCE;
				MTL_FAST_MATH = YES;
				ONLY_ACTIVE_ARCH = YES;
				SDKROOT = macosx;
				SWIFT_ACTIVE_COMPILATION_CONDITIONS = "DEBUG $(inherited)";
				SWIFT_OPTIMIZATION_LEVEL = "-Onone";
			};
			name = Debug;
		};
		3B98F12C2C668B1100C45121 /* Release */ = {
			isa = XCBuildConfiguration;
			buildSettings = {
				ALWAYS_SEARCH_USER_PATHS = NO;
				ASSETCATALOG_COMPILER_GENERATE_SWIFT_ASSET_SYMBOL_EXTENSIONS = YES;
				CLANG_ANALYZER_NONNULL = YES;
				CLANG_ANALYZER_NUMBER_OBJECT_CONVERSION = YES_AGGRESSIVE;
				CLANG_CXX_LANGUAGE_STANDARD = "gnu++20";
				CLANG_ENABLE_MODULES = YES;
				CLANG_ENABLE_OBJC_ARC = YES;
				CLANG_ENABLE_OBJC_WEAK = YES;
				CLANG_WARN_BLOCK_CAPTURE_AUTORELEASING = YES;
				CLANG_WARN_BOOL_CONVERSION = YES;
				CLANG_WARN_COMMA = YES;
				CLANG_WARN_CONSTANT_CONVERSION = YES;
				CLANG_WARN_DEPRECATED_OBJC_IMPLEMENTATIONS = YES;
				CLANG_WARN_DIRECT_OBJC_ISA_USAGE = YES_ERROR;
				CLANG_WARN_DOCUMENTATION_COMMENTS = YES;
				CLANG_WARN_EMPTY_BODY = YES;
				CLANG_WARN_ENUM_CONVERSION = YES;
				CLANG_WARN_INFINITE_RECURSION = YES;
				CLANG_WARN_INT_CONVERSION = YES;
				CLANG_WARN_NON_LITERAL_NULL_CONVERSION = YES;
				CLANG_WARN_OBJC_IMPLICIT_RETAIN_SELF = YES;
				CLANG_WARN_OBJC_LITERAL_CONVERSION = YES;
				CLANG_WARN_OBJC_ROOT_CLASS = YES_ERROR;
				CLANG_WARN_QUOTED_INCLUDE_IN_FRAMEWORK_HEADER = YES;
				CLANG_WARN_RANGE_LOOP_ANALYSIS = YES;
				CLANG_WARN_STRICT_PROTOTYPES = YES;
				CLANG_WARN_SUSPICIOUS_MOVE = YES;
				CLANG_WARN_UNGUARDED_AVAILABILITY = YES_AGGRESSIVE;
				CLANG_WARN_UNREACHABLE_CODE = YES;
				CLANG_WARN__DUPLICATE_METHOD_MATCH = YES;
				COPY_PHASE_STRIP = NO;
				DEBUG_INFORMATION_FORMAT = "dwarf-with-dsym";
				ENABLE_NS_ASSERTIONS = NO;
				ENABLE_STRICT_OBJC_MSGSEND = YES;
				ENABLE_USER_SCRIPT_SANDBOXING = YES;
				GCC_C_LANGUAGE_STANDARD = gnu17;
				GCC_NO_COMMON_BLOCKS = YES;
				GCC_WARN_64_TO_32_BIT_CONVERSION = YES;
				GCC_WARN_ABOUT_RETURN_TYPE = YES_ERROR;
				GCC_WARN_UNDECLARED_SELECTOR = YES;
				GCC_WARN_UNINITIALIZED_AUTOS = YES_AGGRESSIVE;
				GCC_WARN_UNUSED_FUNCTION = YES;
				GCC_WARN_UNUSED_VARIABLE = YES;
				LOCALIZATION_PREFERS_STRING_CATALOGS = YES;
				MACOSX_DEPLOYMENT_TARGET = 14.5;
				MTL_ENABLE_DEBUG_INFO = NO;
				MTL_FAST_MATH = YES;
				SDKROOT = macosx;
				SWIFT_COMPILATION_MODE = wholemodule;
			};
			name = Release;
		};
		3B98F12E2C668B1100C45121 /* Debug */ = {
			isa = XCBuildConfiguration;
			buildSettings = {
				ASSETCATALOG_COMPILER_APPICON_NAME = AppIcon;
				ASSETCATALOG_COMPILER_GLOBAL_ACCENT_COLOR_NAME = AccentColor;
				CODE_SIGN_ENTITLEMENTS = LawSuit/LawSuit.entitlements;
				CODE_SIGN_STYLE = Automatic;
				COMBINE_HIDPI_IMAGES = YES;
				CURRENT_PROJECT_VERSION = 1;
				DEVELOPMENT_ASSET_PATHS = "\"LawSuit/Preview Content\"";
				DEVELOPMENT_TEAM = Z2Y94548LY;
				ENABLE_HARDENED_RUNTIME = YES;
				ENABLE_PREVIEWS = YES;
				GENERATE_INFOPLIST_FILE = YES;
				INFOPLIST_KEY_NSHumanReadableCopyright = "";
				IPHONEOS_DEPLOYMENT_TARGET = 16.6;
				LD_RUNPATH_SEARCH_PATHS = (
					"$(inherited)",
					"@executable_path/../Frameworks",
				);
				MACOSX_DEPLOYMENT_TARGET = 13.5;
				MARKETING_VERSION = 1.0;
				PRODUCT_BUNDLE_IDENTIFIER = br.com.TFS.LawSuit;
				PRODUCT_NAME = "$(TARGET_NAME)";
				SUPPORTED_PLATFORMS = macosx;
				SUPPORTS_MACCATALYST = NO;
				SWIFT_EMIT_LOC_STRINGS = YES;
				SWIFT_VERSION = 5.0;
			};
			name = Debug;
		};
		3B98F12F2C668B1100C45121 /* Release */ = {
			isa = XCBuildConfiguration;
			buildSettings = {
				ASSETCATALOG_COMPILER_APPICON_NAME = AppIcon;
				ASSETCATALOG_COMPILER_GLOBAL_ACCENT_COLOR_NAME = AccentColor;
				CODE_SIGN_ENTITLEMENTS = LawSuit/LawSuit.entitlements;
				CODE_SIGN_STYLE = Automatic;
				COMBINE_HIDPI_IMAGES = YES;
				CURRENT_PROJECT_VERSION = 1;
				DEVELOPMENT_ASSET_PATHS = "\"LawSuit/Preview Content\"";
				DEVELOPMENT_TEAM = Z2Y94548LY;
				ENABLE_HARDENED_RUNTIME = YES;
				ENABLE_PREVIEWS = YES;
				GENERATE_INFOPLIST_FILE = YES;
				INFOPLIST_KEY_NSHumanReadableCopyright = "";
				IPHONEOS_DEPLOYMENT_TARGET = 16.6;
				LD_RUNPATH_SEARCH_PATHS = (
					"$(inherited)",
					"@executable_path/../Frameworks",
				);
				MACOSX_DEPLOYMENT_TARGET = 13.5;
				MARKETING_VERSION = 1.0;
				PRODUCT_BUNDLE_IDENTIFIER = br.com.TFS.LawSuit;
				PRODUCT_NAME = "$(TARGET_NAME)";
				SUPPORTED_PLATFORMS = macosx;
				SUPPORTS_MACCATALYST = NO;
				SWIFT_EMIT_LOC_STRINGS = YES;
				SWIFT_VERSION = 5.0;
			};
			name = Release;
		};
		3B98F1312C668B1100C45121 /* Debug */ = {
			isa = XCBuildConfiguration;
			buildSettings = {
				ALWAYS_EMBED_SWIFT_STANDARD_LIBRARIES = YES;
				BUNDLE_LOADER = "$(TEST_HOST)";
				CODE_SIGN_STYLE = Automatic;
				CURRENT_PROJECT_VERSION = 1;
				DEVELOPMENT_TEAM = Z2Y94548LY;
				GENERATE_INFOPLIST_FILE = YES;
				MACOSX_DEPLOYMENT_TARGET = 14.5;
				MARKETING_VERSION = 1.0;
				PRODUCT_BUNDLE_IDENTIFIER = com.TFS.LawSuitTests;
				PRODUCT_NAME = "$(TARGET_NAME)";
				SWIFT_EMIT_LOC_STRINGS = NO;
				SWIFT_VERSION = 5.0;
				TEST_HOST = "$(BUILT_PRODUCTS_DIR)/LawSuit.app/$(BUNDLE_EXECUTABLE_FOLDER_PATH)/LawSuit";
			};
			name = Debug;
		};
		3B98F1322C668B1100C45121 /* Release */ = {
			isa = XCBuildConfiguration;
			buildSettings = {
				ALWAYS_EMBED_SWIFT_STANDARD_LIBRARIES = YES;
				BUNDLE_LOADER = "$(TEST_HOST)";
				CODE_SIGN_STYLE = Automatic;
				CURRENT_PROJECT_VERSION = 1;
				DEVELOPMENT_TEAM = Z2Y94548LY;
				GENERATE_INFOPLIST_FILE = YES;
				MACOSX_DEPLOYMENT_TARGET = 14.5;
				MARKETING_VERSION = 1.0;
				PRODUCT_BUNDLE_IDENTIFIER = com.TFS.LawSuitTests;
				PRODUCT_NAME = "$(TARGET_NAME)";
				SWIFT_EMIT_LOC_STRINGS = NO;
				SWIFT_VERSION = 5.0;
				TEST_HOST = "$(BUILT_PRODUCTS_DIR)/LawSuit.app/$(BUNDLE_EXECUTABLE_FOLDER_PATH)/LawSuit";
			};
			name = Release;
		};
		3B98F1342C668B1100C45121 /* Debug */ = {
			isa = XCBuildConfiguration;
			buildSettings = {
				ALWAYS_EMBED_SWIFT_STANDARD_LIBRARIES = YES;
				CODE_SIGN_STYLE = Automatic;
				CURRENT_PROJECT_VERSION = 1;
				DEVELOPMENT_TEAM = Z2Y94548LY;
				GENERATE_INFOPLIST_FILE = YES;
				MARKETING_VERSION = 1.0;
				PRODUCT_BUNDLE_IDENTIFIER = com.TFS.LawSuitUITests;
				PRODUCT_NAME = "$(TARGET_NAME)";
				SWIFT_EMIT_LOC_STRINGS = NO;
				SWIFT_VERSION = 5.0;
				TEST_TARGET_NAME = LawSuit;
			};
			name = Debug;
		};
		3B98F1352C668B1100C45121 /* Release */ = {
			isa = XCBuildConfiguration;
			buildSettings = {
				ALWAYS_EMBED_SWIFT_STANDARD_LIBRARIES = YES;
				CODE_SIGN_STYLE = Automatic;
				CURRENT_PROJECT_VERSION = 1;
				DEVELOPMENT_TEAM = Z2Y94548LY;
				GENERATE_INFOPLIST_FILE = YES;
				MARKETING_VERSION = 1.0;
				PRODUCT_BUNDLE_IDENTIFIER = com.TFS.LawSuitUITests;
				PRODUCT_NAME = "$(TARGET_NAME)";
				SWIFT_EMIT_LOC_STRINGS = NO;
				SWIFT_VERSION = 5.0;
				TEST_TARGET_NAME = LawSuit;
			};
			name = Release;
		};
/* End XCBuildConfiguration section */

/* Begin XCConfigurationList section */
		3B98F1032C668B1000C45121 /* Build configuration list for PBXProject "LawSuit" */ = {
			isa = XCConfigurationList;
			buildConfigurations = (
				3B98F12B2C668B1100C45121 /* Debug */,
				3B98F12C2C668B1100C45121 /* Release */,
			);
			defaultConfigurationIsVisible = 0;
			defaultConfigurationName = Release;
		};
		3B98F12D2C668B1100C45121 /* Build configuration list for PBXNativeTarget "LawSuit" */ = {
			isa = XCConfigurationList;
			buildConfigurations = (
				3B98F12E2C668B1100C45121 /* Debug */,
				3B98F12F2C668B1100C45121 /* Release */,
			);
			defaultConfigurationIsVisible = 0;
			defaultConfigurationName = Release;
		};
		3B98F1302C668B1100C45121 /* Build configuration list for PBXNativeTarget "LawSuitTests" */ = {
			isa = XCConfigurationList;
			buildConfigurations = (
				3B98F1312C668B1100C45121 /* Debug */,
				3B98F1322C668B1100C45121 /* Release */,
			);
			defaultConfigurationIsVisible = 0;
			defaultConfigurationName = Release;
		};
		3B98F1332C668B1100C45121 /* Build configuration list for PBXNativeTarget "LawSuitUITests" */ = {
			isa = XCConfigurationList;
			buildConfigurations = (
				3B98F1342C668B1100C45121 /* Debug */,
				3B98F1352C668B1100C45121 /* Release */,
			);
			defaultConfigurationIsVisible = 0;
			defaultConfigurationName = Release;
		};
/* End XCConfigurationList section */

/* Begin XCVersionGroup section */
		6A2C68FE2C6D4FA300E017EE /* Model.xcdatamodeld */ = {
			isa = XCVersionGroup;
			children = (
				6A2C68FF2C6D4FA300E017EE /* Model.xcdatamodel */,
			);
			currentVersion = 6A2C68FF2C6D4FA300E017EE /* Model.xcdatamodel */;
			path = Model.xcdatamodeld;
			sourceTree = "<group>";
			versionGroupType = wrapper.xcdatamodel;
		};
/* End XCVersionGroup section */
	};
	rootObject = 3B98F1002C668B1000C45121 /* Project object */;
}
