// !$*UTF8*$!
{
	archiveVersion = 1;
	classes = {
	};
	objectVersion = 56;
	objects = {

/* Begin PBXBuildFile section */
		08079F232CA4A1F4004EDF98 /* RequestDocumentsView.swift in Sources */ = {isa = PBXBuildFile; fileRef = 08079F222CA4A1F4004EDF98 /* RequestDocumentsView.swift */; };
		08079F262CA5EFCB004EDF98 /* MailMessageEnum.swift in Sources */ = {isa = PBXBuildFile; fileRef = 08079F252CA5EFCB004EDF98 /* MailMessageEnum.swift */; };
		0897CB3A2C8BA21D00B488A9 /* MailManager.swift in Sources */ = {isa = PBXBuildFile; fileRef = 0897CB392C8BA21D00B488A9 /* MailManager.swift */; };
		0898CE4B2C7FBDED004CC1A5 /* LawsuitNameCellComponent.swift in Sources */ = {isa = PBXBuildFile; fileRef = 0898CE4A2C7FBDED004CC1A5 /* LawsuitNameCellComponent.swift */; };
		089B8A9C2C9E312D00FEBCAB /* CoreDataStackTests.swift in Sources */ = {isa = PBXBuildFile; fileRef = 089B8A9B2C9E312D00FEBCAB /* CoreDataStackTests.swift */; };
		089B8A9E2CA1F5B100FEBCAB /* (null) in Frameworks */ = {isa = PBXBuildFile; };
		08A2B0C52C8F752000719571 /* LawsuitNetworkingService.swift in Sources */ = {isa = PBXBuildFile; fileRef = 08A2B0C42C8F752000719571 /* LawsuitNetworkingService.swift */; };
		08A2B0C72C8F760F00719571 /* SegmentosDoJudiciario.swift in Sources */ = {isa = PBXBuildFile; fileRef = 08A2B0C62C8F760F00719571 /* SegmentosDoJudiciario.swift */; };
		08A2B0CB2C8F963B00719571 /* SegmentosEnums.swift in Sources */ = {isa = PBXBuildFile; fileRef = 08A2B0CA2C8F963B00719571 /* SegmentosEnums.swift */; };
		08A2B0D52C92142E00719571 /* LawsuitErrors.swift in Sources */ = {isa = PBXBuildFile; fileRef = 08A2B0D42C92142E00719571 /* LawsuitErrors.swift */; };
		08A2B0DA2C935AE200719571 /* String+.swift in Sources */ = {isa = PBXBuildFile; fileRef = 08A2B0D92C935AE200719571 /* String+.swift */; };
		08A2B0DC2C9380AD00719571 /* NetworkingManager.swift in Sources */ = {isa = PBXBuildFile; fileRef = 08A2B0DB2C9380AD00719571 /* NetworkingManager.swift */; };
		08A2B0DE2C938D7B00719571 /* LawsuitNetworkingViewModel.swift in Sources */ = {isa = PBXBuildFile; fileRef = 08A2B0DD2C938D7B00719571 /* LawsuitNetworkingViewModel.swift */; };
		08A2B0E02C93AEFF00719571 /* AuthenticationManager.swift in Sources */ = {isa = PBXBuildFile; fileRef = 08A2B0DF2C93AEFF00719571 /* AuthenticationManager.swift */; };
		08A2B0E22C93B01400719571 /* KeychainHelper.swift in Sources */ = {isa = PBXBuildFile; fileRef = 08A2B0E12C93B01400719571 /* KeychainHelper.swift */; };
		08A2B0E42C9486CA00719571 /* Date+.swift in Sources */ = {isa = PBXBuildFile; fileRef = 08A2B0E32C9486CA00719571 /* Date+.swift */; };
		08A2B0E72C99ED8D00719571 /* LawsuitNetworkingServiceTests.swift in Sources */ = {isa = PBXBuildFile; fileRef = 08A2B0E62C99ED8D00719571 /* LawsuitNetworkingServiceTests.swift */; };
		08A2B0E92C9E1C8A00719571 /* LawsuitNetworkingViewModelTests.swift in Sources */ = {isa = PBXBuildFile; fileRef = 08A2B0E82C9E1C8A00719571 /* LawsuitNetworkingViewModelTests.swift */; };
		08B381A82CAB1B31002F2041 /* LawsuitFoldersHeaderComponent.swift in Sources */ = {isa = PBXBuildFile; fileRef = 08B381A72CAB1B31002F2041 /* LawsuitFoldersHeaderComponent.swift */; };
		08B381AA2CAB389D002F2041 /* MovimentationBlock.swift in Sources */ = {isa = PBXBuildFile; fileRef = 08B381A92CAB389D002F2041 /* MovimentationBlock.swift */; };
		08B3820B2CB44FDA002F2041 /* HotKey in Frameworks */ = {isa = PBXBuildFile; productRef = 08B3820A2CB44FDA002F2041 /* HotKey */; };
		08E6572B2C7909FF00313FCB /* EditClientView.swift in Sources */ = {isa = PBXBuildFile; fileRef = 08E6572A2C7909FF00313FCB /* EditClientView.swift */; };
		08E6572D2C790B5B00313FCB /* LabeledTextField.swift in Sources */ = {isa = PBXBuildFile; fileRef = 08E6572C2C790B5B00313FCB /* LabeledTextField.swift */; };
		08E657302C792A1200313FCB /* EditClientViewFormsFields.swift in Sources */ = {isa = PBXBuildFile; fileRef = 08E6572F2C792A1200313FCB /* EditClientViewFormsFields.swift */; };
		08E657322C7D08A800313FCB /* LabeledDateField.swift in Sources */ = {isa = PBXBuildFile; fileRef = 08E657312C7D08A800313FCB /* LabeledDateField.swift */; };
		08E657342C7D08D800313FCB /* LabeledPickerField.swift in Sources */ = {isa = PBXBuildFile; fileRef = 08E657332C7D08D800313FCB /* LabeledPickerField.swift */; };
		08E6573B2C7E60F900313FCB /* CustomSegmentedControl.swift in Sources */ = {isa = PBXBuildFile; fileRef = 08E6573A2C7E60F900313FCB /* CustomSegmentedControl.swift */; };
		08E8D2002C87ACDA008F3859 /* LawsuitCellComponent.swift in Sources */ = {isa = PBXBuildFile; fileRef = 08E8D1FF2C87ACDA008F3859 /* LawsuitCellComponent.swift */; };
		08E8D2022C87AF11008F3859 /* LawsuitListView.swift in Sources */ = {isa = PBXBuildFile; fileRef = 08E8D2012C87AF11008F3859 /* LawsuitListView.swift */; };
		08E8D2042C88981F008F3859 /* LawsuitListViewHeaderContent.swift in Sources */ = {isa = PBXBuildFile; fileRef = 08E8D2032C88981F008F3859 /* LawsuitListViewHeaderContent.swift */; };
		3B04F11D2C7FB9B600991746 /* ClientInfoView.swift in Sources */ = {isa = PBXBuildFile; fileRef = 3B04F11C2C7FB9B600991746 /* ClientInfoView.swift */; };
		3B0A7AD12C7D16AA005A5946 /* NetworkMonitorViewModel.swift in Sources */ = {isa = PBXBuildFile; fileRef = 3B0A7AD02C7D16AA005A5946 /* NetworkMonitorViewModel.swift */; };
		3B0EE5F72C6A90F100CFC91A /* CoreDataManager.swift in Sources */ = {isa = PBXBuildFile; fileRef = 3B0EE5F62C6A90F100CFC91A /* CoreDataManager.swift */; };
		3B24D4AC2C73781F00CCA763 /* Folder.swift in Sources */ = {isa = PBXBuildFile; fileRef = 3B24D4A02C73781F00CCA763 /* Folder.swift */; };
		3B24D4AE2C73781F00CCA763 /* Lawsuit.swift in Sources */ = {isa = PBXBuildFile; fileRef = 3B24D4A22C73781F00CCA763 /* Lawsuit.swift */; };
		3B24D4B02C73781F00CCA763 /* Client.swift in Sources */ = {isa = PBXBuildFile; fileRef = 3B24D4A42C73781F00CCA763 /* Client.swift */; };
		3B24D4B22C73781F00CCA763 /* FilePDF.swift in Sources */ = {isa = PBXBuildFile; fileRef = 3B24D4A62C73781F00CCA763 /* FilePDF.swift */; };
		3B24D4B42C73781F00CCA763 /* Update.swift in Sources */ = {isa = PBXBuildFile; fileRef = 3B24D4A82C73781F00CCA763 /* Update.swift */; };
		3B24D4B62C73781F00CCA763 /* Lawyer.swift in Sources */ = {isa = PBXBuildFile; fileRef = 3B24D4AA2C73781F00CCA763 /* Lawyer.swift */; };
		3B406F9E2C8895BA00160ADE /* NavigationViewModel.swift in Sources */ = {isa = PBXBuildFile; fileRef = 3B406F9D2C8895BA00160ADE /* NavigationViewModel.swift */; };
		3B423E7C2C80E2CF005B1B7F /* DocumentGridView.swift in Sources */ = {isa = PBXBuildFile; fileRef = 3B423E7B2C80E2CF005B1B7F /* DocumentGridView.swift */; };
		3B423E7E2C80E2D8005B1B7F /* FolderView.swift in Sources */ = {isa = PBXBuildFile; fileRef = 3B423E7D2C80E2D8005B1B7F /* FolderView.swift */; };
		3B423E802C80E2E1005B1B7F /* FilePDFGridView.swift in Sources */ = {isa = PBXBuildFile; fileRef = 3B423E7F2C80E2E1005B1B7F /* FilePDFGridView.swift */; };
		3B423E832C80E613005B1B7F /* FolderIconView.swift in Sources */ = {isa = PBXBuildFile; fileRef = 3B423E822C80E613005B1B7F /* FolderIconView.swift */; };
		3B6168002C7E43AC00260585 /* SideBarView.swift in Sources */ = {isa = PBXBuildFile; fileRef = 3B6167FF2C7E43AC00260585 /* SideBarView.swift */; };
		3B6168022C7E45CE00260585 /* Sections.swift in Sources */ = {isa = PBXBuildFile; fileRef = 3B6168012C7E45CE00260585 /* Sections.swift */; };
		3B6AB54B2CB712D2000C0FF0 /* AddPhotoButton.swift in Sources */ = {isa = PBXBuildFile; fileRef = 3B6AB54A2CB712D2000C0FF0 /* AddPhotoButton.swift */; };
		3B7642082CB843B700196914 /* RemovePhotoButton.swift in Sources */ = {isa = PBXBuildFile; fileRef = 3B7642072CB843B700196914 /* RemovePhotoButton.swift */; };
		3B88A41D2C82369400DA111E /* EditLawSuitView.swift in Sources */ = {isa = PBXBuildFile; fileRef = 3B88A41C2C82369400DA111E /* EditLawSuitView.swift */; };
		3B98F10C2C668B1000C45121 /* LawSuitApp.swift in Sources */ = {isa = PBXBuildFile; fileRef = 3B98F10B2C668B1000C45121 /* LawSuitApp.swift */; };
		3B98F10E2C668B1000C45121 /* ContentView.swift in Sources */ = {isa = PBXBuildFile; fileRef = 3B98F10D2C668B1000C45121 /* ContentView.swift */; };
		3B98F1102C668B1100C45121 /* Assets.xcassets in Resources */ = {isa = PBXBuildFile; fileRef = 3B98F10F2C668B1100C45121 /* Assets.xcassets */; };
		3B98F1132C668B1100C45121 /* Preview Assets.xcassets in Resources */ = {isa = PBXBuildFile; fileRef = 3B98F1122C668B1100C45121 /* Preview Assets.xcassets */; };
		3B98F11E2C668B1100C45121 /* LawSuitTests.swift in Sources */ = {isa = PBXBuildFile; fileRef = 3B98F11D2C668B1100C45121 /* LawSuitTests.swift */; };
		3B98F1282C668B1100C45121 /* LawSuitUITests.swift in Sources */ = {isa = PBXBuildFile; fileRef = 3B98F1272C668B1100C45121 /* LawSuitUITests.swift */; };
		3B98F12A2C668B1100C45121 /* LawSuitUITestsLaunchTests.swift in Sources */ = {isa = PBXBuildFile; fileRef = 3B98F1292C668B1100C45121 /* LawSuitUITestsLaunchTests.swift */; };
		3BAF94C62C739BE7001FCA45 /* DragAndDropViewModel.swift in Sources */ = {isa = PBXBuildFile; fileRef = 3BAF94C52C739BE7001FCA45 /* DragAndDropViewModel.swift */; };
		3BAF94CC2C73D5BF001FCA45 /* FilePDFIconView.swift in Sources */ = {isa = PBXBuildFile; fileRef = 3BAF94CB2C73D5BF001FCA45 /* FilePDFIconView.swift */; };
		3BAF94CE2C73DB7C001FCA45 /* PDFKitView.swift in Sources */ = {isa = PBXBuildFile; fileRef = 3BAF94CD2C73DB7C001FCA45 /* PDFKitView.swift */; };
		3BAF94D02C73DC0F001FCA45 /* OpenFilePDFView.swift in Sources */ = {isa = PBXBuildFile; fileRef = 3BAF94CF2C73DC0F001FCA45 /* OpenFilePDFView.swift */; };
		3BB9A3482C84F35300AD1E30 /* TagViewComponentV1.swift in Sources */ = {isa = PBXBuildFile; fileRef = 3BB9A3472C84F35300AD1E30 /* TagViewComponentV1.swift */; };
		3BB9A34A2C84F36800AD1E30 /* TagViewComponentV2.swift in Sources */ = {isa = PBXBuildFile; fileRef = 3BB9A3492C84F36800AD1E30 /* TagViewComponentV2.swift */; };
		3BB9A34C2C84F37300AD1E30 /* TagViewComponentV3.swift in Sources */ = {isa = PBXBuildFile; fileRef = 3BB9A34B2C84F37300AD1E30 /* TagViewComponentV3.swift */; };
		3BB9A34E2C84F37A00AD1E30 /* TagViewComponentV4.swift in Sources */ = {isa = PBXBuildFile; fileRef = 3BB9A34D2C84F37A00AD1E30 /* TagViewComponentV4.swift */; };
		3BB9A3502C84F38000AD1E30 /* TagViewComponentV5.swift in Sources */ = {isa = PBXBuildFile; fileRef = 3BB9A34F2C84F38000AD1E30 /* TagViewComponentV5.swift */; };
		3BC731022C6A997E00923BB2 /* FolderManager.swift in Sources */ = {isa = PBXBuildFile; fileRef = 3BC731012C6A997E00923BB2 /* FolderManager.swift */; };
		3BC731042C6A9A9200923BB2 /* FilePDFManager.swift in Sources */ = {isa = PBXBuildFile; fileRef = 3BC731032C6A9A9200923BB2 /* FilePDFManager.swift */; };
		3BD313E42C88FD56001CE5E7 /* DataViewModel.swift in Sources */ = {isa = PBXBuildFile; fileRef = 3BD313E32C88FD56001CE5E7 /* DataViewModel.swift */; };
		3BD40B2F2C6D3FB8004048FA /* ClientManager.swift in Sources */ = {isa = PBXBuildFile; fileRef = 3BD40B2E2C6D3FB8004048FA /* ClientManager.swift */; };
		3BD40B312C6D40FE004048FA /* LawyerManager.swift in Sources */ = {isa = PBXBuildFile; fileRef = 3BD40B302C6D40FE004048FA /* LawyerManager.swift */; };
		3BD40B332C6D41EC004048FA /* LawsuitManager.swift in Sources */ = {isa = PBXBuildFile; fileRef = 3BD40B322C6D41EC004048FA /* LawsuitManager.swift */; };
		3BD40B352C6D4384004048FA /* UpdateManager.swift in Sources */ = {isa = PBXBuildFile; fileRef = 3BD40B342C6D4384004048FA /* UpdateManager.swift */; };
		3BD40B382C6D454B004048FA /* ClientView.swift in Sources */ = {isa = PBXBuildFile; fileRef = 3BD40B372C6D454B004048FA /* ClientView.swift */; };
		3BD40B3B2C6D4624004048FA /* FolderExamples.swift in Sources */ = {isa = PBXBuildFile; fileRef = 3BD40B3A2C6D4624004048FA /* FolderExamples.swift */; };
		3BD40B402C6E5DD5004048FA /* FolderViewModel.swift in Sources */ = {isa = PBXBuildFile; fileRef = 3BD40B3F2C6E5DD5004048FA /* FolderViewModel.swift */; };
		3BD40B422C6E5E16004048FA /* FolderStack.swift in Sources */ = {isa = PBXBuildFile; fileRef = 3BD40B412C6E5E16004048FA /* FolderStack.swift */; };
		3BD40B6F2C6E76EC004048FA /* ClientListView.swift in Sources */ = {isa = PBXBuildFile; fileRef = 3BD40B6E2C6E76EC004048FA /* ClientListView.swift */; };
		3BDEFFCD2C8A4A6A00990528 /* Entity.swift in Sources */ = {isa = PBXBuildFile; fileRef = 3BDEFFCB2C8A4A6A00990528 /* Entity.swift */; };
		3BDEFFD02C8A4C5500990528 /* EntityManager.swift in Sources */ = {isa = PBXBuildFile; fileRef = 3BDEFFCF2C8A4C5500990528 /* EntityManager.swift */; };
		6A2A9DF12CADE2CA00177DFF /* ClientRowSelectView.swift in Sources */ = {isa = PBXBuildFile; fileRef = 6A2A9DF02CADE2CA00177DFF /* ClientRowSelectView.swift */; };
		6A2A9DF32CB064AC00177DFF /* LawsuitViewModel.swift in Sources */ = {isa = PBXBuildFile; fileRef = 6A2A9DF22CB064AC00177DFF /* LawsuitViewModel.swift */; };
		6A2C69002C6D4FA300E017EE /* Model.xcdatamodeld in Sources */ = {isa = PBXBuildFile; fileRef = 6A2C68FE2C6D4FA300E017EE /* Model.xcdatamodeld */; };
		6A4FE1672CB4801700A9E9AB /* TagViewPickerComponent.swift in Sources */ = {isa = PBXBuildFile; fileRef = 6A4FE1662CB4801700A9E9AB /* TagViewPickerComponent.swift */; };
		6A4FE1692CB5BE4C00A9E9AB /* ClientRowNotSelectView.swift in Sources */ = {isa = PBXBuildFile; fileRef = 6A4FE1682CB5BE4C00A9E9AB /* ClientRowNotSelectView.swift */; };
		6ABD796D2C6E962800A98BA3 /* CheckboxIconComponent.swift in Sources */ = {isa = PBXBuildFile; fileRef = 6ABD796C2C6E962800A98BA3 /* CheckboxIconComponent.swift */; };
		6ABD79712C6E990F00A98BA3 /* SelectClientComponent.swift in Sources */ = {isa = PBXBuildFile; fileRef = 6ABD79702C6E990F00A98BA3 /* SelectClientComponent.swift */; };
		6ABD79732C6EA05D00A98BA3 /* SearchBarCheckboxComponent.swift in Sources */ = {isa = PBXBuildFile; fileRef = 6ABD79722C6EA05D00A98BA3 /* SearchBarCheckboxComponent.swift */; };
		6ABD79752C78FB2100A98BA3 /* AddLawsuitView.swift in Sources */ = {isa = PBXBuildFile; fileRef = 6ABD79742C78FB2100A98BA3 /* AddLawsuitView.swift */; };
		6ABD79792C7918B600A98BA3 /* EditLawsuitAuthorComponent.swift in Sources */ = {isa = PBXBuildFile; fileRef = 6ABD79782C7918B600A98BA3 /* EditLawsuitAuthorComponent.swift */; };
		6ABD797B2C7CEA6C00A98BA3 /* SegmentedControlComponent.swift in Sources */ = {isa = PBXBuildFile; fileRef = 6ABD797A2C7CEA6C00A98BA3 /* SegmentedControlComponent.swift */; };
		6AC0BB062C7E5D7C00FAF3E6 /* LawsuitDistributedView.swift in Sources */ = {isa = PBXBuildFile; fileRef = 6AC0BB052C7E5D7C00FAF3E6 /* LawsuitDistributedView.swift */; };
		6AC0BB082C7E5DF000FAF3E6 /* LawsuitNotDistributedView.swift in Sources */ = {isa = PBXBuildFile; fileRef = 6AC0BB072C7E5DF000FAF3E6 /* LawsuitNotDistributedView.swift */; };
		6AC0BB0D2C7FB54800FAF3E6 /* SizeEnumerator.swift in Sources */ = {isa = PBXBuildFile; fileRef = 6AC0BB0C2C7FB54800FAF3E6 /* SizeEnumerator.swift */; };
		6AC0BB6A2C8F8B9600FAF3E6 /* AddressAPI.swift in Sources */ = {isa = PBXBuildFile; fileRef = 6AC0BB692C8F8B9600FAF3E6 /* AddressAPI.swift */; };
		6AC0BB6C2C8F8C5F00FAF3E6 /* AddressViewModel.swift in Sources */ = {isa = PBXBuildFile; fileRef = 6AC0BB6B2C8F8C5F00FAF3E6 /* AddressViewModel.swift */; };
		6AC0BB8D2C92318B00FAF3E6 /* DocumentListView.swift in Sources */ = {isa = PBXBuildFile; fileRef = 6AC0BB8C2C92318B00FAF3E6 /* DocumentListView.swift */; };
		6AC0BB8F2C9238CC00FAF3E6 /* DocumentView.swift in Sources */ = {isa = PBXBuildFile; fileRef = 6AC0BB8E2C9238CC00FAF3E6 /* DocumentView.swift */; };
		6AC0BB932C98C57800FAF3E6 /* DocumentActionButtonsView.swift in Sources */ = {isa = PBXBuildFile; fileRef = 6AC0BB922C98C57800FAF3E6 /* DocumentActionButtonsView.swift */; };
		6AC0BB952C9B850F00FAF3E6 /* FolderListView.swift in Sources */ = {isa = PBXBuildFile; fileRef = 6AC0BB942C9B850F00FAF3E6 /* FolderListView.swift */; };
		6AC0BB972C9DF11600FAF3E6 /* FilePDFListView.swift in Sources */ = {isa = PBXBuildFile; fileRef = 6AC0BB962C9DF11600FAF3E6 /* FilePDFListView.swift */; };
		DC1320E42C8F876600BBA8E0 /* TextFieldDataViewModel.swift in Sources */ = {isa = PBXBuildFile; fileRef = DC1320E32C8F876600BBA8E0 /* TextFieldDataViewModel.swift */; };
		DC1572BB2C6E96BB007815E1 /* PendentDocumentStyleView.swift in Sources */ = {isa = PBXBuildFile; fileRef = DC1572BA2C6E96BB007815E1 /* PendentDocumentStyleView.swift */; };
		DC1572BD2C6FE962007815E1 /* PendentDocumentView.swift in Sources */ = {isa = PBXBuildFile; fileRef = DC1572BC2C6FE962007815E1 /* PendentDocumentView.swift */; };
		DC1572BF2C73DE70007815E1 /* PendentClientDocumentStyle.swift in Sources */ = {isa = PBXBuildFile; fileRef = DC1572BE2C73DE70007815E1 /* PendentClientDocumentStyle.swift */; };
		DC1572C12C73E30F007815E1 /* PendentClientDocumentView.swift in Sources */ = {isa = PBXBuildFile; fileRef = DC1572C02C73E30F007815E1 /* PendentClientDocumentView.swift */; };
		DC2851E52CA74B200038A2E4 /* PathViewComponent.swift in Sources */ = {isa = PBXBuildFile; fileRef = DC2851E42CA74B200038A2E4 /* PathViewComponent.swift */; };
		DC401F9D2C931FE3006FC949 /* Alerts.swift in Sources */ = {isa = PBXBuildFile; fileRef = DC401F9C2C931FE3006FC949 /* Alerts.swift */; };
		DCC1BD302C77B23900000195 /* AddClientView.swift in Sources */ = {isa = PBXBuildFile; fileRef = DCC1BD2F2C77B23900000195 /* AddClientView.swift */; };
		DCC1BD322C77BAF700000195 /* AddClientProgressView.swift in Sources */ = {isa = PBXBuildFile; fileRef = DCC1BD312C77BAF700000195 /* AddClientProgressView.swift */; };
		DCDB96402C7E61C400817814 /* AddClientForm.swift in Sources */ = {isa = PBXBuildFile; fileRef = DCDB963F2C7E61C400817814 /* AddClientForm.swift */; };
		E93BCFA52C77D3B1007CF206 /* CloudTestingView.swift in Sources */ = {isa = PBXBuildFile; fileRef = E93BCFA42C77D3B1007CF206 /* CloudTestingView.swift */; };
		E93BCFA72C77D3DE007CF206 /* CloudManager.swift in Sources */ = {isa = PBXBuildFile; fileRef = E93BCFA62C77D3DE007CF206 /* CloudManager.swift */; };
		E93FFB0F2C98C949004F96FC /* EventMonitor.swift in Sources */ = {isa = PBXBuildFile; fileRef = E93FFB0E2C98C949004F96FC /* EventMonitor.swift */; };
		E94C015C2C9B6F7200F6316F /* SpotlightManager.swift in Sources */ = {isa = PBXBuildFile; fileRef = E94C015B2C9B6F7200F6316F /* SpotlightManager.swift */; };
		E94C015E2C9B70F400F6316F /* EntityWrappers.swift in Sources */ = {isa = PBXBuildFile; fileRef = E94C015D2C9B70F400F6316F /* EntityWrappers.swift */; };
		E94C01602CA1E23D00F6316F /* SpotlightView2.swift in Sources */ = {isa = PBXBuildFile; fileRef = E94C015F2CA1E23D00F6316F /* SpotlightView2.swift */; };
		E94C01622CA1E28300F6316F /* SpotlightSearchBarView2.swift in Sources */ = {isa = PBXBuildFile; fileRef = E94C01612CA1E28300F6316F /* SpotlightSearchBarView2.swift */; };
		E94C01642CA1E2AE00F6316F /* CoreDataModelsEnumerator2.swift in Sources */ = {isa = PBXBuildFile; fileRef = E94C01632CA1E2AE00F6316F /* CoreDataModelsEnumerator2.swift */; };
		E94C01662CA1E2C100F6316F /* EventMonitorProtocol2.swift in Sources */ = {isa = PBXBuildFile; fileRef = E94C01652CA1E2C100F6316F /* EventMonitorProtocol2.swift */; };
		E94C01682CA1E2D800F6316F /* AppDelegate2.swift in Sources */ = {isa = PBXBuildFile; fileRef = E94C01672CA1E2D800F6316F /* AppDelegate2.swift */; };
		E981580F2C77A2680039C2FD /* RecordManager.swift in Sources */ = {isa = PBXBuildFile; fileRef = E981580E2C77A2680039C2FD /* RecordManager.swift */; };
		E9A949BA2C7CFB310006BC99 /* CloudDataConverter.swift in Sources */ = {isa = PBXBuildFile; fileRef = E9A949B92C7CFB310006BC99 /* CloudDataConverter.swift */; };
		E9A949BC2C7E3DE00006BC99 /* TextStyles.swift in Sources */ = {isa = PBXBuildFile; fileRef = E9A949BB2C7E3DE00006BC99 /* TextStyles.swift */; };
		E9A949BE2C7E46640006BC99 /* TagViewComponent.swift in Sources */ = {isa = PBXBuildFile; fileRef = E9A949BD2C7E46640006BC99 /* TagViewComponent.swift */; };
		E9E323E22C7FB6F3000BA6FD /* ClientMoreInfoView.swift in Sources */ = {isa = PBXBuildFile; fileRef = E9E323E12C7FB6F3000BA6FD /* ClientMoreInfoView.swift */; };
		E9E323E42C80EA12000BA6FD /* DetailedLawSuitView.swift in Sources */ = {isa = PBXBuildFile; fileRef = E9E323E32C80EA12000BA6FD /* DetailedLawSuitView.swift */; };
		E9F3A4242C86325E00595150 /* CoreCloudTestingView.swift in Sources */ = {isa = PBXBuildFile; fileRef = E9F3A4232C86325E00595150 /* CoreCloudTestingView.swift */; };
		E9F3A4262C87755800595150 /* QueryEnumerator.swift in Sources */ = {isa = PBXBuildFile; fileRef = E9F3A4252C87755800595150 /* QueryEnumerator.swift */; };
		E9F3A4282C8775CB00595150 /* TextRecognizer.swift in Sources */ = {isa = PBXBuildFile; fileRef = E9F3A4272C8775CB00595150 /* TextRecognizer.swift */; };
		E9F3A42A2C87795000595150 /* OCRTestingView.swift in Sources */ = {isa = PBXBuildFile; fileRef = E9F3A4292C87795000595150 /* OCRTestingView.swift */; };
		E9F3A4302C87AF6000595150 /* ContactsManager.swift in Sources */ = {isa = PBXBuildFile; fileRef = E9F3A42F2C87AF6000595150 /* ContactsManager.swift */; };
		FD7EBBB52CA5C84600C44ECA /* VisualEffects.swift in Sources */ = {isa = PBXBuildFile; fileRef = FD7EBBB42CA5C84600C44ECA /* VisualEffects.swift */; };
/* End PBXBuildFile section */

/* Begin PBXContainerItemProxy section */
		3B98F11A2C668B1100C45121 /* PBXContainerItemProxy */ = {
			isa = PBXContainerItemProxy;
			containerPortal = 3B98F1002C668B1000C45121 /* Project object */;
			proxyType = 1;
			remoteGlobalIDString = 3B98F1072C668B1000C45121;
			remoteInfo = LawSuit;
		};
		3B98F1242C668B1100C45121 /* PBXContainerItemProxy */ = {
			isa = PBXContainerItemProxy;
			containerPortal = 3B98F1002C668B1000C45121 /* Project object */;
			proxyType = 1;
			remoteGlobalIDString = 3B98F1072C668B1000C45121;
			remoteInfo = LawSuit;
		};
/* End PBXContainerItemProxy section */

/* Begin PBXCopyFilesBuildPhase section */
		FD7EBBBE2CA5EA5600C44ECA /* Embed Frameworks */ = {
			isa = PBXCopyFilesBuildPhase;
			buildActionMask = 2147483647;
			dstPath = "";
			dstSubfolderSpec = 10;
			files = (
			);
			name = "Embed Frameworks";
			runOnlyForDeploymentPostprocessing = 0;
		};
/* End PBXCopyFilesBuildPhase section */

/* Begin PBXFileReference section */
		08079F222CA4A1F4004EDF98 /* RequestDocumentsView.swift */ = {isa = PBXFileReference; lastKnownFileType = sourcecode.swift; path = RequestDocumentsView.swift; sourceTree = "<group>"; };
		08079F252CA5EFCB004EDF98 /* MailMessageEnum.swift */ = {isa = PBXFileReference; lastKnownFileType = sourcecode.swift; path = MailMessageEnum.swift; sourceTree = "<group>"; };
		084D404F2C8A4AAE00C96111 /* LawSuit.app */ = {isa = PBXFileReference; explicitFileType = wrapper.application; includeInIndex = 0; path = LawSuit.app; sourceTree = BUILT_PRODUCTS_DIR; };
		084D40502C8A4AAE00C96111 /* LawSuitTests.xctest */ = {isa = PBXFileReference; explicitFileType = wrapper.cfbundle; includeInIndex = 0; path = LawSuitTests.xctest; sourceTree = BUILT_PRODUCTS_DIR; };
		084D40512C8A4AAE00C96111 /* LawSuitUITests.xctest */ = {isa = PBXFileReference; explicitFileType = wrapper.cfbundle; includeInIndex = 0; path = LawSuitUITests.xctest; sourceTree = BUILT_PRODUCTS_DIR; };
		0897CB392C8BA21D00B488A9 /* MailManager.swift */ = {isa = PBXFileReference; lastKnownFileType = sourcecode.swift; path = MailManager.swift; sourceTree = "<group>"; };
		0898CE4A2C7FBDED004CC1A5 /* LawsuitNameCellComponent.swift */ = {isa = PBXFileReference; lastKnownFileType = sourcecode.swift; path = LawsuitNameCellComponent.swift; sourceTree = "<group>"; };
		089B8A9B2C9E312D00FEBCAB /* CoreDataStackTests.swift */ = {isa = PBXFileReference; lastKnownFileType = sourcecode.swift; path = CoreDataStackTests.swift; sourceTree = "<group>"; };
		08A2B0C42C8F752000719571 /* LawsuitNetworkingService.swift */ = {isa = PBXFileReference; lastKnownFileType = sourcecode.swift; path = LawsuitNetworkingService.swift; sourceTree = "<group>"; };
		08A2B0C62C8F760F00719571 /* SegmentosDoJudiciario.swift */ = {isa = PBXFileReference; lastKnownFileType = sourcecode.swift; path = SegmentosDoJudiciario.swift; sourceTree = "<group>"; };
		08A2B0CA2C8F963B00719571 /* SegmentosEnums.swift */ = {isa = PBXFileReference; lastKnownFileType = sourcecode.swift; path = SegmentosEnums.swift; sourceTree = "<group>"; };
		08A2B0D42C92142E00719571 /* LawsuitErrors.swift */ = {isa = PBXFileReference; lastKnownFileType = sourcecode.swift; path = LawsuitErrors.swift; sourceTree = "<group>"; };
		08A2B0D92C935AE200719571 /* String+.swift */ = {isa = PBXFileReference; lastKnownFileType = sourcecode.swift; path = "String+.swift"; sourceTree = "<group>"; };
		08A2B0DB2C9380AD00719571 /* NetworkingManager.swift */ = {isa = PBXFileReference; lastKnownFileType = sourcecode.swift; path = NetworkingManager.swift; sourceTree = "<group>"; };
		08A2B0DD2C938D7B00719571 /* LawsuitNetworkingViewModel.swift */ = {isa = PBXFileReference; lastKnownFileType = sourcecode.swift; path = LawsuitNetworkingViewModel.swift; sourceTree = "<group>"; };
		08A2B0DF2C93AEFF00719571 /* AuthenticationManager.swift */ = {isa = PBXFileReference; lastKnownFileType = sourcecode.swift; path = AuthenticationManager.swift; sourceTree = "<group>"; };
		08A2B0E12C93B01400719571 /* KeychainHelper.swift */ = {isa = PBXFileReference; lastKnownFileType = sourcecode.swift; path = KeychainHelper.swift; sourceTree = "<group>"; };
		08A2B0E32C9486CA00719571 /* Date+.swift */ = {isa = PBXFileReference; lastKnownFileType = sourcecode.swift; path = "Date+.swift"; sourceTree = "<group>"; };
		08A2B0E62C99ED8D00719571 /* LawsuitNetworkingServiceTests.swift */ = {isa = PBXFileReference; lastKnownFileType = sourcecode.swift; path = LawsuitNetworkingServiceTests.swift; sourceTree = "<group>"; };
		08A2B0E82C9E1C8A00719571 /* LawsuitNetworkingViewModelTests.swift */ = {isa = PBXFileReference; lastKnownFileType = sourcecode.swift; path = LawsuitNetworkingViewModelTests.swift; sourceTree = "<group>"; };
		08B381A72CAB1B31002F2041 /* LawsuitFoldersHeaderComponent.swift */ = {isa = PBXFileReference; lastKnownFileType = sourcecode.swift; path = LawsuitFoldersHeaderComponent.swift; sourceTree = "<group>"; };
		08B381A92CAB389D002F2041 /* MovimentationBlock.swift */ = {isa = PBXFileReference; lastKnownFileType = sourcecode.swift; path = MovimentationBlock.swift; sourceTree = "<group>"; };
		08B382072CB44F98002F2041 /* Info.plist */ = {isa = PBXFileReference; lastKnownFileType = text.plist.xml; path = Info.plist; sourceTree = "<group>"; };
		08E6572A2C7909FF00313FCB /* EditClientView.swift */ = {isa = PBXFileReference; lastKnownFileType = sourcecode.swift; path = EditClientView.swift; sourceTree = "<group>"; };
		08E6572C2C790B5B00313FCB /* LabeledTextField.swift */ = {isa = PBXFileReference; lastKnownFileType = sourcecode.swift; path = LabeledTextField.swift; sourceTree = "<group>"; };
		08E6572F2C792A1200313FCB /* EditClientViewFormsFields.swift */ = {isa = PBXFileReference; lastKnownFileType = sourcecode.swift; path = EditClientViewFormsFields.swift; sourceTree = "<group>"; };
		08E657312C7D08A800313FCB /* LabeledDateField.swift */ = {isa = PBXFileReference; lastKnownFileType = sourcecode.swift; path = LabeledDateField.swift; sourceTree = "<group>"; };
		08E657332C7D08D800313FCB /* LabeledPickerField.swift */ = {isa = PBXFileReference; lastKnownFileType = sourcecode.swift; path = LabeledPickerField.swift; sourceTree = "<group>"; };
		08E6573A2C7E60F900313FCB /* CustomSegmentedControl.swift */ = {isa = PBXFileReference; lastKnownFileType = sourcecode.swift; path = CustomSegmentedControl.swift; sourceTree = "<group>"; };
		08E8D1FF2C87ACDA008F3859 /* LawsuitCellComponent.swift */ = {isa = PBXFileReference; lastKnownFileType = sourcecode.swift; path = LawsuitCellComponent.swift; sourceTree = "<group>"; };
		08E8D2012C87AF11008F3859 /* LawsuitListView.swift */ = {isa = PBXFileReference; lastKnownFileType = sourcecode.swift; path = LawsuitListView.swift; sourceTree = "<group>"; };
		08E8D2032C88981F008F3859 /* LawsuitListViewHeaderContent.swift */ = {isa = PBXFileReference; lastKnownFileType = sourcecode.swift; path = LawsuitListViewHeaderContent.swift; sourceTree = "<group>"; };
		3B04F11C2C7FB9B600991746 /* ClientInfoView.swift */ = {isa = PBXFileReference; lastKnownFileType = sourcecode.swift; path = ClientInfoView.swift; sourceTree = "<group>"; };
		3B0A7AD02C7D16AA005A5946 /* NetworkMonitorViewModel.swift */ = {isa = PBXFileReference; lastKnownFileType = sourcecode.swift; path = NetworkMonitorViewModel.swift; sourceTree = "<group>"; };
		3B0EE5F62C6A90F100CFC91A /* CoreDataManager.swift */ = {isa = PBXFileReference; lastKnownFileType = sourcecode.swift; path = CoreDataManager.swift; sourceTree = "<group>"; };
		3B24D4A02C73781F00CCA763 /* Folder.swift */ = {isa = PBXFileReference; lastKnownFileType = sourcecode.swift; path = Folder.swift; sourceTree = "<group>"; };
		3B24D4A22C73781F00CCA763 /* Lawsuit.swift */ = {isa = PBXFileReference; lastKnownFileType = sourcecode.swift; path = Lawsuit.swift; sourceTree = "<group>"; };
		3B24D4A42C73781F00CCA763 /* Client.swift */ = {isa = PBXFileReference; lastKnownFileType = sourcecode.swift; path = Client.swift; sourceTree = "<group>"; };
		3B24D4A62C73781F00CCA763 /* FilePDF.swift */ = {isa = PBXFileReference; lastKnownFileType = sourcecode.swift; path = FilePDF.swift; sourceTree = "<group>"; };
		3B24D4A82C73781F00CCA763 /* Update.swift */ = {isa = PBXFileReference; lastKnownFileType = sourcecode.swift; path = Update.swift; sourceTree = "<group>"; };
		3B24D4AA2C73781F00CCA763 /* Lawyer.swift */ = {isa = PBXFileReference; lastKnownFileType = sourcecode.swift; path = Lawyer.swift; sourceTree = "<group>"; };
		3B406F9D2C8895BA00160ADE /* NavigationViewModel.swift */ = {isa = PBXFileReference; lastKnownFileType = sourcecode.swift; path = NavigationViewModel.swift; sourceTree = "<group>"; };
		3B423E7B2C80E2CF005B1B7F /* DocumentGridView.swift */ = {isa = PBXFileReference; fileEncoding = 4; lastKnownFileType = sourcecode.swift; path = DocumentGridView.swift; sourceTree = "<group>"; };
		3B423E7D2C80E2D8005B1B7F /* FolderView.swift */ = {isa = PBXFileReference; fileEncoding = 4; lastKnownFileType = sourcecode.swift; path = FolderView.swift; sourceTree = "<group>"; };
		3B423E7F2C80E2E1005B1B7F /* FilePDFGridView.swift */ = {isa = PBXFileReference; fileEncoding = 4; lastKnownFileType = sourcecode.swift; path = FilePDFGridView.swift; sourceTree = "<group>"; };
		3B423E822C80E613005B1B7F /* FolderIconView.swift */ = {isa = PBXFileReference; fileEncoding = 4; lastKnownFileType = sourcecode.swift; path = FolderIconView.swift; sourceTree = "<group>"; };
		3B6167FF2C7E43AC00260585 /* SideBarView.swift */ = {isa = PBXFileReference; lastKnownFileType = sourcecode.swift; path = SideBarView.swift; sourceTree = "<group>"; };
		3B6168012C7E45CE00260585 /* Sections.swift */ = {isa = PBXFileReference; lastKnownFileType = sourcecode.swift; path = Sections.swift; sourceTree = "<group>"; };
		3B6AB54A2CB712D2000C0FF0 /* AddPhotoButton.swift */ = {isa = PBXFileReference; lastKnownFileType = sourcecode.swift; path = AddPhotoButton.swift; sourceTree = "<group>"; };
		3B7642072CB843B700196914 /* RemovePhotoButton.swift */ = {isa = PBXFileReference; lastKnownFileType = sourcecode.swift; path = RemovePhotoButton.swift; sourceTree = "<group>"; };
		3B88A41C2C82369400DA111E /* EditLawSuitView.swift */ = {isa = PBXFileReference; lastKnownFileType = sourcecode.swift; path = EditLawSuitView.swift; sourceTree = "<group>"; };
		3B98F10B2C668B1000C45121 /* LawSuitApp.swift */ = {isa = PBXFileReference; lastKnownFileType = sourcecode.swift; path = LawSuitApp.swift; sourceTree = "<group>"; };
		3B98F10D2C668B1000C45121 /* ContentView.swift */ = {isa = PBXFileReference; lastKnownFileType = sourcecode.swift; path = ContentView.swift; sourceTree = "<group>"; };
		3B98F10F2C668B1100C45121 /* Assets.xcassets */ = {isa = PBXFileReference; lastKnownFileType = folder.assetcatalog; path = Assets.xcassets; sourceTree = "<group>"; };
		3B98F1122C668B1100C45121 /* Preview Assets.xcassets */ = {isa = PBXFileReference; lastKnownFileType = folder.assetcatalog; path = "Preview Assets.xcassets"; sourceTree = "<group>"; };
		3B98F1142C668B1100C45121 /* LawSuit.entitlements */ = {isa = PBXFileReference; lastKnownFileType = text.plist.entitlements; path = LawSuit.entitlements; sourceTree = "<group>"; };
		3B98F11D2C668B1100C45121 /* LawSuitTests.swift */ = {isa = PBXFileReference; lastKnownFileType = sourcecode.swift; path = LawSuitTests.swift; sourceTree = "<group>"; };
		3B98F1272C668B1100C45121 /* LawSuitUITests.swift */ = {isa = PBXFileReference; lastKnownFileType = sourcecode.swift; path = LawSuitUITests.swift; sourceTree = "<group>"; };
		3B98F1292C668B1100C45121 /* LawSuitUITestsLaunchTests.swift */ = {isa = PBXFileReference; lastKnownFileType = sourcecode.swift; path = LawSuitUITestsLaunchTests.swift; sourceTree = "<group>"; };
		3BAF94C52C739BE7001FCA45 /* DragAndDropViewModel.swift */ = {isa = PBXFileReference; lastKnownFileType = sourcecode.swift; path = DragAndDropViewModel.swift; sourceTree = "<group>"; };
		3BAF94CB2C73D5BF001FCA45 /* FilePDFIconView.swift */ = {isa = PBXFileReference; lastKnownFileType = sourcecode.swift; path = FilePDFIconView.swift; sourceTree = "<group>"; };
		3BAF94CD2C73DB7C001FCA45 /* PDFKitView.swift */ = {isa = PBXFileReference; lastKnownFileType = sourcecode.swift; path = PDFKitView.swift; sourceTree = "<group>"; };
		3BAF94CF2C73DC0F001FCA45 /* OpenFilePDFView.swift */ = {isa = PBXFileReference; lastKnownFileType = sourcecode.swift; path = OpenFilePDFView.swift; sourceTree = "<group>"; };
		3BB9A3472C84F35300AD1E30 /* TagViewComponentV1.swift */ = {isa = PBXFileReference; lastKnownFileType = sourcecode.swift; path = TagViewComponentV1.swift; sourceTree = "<group>"; };
		3BB9A3492C84F36800AD1E30 /* TagViewComponentV2.swift */ = {isa = PBXFileReference; lastKnownFileType = sourcecode.swift; path = TagViewComponentV2.swift; sourceTree = "<group>"; };
		3BB9A34B2C84F37300AD1E30 /* TagViewComponentV3.swift */ = {isa = PBXFileReference; lastKnownFileType = sourcecode.swift; path = TagViewComponentV3.swift; sourceTree = "<group>"; };
		3BB9A34D2C84F37A00AD1E30 /* TagViewComponentV4.swift */ = {isa = PBXFileReference; lastKnownFileType = sourcecode.swift; path = TagViewComponentV4.swift; sourceTree = "<group>"; };
		3BB9A34F2C84F38000AD1E30 /* TagViewComponentV5.swift */ = {isa = PBXFileReference; lastKnownFileType = sourcecode.swift; path = TagViewComponentV5.swift; sourceTree = "<group>"; };
		3BC731012C6A997E00923BB2 /* FolderManager.swift */ = {isa = PBXFileReference; lastKnownFileType = sourcecode.swift; path = FolderManager.swift; sourceTree = "<group>"; };
		3BC731032C6A9A9200923BB2 /* FilePDFManager.swift */ = {isa = PBXFileReference; lastKnownFileType = sourcecode.swift; path = FilePDFManager.swift; sourceTree = "<group>"; };
		3BD313E32C88FD56001CE5E7 /* DataViewModel.swift */ = {isa = PBXFileReference; lastKnownFileType = sourcecode.swift; path = DataViewModel.swift; sourceTree = "<group>"; };
		3BD40B2E2C6D3FB8004048FA /* ClientManager.swift */ = {isa = PBXFileReference; lastKnownFileType = sourcecode.swift; path = ClientManager.swift; sourceTree = "<group>"; };
		3BD40B302C6D40FE004048FA /* LawyerManager.swift */ = {isa = PBXFileReference; lastKnownFileType = sourcecode.swift; path = LawyerManager.swift; sourceTree = "<group>"; };
		3BD40B322C6D41EC004048FA /* LawsuitManager.swift */ = {isa = PBXFileReference; lastKnownFileType = sourcecode.swift; path = LawsuitManager.swift; sourceTree = "<group>"; };
		3BD40B342C6D4384004048FA /* UpdateManager.swift */ = {isa = PBXFileReference; lastKnownFileType = sourcecode.swift; path = UpdateManager.swift; sourceTree = "<group>"; };
		3BD40B372C6D454B004048FA /* ClientView.swift */ = {isa = PBXFileReference; lastKnownFileType = sourcecode.swift; path = ClientView.swift; sourceTree = "<group>"; };
		3BD40B3A2C6D4624004048FA /* FolderExamples.swift */ = {isa = PBXFileReference; lastKnownFileType = sourcecode.swift; path = FolderExamples.swift; sourceTree = "<group>"; };
		3BD40B3F2C6E5DD5004048FA /* FolderViewModel.swift */ = {isa = PBXFileReference; lastKnownFileType = sourcecode.swift; path = FolderViewModel.swift; sourceTree = "<group>"; };
		3BD40B412C6E5E16004048FA /* FolderStack.swift */ = {isa = PBXFileReference; lastKnownFileType = sourcecode.swift; path = FolderStack.swift; sourceTree = "<group>"; };
		3BD40B6E2C6E76EC004048FA /* ClientListView.swift */ = {isa = PBXFileReference; lastKnownFileType = sourcecode.swift; path = ClientListView.swift; sourceTree = "<group>"; };
		3BDEFFCB2C8A4A6A00990528 /* Entity.swift */ = {isa = PBXFileReference; lastKnownFileType = sourcecode.swift; path = Entity.swift; sourceTree = "<group>"; };
		3BDEFFCF2C8A4C5500990528 /* EntityManager.swift */ = {isa = PBXFileReference; lastKnownFileType = sourcecode.swift; path = EntityManager.swift; sourceTree = "<group>"; };
		6A2A9DF02CADE2CA00177DFF /* ClientRowSelectView.swift */ = {isa = PBXFileReference; lastKnownFileType = sourcecode.swift; path = ClientRowSelectView.swift; sourceTree = "<group>"; };
		6A2A9DF22CB064AC00177DFF /* LawsuitViewModel.swift */ = {isa = PBXFileReference; lastKnownFileType = sourcecode.swift; path = LawsuitViewModel.swift; sourceTree = "<group>"; };
		6A2C68FF2C6D4FA300E017EE /* Model.xcdatamodel */ = {isa = PBXFileReference; lastKnownFileType = wrapper.xcdatamodel; path = Model.xcdatamodel; sourceTree = "<group>"; };
		6A4FE1662CB4801700A9E9AB /* TagViewPickerComponent.swift */ = {isa = PBXFileReference; lastKnownFileType = sourcecode.swift; path = TagViewPickerComponent.swift; sourceTree = "<group>"; };
		6A4FE1682CB5BE4C00A9E9AB /* ClientRowNotSelectView.swift */ = {isa = PBXFileReference; lastKnownFileType = sourcecode.swift; path = ClientRowNotSelectView.swift; sourceTree = "<group>"; };
		6ABD796C2C6E962800A98BA3 /* CheckboxIconComponent.swift */ = {isa = PBXFileReference; lastKnownFileType = sourcecode.swift; path = CheckboxIconComponent.swift; sourceTree = "<group>"; };
		6ABD79702C6E990F00A98BA3 /* SelectClientComponent.swift */ = {isa = PBXFileReference; lastKnownFileType = sourcecode.swift; path = SelectClientComponent.swift; sourceTree = "<group>"; };
		6ABD79722C6EA05D00A98BA3 /* SearchBarCheckboxComponent.swift */ = {isa = PBXFileReference; lastKnownFileType = sourcecode.swift; path = SearchBarCheckboxComponent.swift; sourceTree = "<group>"; };
		6ABD79742C78FB2100A98BA3 /* AddLawsuitView.swift */ = {isa = PBXFileReference; lastKnownFileType = sourcecode.swift; path = AddLawsuitView.swift; sourceTree = "<group>"; };
		6ABD79782C7918B600A98BA3 /* EditLawsuitAuthorComponent.swift */ = {isa = PBXFileReference; lastKnownFileType = sourcecode.swift; path = EditLawsuitAuthorComponent.swift; sourceTree = "<group>"; };
		6ABD797A2C7CEA6C00A98BA3 /* SegmentedControlComponent.swift */ = {isa = PBXFileReference; lastKnownFileType = sourcecode.swift; path = SegmentedControlComponent.swift; sourceTree = "<group>"; };
		6AC0BB052C7E5D7C00FAF3E6 /* LawsuitDistributedView.swift */ = {isa = PBXFileReference; lastKnownFileType = sourcecode.swift; path = LawsuitDistributedView.swift; sourceTree = "<group>"; };
		6AC0BB072C7E5DF000FAF3E6 /* LawsuitNotDistributedView.swift */ = {isa = PBXFileReference; lastKnownFileType = sourcecode.swift; path = LawsuitNotDistributedView.swift; sourceTree = "<group>"; };
		6AC0BB0C2C7FB54800FAF3E6 /* SizeEnumerator.swift */ = {isa = PBXFileReference; lastKnownFileType = sourcecode.swift; path = SizeEnumerator.swift; sourceTree = "<group>"; };
		6AC0BB692C8F8B9600FAF3E6 /* AddressAPI.swift */ = {isa = PBXFileReference; lastKnownFileType = sourcecode.swift; path = AddressAPI.swift; sourceTree = "<group>"; };
		6AC0BB6B2C8F8C5F00FAF3E6 /* AddressViewModel.swift */ = {isa = PBXFileReference; lastKnownFileType = sourcecode.swift; path = AddressViewModel.swift; sourceTree = "<group>"; };
		6AC0BB8C2C92318B00FAF3E6 /* DocumentListView.swift */ = {isa = PBXFileReference; lastKnownFileType = sourcecode.swift; path = DocumentListView.swift; sourceTree = "<group>"; };
		6AC0BB8E2C9238CC00FAF3E6 /* DocumentView.swift */ = {isa = PBXFileReference; lastKnownFileType = sourcecode.swift; path = DocumentView.swift; sourceTree = "<group>"; };
		6AC0BB922C98C57800FAF3E6 /* DocumentActionButtonsView.swift */ = {isa = PBXFileReference; lastKnownFileType = sourcecode.swift; path = DocumentActionButtonsView.swift; sourceTree = "<group>"; };
		6AC0BB942C9B850F00FAF3E6 /* FolderListView.swift */ = {isa = PBXFileReference; lastKnownFileType = sourcecode.swift; path = FolderListView.swift; sourceTree = "<group>"; };
		6AC0BB962C9DF11600FAF3E6 /* FilePDFListView.swift */ = {isa = PBXFileReference; lastKnownFileType = sourcecode.swift; path = FilePDFListView.swift; sourceTree = "<group>"; };
		DC1320E32C8F876600BBA8E0 /* TextFieldDataViewModel.swift */ = {isa = PBXFileReference; lastKnownFileType = sourcecode.swift; path = TextFieldDataViewModel.swift; sourceTree = "<group>"; };
		DC1572BA2C6E96BB007815E1 /* PendentDocumentStyleView.swift */ = {isa = PBXFileReference; lastKnownFileType = sourcecode.swift; path = PendentDocumentStyleView.swift; sourceTree = "<group>"; };
		DC1572BC2C6FE962007815E1 /* PendentDocumentView.swift */ = {isa = PBXFileReference; lastKnownFileType = sourcecode.swift; path = PendentDocumentView.swift; sourceTree = "<group>"; };
		DC1572BE2C73DE70007815E1 /* PendentClientDocumentStyle.swift */ = {isa = PBXFileReference; lastKnownFileType = sourcecode.swift; path = PendentClientDocumentStyle.swift; sourceTree = "<group>"; };
		DC1572C02C73E30F007815E1 /* PendentClientDocumentView.swift */ = {isa = PBXFileReference; lastKnownFileType = sourcecode.swift; path = PendentClientDocumentView.swift; sourceTree = "<group>"; };
		DC2851E42CA74B200038A2E4 /* PathViewComponent.swift */ = {isa = PBXFileReference; lastKnownFileType = sourcecode.swift; path = PathViewComponent.swift; sourceTree = "<group>"; };
		DC401F9C2C931FE3006FC949 /* Alerts.swift */ = {isa = PBXFileReference; lastKnownFileType = sourcecode.swift; path = Alerts.swift; sourceTree = "<group>"; };
		DCC1BD2F2C77B23900000195 /* AddClientView.swift */ = {isa = PBXFileReference; lastKnownFileType = sourcecode.swift; path = AddClientView.swift; sourceTree = "<group>"; };
		DCC1BD312C77BAF700000195 /* AddClientProgressView.swift */ = {isa = PBXFileReference; lastKnownFileType = sourcecode.swift; path = AddClientProgressView.swift; sourceTree = "<group>"; };
		DCDB963F2C7E61C400817814 /* AddClientForm.swift */ = {isa = PBXFileReference; lastKnownFileType = sourcecode.swift; path = AddClientForm.swift; sourceTree = "<group>"; };
		E93BCFA42C77D3B1007CF206 /* CloudTestingView.swift */ = {isa = PBXFileReference; lastKnownFileType = sourcecode.swift; path = CloudTestingView.swift; sourceTree = "<group>"; };
		E93BCFA62C77D3DE007CF206 /* CloudManager.swift */ = {isa = PBXFileReference; lastKnownFileType = sourcecode.swift; path = CloudManager.swift; sourceTree = "<group>"; };
		E93FFB0E2C98C949004F96FC /* EventMonitor.swift */ = {isa = PBXFileReference; lastKnownFileType = sourcecode.swift; path = EventMonitor.swift; sourceTree = "<group>"; };
		E94C015B2C9B6F7200F6316F /* SpotlightManager.swift */ = {isa = PBXFileReference; lastKnownFileType = sourcecode.swift; path = SpotlightManager.swift; sourceTree = "<group>"; };
		E94C015D2C9B70F400F6316F /* EntityWrappers.swift */ = {isa = PBXFileReference; lastKnownFileType = sourcecode.swift; path = EntityWrappers.swift; sourceTree = "<group>"; };
		E94C015F2CA1E23D00F6316F /* SpotlightView2.swift */ = {isa = PBXFileReference; lastKnownFileType = sourcecode.swift; path = SpotlightView2.swift; sourceTree = "<group>"; };
		E94C01612CA1E28300F6316F /* SpotlightSearchBarView2.swift */ = {isa = PBXFileReference; lastKnownFileType = sourcecode.swift; path = SpotlightSearchBarView2.swift; sourceTree = "<group>"; };
		E94C01632CA1E2AE00F6316F /* CoreDataModelsEnumerator2.swift */ = {isa = PBXFileReference; lastKnownFileType = sourcecode.swift; path = CoreDataModelsEnumerator2.swift; sourceTree = "<group>"; };
		E94C01652CA1E2C100F6316F /* EventMonitorProtocol2.swift */ = {isa = PBXFileReference; lastKnownFileType = sourcecode.swift; path = EventMonitorProtocol2.swift; sourceTree = "<group>"; };
		E94C01672CA1E2D800F6316F /* AppDelegate2.swift */ = {isa = PBXFileReference; lastKnownFileType = sourcecode.swift; path = AppDelegate2.swift; sourceTree = "<group>"; };
		E981580E2C77A2680039C2FD /* RecordManager.swift */ = {isa = PBXFileReference; lastKnownFileType = sourcecode.swift; path = RecordManager.swift; sourceTree = "<group>"; };
		E9A949B92C7CFB310006BC99 /* CloudDataConverter.swift */ = {isa = PBXFileReference; lastKnownFileType = sourcecode.swift; path = CloudDataConverter.swift; sourceTree = "<group>"; };
		E9A949BB2C7E3DE00006BC99 /* TextStyles.swift */ = {isa = PBXFileReference; lastKnownFileType = sourcecode.swift; path = TextStyles.swift; sourceTree = "<group>"; };
		E9A949BD2C7E46640006BC99 /* TagViewComponent.swift */ = {isa = PBXFileReference; lastKnownFileType = sourcecode.swift; path = TagViewComponent.swift; sourceTree = "<group>"; };
		E9E323E12C7FB6F3000BA6FD /* ClientMoreInfoView.swift */ = {isa = PBXFileReference; lastKnownFileType = sourcecode.swift; path = ClientMoreInfoView.swift; sourceTree = "<group>"; };
		E9E323E32C80EA12000BA6FD /* DetailedLawSuitView.swift */ = {isa = PBXFileReference; lastKnownFileType = sourcecode.swift; path = DetailedLawSuitView.swift; sourceTree = "<group>"; };
		E9F3A4232C86325E00595150 /* CoreCloudTestingView.swift */ = {isa = PBXFileReference; lastKnownFileType = sourcecode.swift; path = CoreCloudTestingView.swift; sourceTree = "<group>"; };
		E9F3A4252C87755800595150 /* QueryEnumerator.swift */ = {isa = PBXFileReference; lastKnownFileType = sourcecode.swift; path = QueryEnumerator.swift; sourceTree = "<group>"; };
		E9F3A4272C8775CB00595150 /* TextRecognizer.swift */ = {isa = PBXFileReference; lastKnownFileType = sourcecode.swift; path = TextRecognizer.swift; sourceTree = "<group>"; };
		E9F3A4292C87795000595150 /* OCRTestingView.swift */ = {isa = PBXFileReference; lastKnownFileType = sourcecode.swift; path = OCRTestingView.swift; sourceTree = "<group>"; };
		E9F3A42F2C87AF6000595150 /* ContactsManager.swift */ = {isa = PBXFileReference; lastKnownFileType = sourcecode.swift; path = ContactsManager.swift; sourceTree = "<group>"; };
		FD7EBBB42CA5C84600C44ECA /* VisualEffects.swift */ = {isa = PBXFileReference; lastKnownFileType = sourcecode.swift; path = VisualEffects.swift; sourceTree = "<group>"; };
/* End PBXFileReference section */

/* Begin PBXFrameworksBuildPhase section */
		3B98F1052C668B1000C45121 /* Frameworks */ = {
			isa = PBXFrameworksBuildPhase;
			buildActionMask = 2147483647;
			files = (
				08B3820B2CB44FDA002F2041 /* HotKey in Frameworks */,
				089B8A9E2CA1F5B100FEBCAB /* (null) in Frameworks */,
			);
			runOnlyForDeploymentPostprocessing = 0;
		};
		3B98F1162C668B1100C45121 /* Frameworks */ = {
			isa = PBXFrameworksBuildPhase;
			buildActionMask = 2147483647;
			files = (
			);
			runOnlyForDeploymentPostprocessing = 0;
		};
		3B98F1202C668B1100C45121 /* Frameworks */ = {
			isa = PBXFrameworksBuildPhase;
			buildActionMask = 2147483647;
			files = (
			);
			runOnlyForDeploymentPostprocessing = 0;
		};
/* End PBXFrameworksBuildPhase section */

/* Begin PBXGroup section */
		08079F242CA5EFB0004EDF98 /* Mail */ = {
			isa = PBXGroup;
			children = (
				08079F252CA5EFCB004EDF98 /* MailMessageEnum.swift */,
			);
			path = Mail;
			sourceTree = "<group>";
		};
		08A2B0C02C8F730500719571 /* Networking */ = {
			isa = PBXGroup;
			children = (
				08A2B0DB2C9380AD00719571 /* NetworkingManager.swift */,
				08A2B0D12C92103200719571 /* NetworkingServices */,
				08A2B0C12C8F743E00719571 /* Endpoints */,
				08A2B0D42C92142E00719571 /* LawsuitErrors.swift */,
			);
			path = Networking;
			sourceTree = "<group>";
		};
		08A2B0C12C8F743E00719571 /* Endpoints */ = {
			isa = PBXGroup;
			children = (
				08A2B0C62C8F760F00719571 /* SegmentosDoJudiciario.swift */,
				08A2B0CA2C8F963B00719571 /* SegmentosEnums.swift */,
			);
			path = Endpoints;
			sourceTree = "<group>";
		};
		08A2B0D12C92103200719571 /* NetworkingServices */ = {
			isa = PBXGroup;
			children = (
				08A2B0C42C8F752000719571 /* LawsuitNetworkingService.swift */,
			);
			path = NetworkingServices;
			sourceTree = "<group>";
		};
		08A2B0D82C935ADA00719571 /* Extensions */ = {
			isa = PBXGroup;
			children = (
				08A2B0D92C935AE200719571 /* String+.swift */,
				08A2B0E32C9486CA00719571 /* Date+.swift */,
			);
			path = Extensions;
			sourceTree = "<group>";
		};
		08A2B0E52C99ED6B00719571 /* Networking */ = {
			isa = PBXGroup;
			children = (
				08A2B0E62C99ED8D00719571 /* LawsuitNetworkingServiceTests.swift */,
				08A2B0E82C9E1C8A00719571 /* LawsuitNetworkingViewModelTests.swift */,
				089B8A9B2C9E312D00FEBCAB /* CoreDataStackTests.swift */,
			);
			path = Networking;
			sourceTree = "<group>";
		};
		08E6572E2C7929FA00313FCB /* EditClientView */ = {
			isa = PBXGroup;
			children = (
				08E6572A2C7909FF00313FCB /* EditClientView.swift */,
				08E6572C2C790B5B00313FCB /* LabeledTextField.swift */,
				08E6572F2C792A1200313FCB /* EditClientViewFormsFields.swift */,
				08E657312C7D08A800313FCB /* LabeledDateField.swift */,
				08E657332C7D08D800313FCB /* LabeledPickerField.swift */,
			);
			path = EditClientView;
			sourceTree = "<group>";
		};
		3B04F11B2C7FB99300991746 /* ClientDocumentsView */ = {
			isa = PBXGroup;
			children = (
				6AC0BB8E2C9238CC00FAF3E6 /* DocumentView.swift */,
				6AC0BB922C98C57800FAF3E6 /* DocumentActionButtonsView.swift */,
				3B423E7B2C80E2CF005B1B7F /* DocumentGridView.swift */,
				6AC0BB8C2C92318B00FAF3E6 /* DocumentListView.swift */,
				3B423E822C80E613005B1B7F /* FolderIconView.swift */,
				3B423E7D2C80E2D8005B1B7F /* FolderView.swift */,
				6AC0BB942C9B850F00FAF3E6 /* FolderListView.swift */,
				3BAF94CB2C73D5BF001FCA45 /* FilePDFIconView.swift */,
				3B423E7F2C80E2E1005B1B7F /* FilePDFGridView.swift */,
				6AC0BB962C9DF11600FAF3E6 /* FilePDFListView.swift */,
				3BAF94CD2C73DB7C001FCA45 /* PDFKitView.swift */,
				3B04F11C2C7FB9B600991746 /* ClientInfoView.swift */,
				3BAF94CF2C73DC0F001FCA45 /* OpenFilePDFView.swift */,
				3B88A41C2C82369400DA111E /* EditLawSuitView.swift */,
				3B6AB54A2CB712D2000C0FF0 /* AddPhotoButton.swift */,
				3B7642072CB843B700196914 /* RemovePhotoButton.swift */,
			);
			path = ClientDocumentsView;
			sourceTree = "<group>";
		};
		3B0EE5F52C6A90E600CFC91A /* ViewModel */ = {
			isa = PBXGroup;
			children = (
				E93FFB0E2C98C949004F96FC /* EventMonitor.swift */,
				3BC731052C6A9D5E00923BB2 /* Managers */,
				3BAF94C52C739BE7001FCA45 /* DragAndDropViewModel.swift */,
				6AC0BB6B2C8F8C5F00FAF3E6 /* AddressViewModel.swift */,
				3BD40B3F2C6E5DD5004048FA /* FolderViewModel.swift */,
				3B0A7AD02C7D16AA005A5946 /* NetworkMonitorViewModel.swift */,
				6A2A9DF22CB064AC00177DFF /* LawsuitViewModel.swift */,
				3B406F9D2C8895BA00160ADE /* NavigationViewModel.swift */,
				3BD313E32C88FD56001CE5E7 /* DataViewModel.swift */,
				08A2B0DD2C938D7B00719571 /* LawsuitNetworkingViewModel.swift */,
				DC1320E32C8F876600BBA8E0 /* TextFieldDataViewModel.swift */,
			);
			path = ViewModel;
			sourceTree = "<group>";
		};
		3B0EE6042C6A929E00CFC91A /* Model */ = {
			isa = PBXGroup;
			children = (
				E94C015D2C9B70F400F6316F /* EntityWrappers.swift */,
				3BD40B6D2C6E7681004048FA /* CoreDataModel */,
				3BD40B412C6E5E16004048FA /* FolderStack.swift */,
				6AC0BB692C8F8B9600FAF3E6 /* AddressAPI.swift */,
				6AC0BB0B2C7FB53600FAF3E6 /* Enums */,
				3B6168012C7E45CE00260585 /* Sections.swift */,
			);
			path = Model;
			sourceTree = "<group>";
		};
		3B98F0FF2C668B1000C45121 = {
			isa = PBXGroup;
			children = (
				3B98F10A2C668B1000C45121 /* LawSuit */,
				3B98F11C2C668B1100C45121 /* LawSuitTests */,
				3B98F1262C668B1100C45121 /* LawSuitUITests */,
				084D404F2C8A4AAE00C96111 /* LawSuit.app */,
				084D40502C8A4AAE00C96111 /* LawSuitTests.xctest */,
				084D40512C8A4AAE00C96111 /* LawSuitUITests.xctest */,
			);
			sourceTree = "<group>";
		};
		3B98F10A2C668B1000C45121 /* LawSuit */ = {
			isa = PBXGroup;
			children = (
				08B382072CB44F98002F2041 /* Info.plist */,
				08079F242CA5EFB0004EDF98 /* Mail */,
				6A2C68FE2C6D4FA300E017EE /* Model.xcdatamodeld */,
				08A2B0D82C935ADA00719571 /* Extensions */,
				08A2B0C02C8F730500719571 /* Networking */,
				3BD40B392C6D4613004048FA /* Examples */,
				3BD40B362C6D453A004048FA /* Views */,
				3B0EE6042C6A929E00CFC91A /* Model */,
				3B0EE5F52C6A90E600CFC91A /* ViewModel */,
				3B98F10B2C668B1000C45121 /* LawSuitApp.swift */,
				E94C01672CA1E2D800F6316F /* AppDelegate2.swift */,
				3B98F10D2C668B1000C45121 /* ContentView.swift */,
				08A2B0E12C93B01400719571 /* KeychainHelper.swift */,
				3B98F10F2C668B1100C45121 /* Assets.xcassets */,
				3B98F1142C668B1100C45121 /* LawSuit.entitlements */,
				3B98F1112C668B1100C45121 /* Preview Content */,
			);
			path = LawSuit;
			sourceTree = "<group>";
		};
		3B98F1112C668B1100C45121 /* Preview Content */ = {
			isa = PBXGroup;
			children = (
				3B98F1122C668B1100C45121 /* Preview Assets.xcassets */,
			);
			path = "Preview Content";
			sourceTree = "<group>";
		};
		3B98F11C2C668B1100C45121 /* LawSuitTests */ = {
			isa = PBXGroup;
			children = (
				08A2B0E52C99ED6B00719571 /* Networking */,
				3B98F11D2C668B1100C45121 /* LawSuitTests.swift */,
			);
			path = LawSuitTests;
			sourceTree = "<group>";
		};
		3B98F1262C668B1100C45121 /* LawSuitUITests */ = {
			isa = PBXGroup;
			children = (
				3B98F1272C668B1100C45121 /* LawSuitUITests.swift */,
				3B98F1292C668B1100C45121 /* LawSuitUITestsLaunchTests.swift */,
			);
			path = LawSuitUITests;
			sourceTree = "<group>";
		};
		3BAEA2E22C84F6E300AF5D6F /* PendentDocumentsView */ = {
			isa = PBXGroup;
			children = (
				DC1572BA2C6E96BB007815E1 /* PendentDocumentStyleView.swift */,
				DC1572BE2C73DE70007815E1 /* PendentClientDocumentStyle.swift */,
			);
			path = PendentDocumentsView;
			sourceTree = "<group>";
		};
		3BB9A3442C84F19400AD1E30 /* AddLawsuitView */ = {
			isa = PBXGroup;
			children = (
				6AC0BB052C7E5D7C00FAF3E6 /* LawsuitDistributedView.swift */,
				6AC0BB072C7E5DF000FAF3E6 /* LawsuitNotDistributedView.swift */,
				6ABD79782C7918B600A98BA3 /* EditLawsuitAuthorComponent.swift */,
				0898CE4A2C7FBDED004CC1A5 /* LawsuitNameCellComponent.swift */,
				6ABD79702C6E990F00A98BA3 /* SelectClientComponent.swift */,
				6A2A9DF02CADE2CA00177DFF /* ClientRowSelectView.swift */,
				6A4FE1682CB5BE4C00A9E9AB /* ClientRowNotSelectView.swift */,
			);
			path = AddLawsuitView;
			sourceTree = "<group>";
		};
		3BB9A3452C84F28600AD1E30 /* AddClientView */ = {
			isa = PBXGroup;
			children = (
				DCDB963F2C7E61C400817814 /* AddClientForm.swift */,
				DCC1BD312C77BAF700000195 /* AddClientProgressView.swift */,
			);
			path = AddClientView;
			sourceTree = "<group>";
		};
		3BB9A3462C84F32E00AD1E30 /* TagViewComponent */ = {
			isa = PBXGroup;
			children = (
				E9A949BD2C7E46640006BC99 /* TagViewComponent.swift */,
				3BB9A3472C84F35300AD1E30 /* TagViewComponentV1.swift */,
				6A4FE1662CB4801700A9E9AB /* TagViewPickerComponent.swift */,
				3BB9A3492C84F36800AD1E30 /* TagViewComponentV2.swift */,
				3BB9A34B2C84F37300AD1E30 /* TagViewComponentV3.swift */,
				3BB9A34D2C84F37A00AD1E30 /* TagViewComponentV4.swift */,
				3BB9A34F2C84F38000AD1E30 /* TagViewComponentV5.swift */,
			);
			path = TagViewComponent;
			sourceTree = "<group>";
		};
		3BC731052C6A9D5E00923BB2 /* Managers */ = {
			isa = PBXGroup;
			children = (
				3BC731012C6A997E00923BB2 /* FolderManager.swift */,
				3BC731032C6A9A9200923BB2 /* FilePDFManager.swift */,
				3BD40B2E2C6D3FB8004048FA /* ClientManager.swift */,
				3BD40B302C6D40FE004048FA /* LawyerManager.swift */,
				3BD40B322C6D41EC004048FA /* LawsuitManager.swift */,
				3BD40B342C6D4384004048FA /* UpdateManager.swift */,
				E981580E2C77A2680039C2FD /* RecordManager.swift */,
				E9F3A4272C8775CB00595150 /* TextRecognizer.swift */,
				E9F3A42F2C87AF6000595150 /* ContactsManager.swift */,
				3B0EE5F62C6A90F100CFC91A /* CoreDataManager.swift */,
				E93BCFA62C77D3DE007CF206 /* CloudManager.swift */,
				E9A949B92C7CFB310006BC99 /* CloudDataConverter.swift */,
				08A2B0DF2C93AEFF00719571 /* AuthenticationManager.swift */,
				3BDEFFCF2C8A4C5500990528 /* EntityManager.swift */,
				E94C015B2C9B6F7200F6316F /* SpotlightManager.swift */,
			);
			path = Managers;
			sourceTree = "<group>";
		};
		3BD40B362C6D453A004048FA /* Views */ = {
			isa = PBXGroup;
			children = (
				E9F3A4232C86325E00595150 /* CoreCloudTestingView.swift */,
				E9F3A4292C87795000595150 /* OCRTestingView.swift */,
				3BD40B3C2C6D4DE8004048FA /* Components */,
				3BD40B372C6D454B004048FA /* ClientView.swift */,
				6ABD79742C78FB2100A98BA3 /* AddLawsuitView.swift */,
				3BD40B6E2C6E76EC004048FA /* ClientListView.swift */,
				DC1572BC2C6FE962007815E1 /* PendentDocumentView.swift */,
				DC1572C02C73E30F007815E1 /* PendentClientDocumentView.swift */,
				E93BCFA42C77D3B1007CF206 /* CloudTestingView.swift */,
				E9E323E12C7FB6F3000BA6FD /* ClientMoreInfoView.swift */,
				E9E323E32C80EA12000BA6FD /* DetailedLawSuitView.swift */,
				08E8D1FF2C87ACDA008F3859 /* LawsuitCellComponent.swift */,
				08E8D2012C87AF11008F3859 /* LawsuitListView.swift */,
				08E8D2032C88981F008F3859 /* LawsuitListViewHeaderContent.swift */,
				3B6167FF2C7E43AC00260585 /* SideBarView.swift */,
				DCC1BD2F2C77B23900000195 /* AddClientView.swift */,
				E94C015F2CA1E23D00F6316F /* SpotlightView2.swift */,
				E94C01612CA1E28300F6316F /* SpotlightSearchBarView2.swift */,
				0897CB392C8BA21D00B488A9 /* MailManager.swift */,
				08079F222CA4A1F4004EDF98 /* RequestDocumentsView.swift */,
			);
			path = Views;
			sourceTree = "<group>";
		};
		3BD40B392C6D4613004048FA /* Examples */ = {
			isa = PBXGroup;
			children = (
				3BD40B3A2C6D4624004048FA /* FolderExamples.swift */,
			);
			path = Examples;
			sourceTree = "<group>";
		};
		3BD40B3C2C6D4DE8004048FA /* Components */ = {
			isa = PBXGroup;
			children = (
				DC2851E42CA74B200038A2E4 /* PathViewComponent.swift */,
				3BAEA2E22C84F6E300AF5D6F /* PendentDocumentsView */,
				3BB9A3462C84F32E00AD1E30 /* TagViewComponent */,
				3BB9A3452C84F28600AD1E30 /* AddClientView */,
				3BB9A3442C84F19400AD1E30 /* AddLawsuitView */,
				3B04F11B2C7FB99300991746 /* ClientDocumentsView */,
				08E6572E2C7929FA00313FCB /* EditClientView */,
				6ABD796C2C6E962800A98BA3 /* CheckboxIconComponent.swift */,
				6ABD79722C6EA05D00A98BA3 /* SearchBarCheckboxComponent.swift */,
				E9A949BB2C7E3DE00006BC99 /* TextStyles.swift */,
				6ABD797A2C7CEA6C00A98BA3 /* SegmentedControlComponent.swift */,
				08E6573A2C7E60F900313FCB /* CustomSegmentedControl.swift */,
				FD7EBBB42CA5C84600C44ECA /* VisualEffects.swift */,
				08B381A72CAB1B31002F2041 /* LawsuitFoldersHeaderComponent.swift */,
				08B381A92CAB389D002F2041 /* MovimentationBlock.swift */,
			);
			path = Components;
			sourceTree = "<group>";
		};
		3BD40B6D2C6E7681004048FA /* CoreDataModel */ = {
			isa = PBXGroup;
			children = (
				3BDEFFCB2C8A4A6A00990528 /* Entity.swift */,
				3B24D4A02C73781F00CCA763 /* Folder.swift */,
				3B24D4A22C73781F00CCA763 /* Lawsuit.swift */,
				3B24D4A42C73781F00CCA763 /* Client.swift */,
				3B24D4A62C73781F00CCA763 /* FilePDF.swift */,
				3B24D4A82C73781F00CCA763 /* Update.swift */,
				3B24D4AA2C73781F00CCA763 /* Lawyer.swift */,
			);
			path = CoreDataModel;
			sourceTree = "<group>";
		};
		6AC0BB0B2C7FB53600FAF3E6 /* Enums */ = {
			isa = PBXGroup;
			children = (
				6AC0BB0C2C7FB54800FAF3E6 /* SizeEnumerator.swift */,
				E9F3A4252C87755800595150 /* QueryEnumerator.swift */,
				DC401F9C2C931FE3006FC949 /* Alerts.swift */,
				E94C01632CA1E2AE00F6316F /* CoreDataModelsEnumerator2.swift */,
				E94C01652CA1E2C100F6316F /* EventMonitorProtocol2.swift */,
			);
			path = Enums;
			sourceTree = "<group>";
		};
/* End PBXGroup section */

/* Begin PBXNativeTarget section */
		3B98F1072C668B1000C45121 /* LawSuit */ = {
			isa = PBXNativeTarget;
			buildConfigurationList = 3B98F12D2C668B1100C45121 /* Build configuration list for PBXNativeTarget "LawSuit" */;
			buildPhases = (
				3B98F1042C668B1000C45121 /* Sources */,
				3B98F1052C668B1000C45121 /* Frameworks */,
				3B98F1062C668B1000C45121 /* Resources */,
				FD7EBBBE2CA5EA5600C44ECA /* Embed Frameworks */,
			);
			buildRules = (
			);
			dependencies = (
			);
			name = LawSuit;
			packageProductDependencies = (
				08B3820A2CB44FDA002F2041 /* HotKey */,
			);
			productName = LawSuit;
			productReference = 084D404F2C8A4AAE00C96111 /* LawSuit.app */;
			productType = "com.apple.product-type.application";
		};
		3B98F1182C668B1100C45121 /* LawSuitTests */ = {
			isa = PBXNativeTarget;
			buildConfigurationList = 3B98F1302C668B1100C45121 /* Build configuration list for PBXNativeTarget "LawSuitTests" */;
			buildPhases = (
				3B98F1152C668B1100C45121 /* Sources */,
				3B98F1162C668B1100C45121 /* Frameworks */,
				3B98F1172C668B1100C45121 /* Resources */,
			);
			buildRules = (
			);
			dependencies = (
				3B98F11B2C668B1100C45121 /* PBXTargetDependency */,
			);
			name = LawSuitTests;
			productName = LawSuitTests;
			productReference = 084D40502C8A4AAE00C96111 /* LawSuitTests.xctest */;
			productType = "com.apple.product-type.bundle.unit-test";
		};
		3B98F1222C668B1100C45121 /* LawSuitUITests */ = {
			isa = PBXNativeTarget;
			buildConfigurationList = 3B98F1332C668B1100C45121 /* Build configuration list for PBXNativeTarget "LawSuitUITests" */;
			buildPhases = (
				3B98F11F2C668B1100C45121 /* Sources */,
				3B98F1202C668B1100C45121 /* Frameworks */,
				3B98F1212C668B1100C45121 /* Resources */,
			);
			buildRules = (
			);
			dependencies = (
				3B98F1252C668B1100C45121 /* PBXTargetDependency */,
			);
			name = LawSuitUITests;
			productName = LawSuitUITests;
			productReference = 084D40512C8A4AAE00C96111 /* LawSuitUITests.xctest */;
			productType = "com.apple.product-type.bundle.ui-testing";
		};
/* End PBXNativeTarget section */

/* Begin PBXProject section */
		3B98F1002C668B1000C45121 /* Project object */ = {
			isa = PBXProject;
			attributes = {
				BuildIndependentTargetsInParallel = 1;
				LastSwiftUpdateCheck = 1540;
				LastUpgradeCheck = 1600;
				TargetAttributes = {
					3B98F1072C668B1000C45121 = {
						CreatedOnToolsVersion = 15.4;
					};
					3B98F1182C668B1100C45121 = {
						CreatedOnToolsVersion = 15.4;
						TestTargetID = 3B98F1072C668B1000C45121;
					};
					3B98F1222C668B1100C45121 = {
						CreatedOnToolsVersion = 15.4;
						TestTargetID = 3B98F1072C668B1000C45121;
					};
				};
			};
			buildConfigurationList = 3B98F1032C668B1000C45121 /* Build configuration list for PBXProject "LawSuit" */;
			compatibilityVersion = "Xcode 14.0";
			developmentRegion = en;
			hasScannedForEncodings = 0;
			knownRegions = (
				en,
				Base,
			);
			mainGroup = 3B98F0FF2C668B1000C45121;
			packageReferences = (
				E93FFB122C9A037E004F96FC /* XCRemoteSwiftPackageReference "HotKey" */,
			);
			productRefGroup = 3B98F0FF2C668B1000C45121;
			projectDirPath = "";
			projectRoot = "";
			targets = (
				3B98F1072C668B1000C45121 /* LawSuit */,
				3B98F1182C668B1100C45121 /* LawSuitTests */,
				3B98F1222C668B1100C45121 /* LawSuitUITests */,
			);
		};
/* End PBXProject section */

/* Begin PBXResourcesBuildPhase section */
		3B98F1062C668B1000C45121 /* Resources */ = {
			isa = PBXResourcesBuildPhase;
			buildActionMask = 2147483647;
			files = (
				3B98F1132C668B1100C45121 /* Preview Assets.xcassets in Resources */,
				3B98F1102C668B1100C45121 /* Assets.xcassets in Resources */,
			);
			runOnlyForDeploymentPostprocessing = 0;
		};
		3B98F1172C668B1100C45121 /* Resources */ = {
			isa = PBXResourcesBuildPhase;
			buildActionMask = 2147483647;
			files = (
			);
			runOnlyForDeploymentPostprocessing = 0;
		};
		3B98F1212C668B1100C45121 /* Resources */ = {
			isa = PBXResourcesBuildPhase;
			buildActionMask = 2147483647;
			files = (
			);
			runOnlyForDeploymentPostprocessing = 0;
		};
/* End PBXResourcesBuildPhase section */

/* Begin PBXSourcesBuildPhase section */
		3B98F1042C668B1000C45121 /* Sources */ = {
			isa = PBXSourcesBuildPhase;
			buildActionMask = 2147483647;
			files = (
				E94C015C2C9B6F7200F6316F /* SpotlightManager.swift in Sources */,
				DC2851E52CA74B200038A2E4 /* PathViewComponent.swift in Sources */,
				6AC0BB0D2C7FB54800FAF3E6 /* SizeEnumerator.swift in Sources */,
				08A2B0C72C8F760F00719571 /* SegmentosDoJudiciario.swift in Sources */,
				08079F232CA4A1F4004EDF98 /* RequestDocumentsView.swift in Sources */,
				3BD40B6F2C6E76EC004048FA /* ClientListView.swift in Sources */,
				3BB9A34A2C84F36800AD1E30 /* TagViewComponentV2.swift in Sources */,
				E9E323E22C7FB6F3000BA6FD /* ClientMoreInfoView.swift in Sources */,
				DC1572C12C73E30F007815E1 /* PendentClientDocumentView.swift in Sources */,
				6AC0BB972C9DF11600FAF3E6 /* FilePDFListView.swift in Sources */,
				3BB9A34C2C84F37300AD1E30 /* TagViewComponentV3.swift in Sources */,
				DC1572BD2C6FE962007815E1 /* PendentDocumentView.swift in Sources */,
				E94C01602CA1E23D00F6316F /* SpotlightView2.swift in Sources */,
				0898CE4B2C7FBDED004CC1A5 /* LawsuitNameCellComponent.swift in Sources */,
				E9A949BE2C7E46640006BC99 /* TagViewComponent.swift in Sources */,
				3BD40B3B2C6D4624004048FA /* FolderExamples.swift in Sources */,
				3B98F10E2C668B1000C45121 /* ContentView.swift in Sources */,
				3BDEFFD02C8A4C5500990528 /* EntityManager.swift in Sources */,
				6AC0BB062C7E5D7C00FAF3E6 /* LawsuitDistributedView.swift in Sources */,
				3B423E7C2C80E2CF005B1B7F /* DocumentGridView.swift in Sources */,
				3B6168002C7E43AC00260585 /* SideBarView.swift in Sources */,
				3BB9A34E2C84F37A00AD1E30 /* TagViewComponentV4.swift in Sources */,
				E93BCFA52C77D3B1007CF206 /* CloudTestingView.swift in Sources */,
				6AC0BB082C7E5DF000FAF3E6 /* LawsuitNotDistributedView.swift in Sources */,
				6ABD796D2C6E962800A98BA3 /* CheckboxIconComponent.swift in Sources */,
				E9F3A4242C86325E00595150 /* CoreCloudTestingView.swift in Sources */,
				E94C01642CA1E2AE00F6316F /* CoreDataModelsEnumerator2.swift in Sources */,
				3B0EE5F72C6A90F100CFC91A /* CoreDataManager.swift in Sources */,
				DCC1BD302C77B23900000195 /* AddClientView.swift in Sources */,
				6ABD79752C78FB2100A98BA3 /* AddLawsuitView.swift in Sources */,
				6A2A9DF12CADE2CA00177DFF /* ClientRowSelectView.swift in Sources */,
				6AC0BB6A2C8F8B9600FAF3E6 /* AddressAPI.swift in Sources */,
				3BD40B2F2C6D3FB8004048FA /* ClientManager.swift in Sources */,
				08E657342C7D08D800313FCB /* LabeledPickerField.swift in Sources */,
				6A4FE1692CB5BE4C00A9E9AB /* ClientRowNotSelectView.swift in Sources */,
				E94C01622CA1E28300F6316F /* SpotlightSearchBarView2.swift in Sources */,
				DC1572BB2C6E96BB007815E1 /* PendentDocumentStyleView.swift in Sources */,
				0897CB3A2C8BA21D00B488A9 /* MailManager.swift in Sources */,
				E94C015E2C9B70F400F6316F /* EntityWrappers.swift in Sources */,
				3BD40B332C6D41EC004048FA /* LawsuitManager.swift in Sources */,
				3BAF94CC2C73D5BF001FCA45 /* FilePDFIconView.swift in Sources */,
				3B98F10C2C668B1000C45121 /* LawSuitApp.swift in Sources */,
				08E6573B2C7E60F900313FCB /* CustomSegmentedControl.swift in Sources */,
				6ABD79732C6EA05D00A98BA3 /* SearchBarCheckboxComponent.swift in Sources */,
				08E8D2042C88981F008F3859 /* LawsuitListViewHeaderContent.swift in Sources */,
				08B381AA2CAB389D002F2041 /* MovimentationBlock.swift in Sources */,
				DCC1BD322C77BAF700000195 /* AddClientProgressView.swift in Sources */,
				E94C01682CA1E2D800F6316F /* AppDelegate2.swift in Sources */,
				3B423E7E2C80E2D8005B1B7F /* FolderView.swift in Sources */,
				6AC0BB932C98C57800FAF3E6 /* DocumentActionButtonsView.swift in Sources */,
				6A2A9DF32CB064AC00177DFF /* LawsuitViewModel.swift in Sources */,
				6ABD797B2C7CEA6C00A98BA3 /* SegmentedControlComponent.swift in Sources */,
				08A2B0E42C9486CA00719571 /* Date+.swift in Sources */,
				6A2C69002C6D4FA300E017EE /* Model.xcdatamodeld in Sources */,
				3B04F11D2C7FB9B600991746 /* ClientInfoView.swift in Sources */,
				3BC731022C6A997E00923BB2 /* FolderManager.swift in Sources */,
				3BAF94CE2C73DB7C001FCA45 /* PDFKitView.swift in Sources */,
				08079F262CA5EFCB004EDF98 /* MailMessageEnum.swift in Sources */,
				E9A949BC2C7E3DE00006BC99 /* TextStyles.swift in Sources */,
				E9E323E42C80EA12000BA6FD /* DetailedLawSuitView.swift in Sources */,
				DC401F9D2C931FE3006FC949 /* Alerts.swift in Sources */,
				E94C01662CA1E2C100F6316F /* EventMonitorProtocol2.swift in Sources */,
				3B423E802C80E2E1005B1B7F /* FilePDFGridView.swift in Sources */,
				3B7642082CB843B700196914 /* RemovePhotoButton.swift in Sources */,
				3BD40B312C6D40FE004048FA /* LawyerManager.swift in Sources */,
				3BD40B352C6D4384004048FA /* UpdateManager.swift in Sources */,
				08A2B0CB2C8F963B00719571 /* SegmentosEnums.swift in Sources */,
				3B423E832C80E613005B1B7F /* FolderIconView.swift in Sources */,
				3BB9A3482C84F35300AD1E30 /* TagViewComponentV1.swift in Sources */,
				6ABD79712C6E990F00A98BA3 /* SelectClientComponent.swift in Sources */,
				3BD40B422C6E5E16004048FA /* FolderStack.swift in Sources */,
				6ABD79792C7918B600A98BA3 /* EditLawsuitAuthorComponent.swift in Sources */,
				E9A949BA2C7CFB310006BC99 /* CloudDataConverter.swift in Sources */,
				3BD40B402C6E5DD5004048FA /* FolderViewModel.swift in Sources */,
				3B24D4AC2C73781F00CCA763 /* Folder.swift in Sources */,
				6AC0BB952C9B850F00FAF3E6 /* FolderListView.swift in Sources */,
				3B6168022C7E45CE00260585 /* Sections.swift in Sources */,
				6AC0BB8D2C92318B00FAF3E6 /* DocumentListView.swift in Sources */,
				08A2B0DE2C938D7B00719571 /* LawsuitNetworkingViewModel.swift in Sources */,
				3B24D4AE2C73781F00CCA763 /* Lawsuit.swift in Sources */,
				6A4FE1672CB4801700A9E9AB /* TagViewPickerComponent.swift in Sources */,
				08A2B0DC2C9380AD00719571 /* NetworkingManager.swift in Sources */,
				08E6572B2C7909FF00313FCB /* EditClientView.swift in Sources */,
				08E657322C7D08A800313FCB /* LabeledDateField.swift in Sources */,
				08A2B0D52C92142E00719571 /* LawsuitErrors.swift in Sources */,
				3B88A41D2C82369400DA111E /* EditLawSuitView.swift in Sources */,
				3B0A7AD12C7D16AA005A5946 /* NetworkMonitorViewModel.swift in Sources */,
				E981580F2C77A2680039C2FD /* RecordManager.swift in Sources */,
				DCDB96402C7E61C400817814 /* AddClientForm.swift in Sources */,
				DC1572BF2C73DE70007815E1 /* PendentClientDocumentStyle.swift in Sources */,
				3B6AB54B2CB712D2000C0FF0 /* AddPhotoButton.swift in Sources */,
				08A2B0E22C93B01400719571 /* KeychainHelper.swift in Sources */,
				3BDEFFCD2C8A4A6A00990528 /* Entity.swift in Sources */,
				3BB9A3502C84F38000AD1E30 /* TagViewComponentV5.swift in Sources */,
				3B24D4B02C73781F00CCA763 /* Client.swift in Sources */,
				3B24D4B22C73781F00CCA763 /* FilePDF.swift in Sources */,
				3B24D4B42C73781F00CCA763 /* Update.swift in Sources */,
				3B24D4B62C73781F00CCA763 /* Lawyer.swift in Sources */,
				08A2B0E02C93AEFF00719571 /* AuthenticationManager.swift in Sources */,
				08A2B0C52C8F752000719571 /* LawsuitNetworkingService.swift in Sources */,
				E93BCFA72C77D3DE007CF206 /* CloudManager.swift in Sources */,
				3BD313E42C88FD56001CE5E7 /* DataViewModel.swift in Sources */,
				08B381A82CAB1B31002F2041 /* LawsuitFoldersHeaderComponent.swift in Sources */,
				E9F3A4282C8775CB00595150 /* TextRecognizer.swift in Sources */,
				E9F3A4262C87755800595150 /* QueryEnumerator.swift in Sources */,
				E9F3A4302C87AF6000595150 /* ContactsManager.swift in Sources */,
				E9F3A42A2C87795000595150 /* OCRTestingView.swift in Sources */,
				08E8D2002C87ACDA008F3859 /* LawsuitCellComponent.swift in Sources */,
				08A2B0DA2C935AE200719571 /* String+.swift in Sources */,
				3BD40B382C6D454B004048FA /* ClientView.swift in Sources */,
				6AC0BB6C2C8F8C5F00FAF3E6 /* AddressViewModel.swift in Sources */,
				6AC0BB8F2C9238CC00FAF3E6 /* DocumentView.swift in Sources */,
				3B406F9E2C8895BA00160ADE /* NavigationViewModel.swift in Sources */,
				E93FFB0F2C98C949004F96FC /* EventMonitor.swift in Sources */,
				08E657302C792A1200313FCB /* EditClientViewFormsFields.swift in Sources */,
				DC1320E42C8F876600BBA8E0 /* TextFieldDataViewModel.swift in Sources */,
				3BC731042C6A9A9200923BB2 /* FilePDFManager.swift in Sources */,
				08E8D2022C87AF11008F3859 /* LawsuitListView.swift in Sources */,
				08E6572D2C790B5B00313FCB /* LabeledTextField.swift in Sources */,
				3BAF94D02C73DC0F001FCA45 /* OpenFilePDFView.swift in Sources */,
				FD7EBBB52CA5C84600C44ECA /* VisualEffects.swift in Sources */,
				3BAF94C62C739BE7001FCA45 /* DragAndDropViewModel.swift in Sources */,
			);
			runOnlyForDeploymentPostprocessing = 0;
		};
		3B98F1152C668B1100C45121 /* Sources */ = {
			isa = PBXSourcesBuildPhase;
			buildActionMask = 2147483647;
			files = (
				3B98F11E2C668B1100C45121 /* LawSuitTests.swift in Sources */,
				08A2B0E92C9E1C8A00719571 /* LawsuitNetworkingViewModelTests.swift in Sources */,
				08A2B0E72C99ED8D00719571 /* LawsuitNetworkingServiceTests.swift in Sources */,
				089B8A9C2C9E312D00FEBCAB /* CoreDataStackTests.swift in Sources */,
			);
			runOnlyForDeploymentPostprocessing = 0;
		};
		3B98F11F2C668B1100C45121 /* Sources */ = {
			isa = PBXSourcesBuildPhase;
			buildActionMask = 2147483647;
			files = (
				3B98F12A2C668B1100C45121 /* LawSuitUITestsLaunchTests.swift in Sources */,
				3B98F1282C668B1100C45121 /* LawSuitUITests.swift in Sources */,
			);
			runOnlyForDeploymentPostprocessing = 0;
		};
/* End PBXSourcesBuildPhase section */

/* Begin PBXTargetDependency section */
		3B98F11B2C668B1100C45121 /* PBXTargetDependency */ = {
			isa = PBXTargetDependency;
			target = 3B98F1072C668B1000C45121 /* LawSuit */;
			targetProxy = 3B98F11A2C668B1100C45121 /* PBXContainerItemProxy */;
		};
		3B98F1252C668B1100C45121 /* PBXTargetDependency */ = {
			isa = PBXTargetDependency;
			target = 3B98F1072C668B1000C45121 /* LawSuit */;
			targetProxy = 3B98F1242C668B1100C45121 /* PBXContainerItemProxy */;
		};
/* End PBXTargetDependency section */

/* Begin XCBuildConfiguration section */
		3B98F12B2C668B1100C45121 /* Debug */ = {
			isa = XCBuildConfiguration;
			buildSettings = {
				ALWAYS_SEARCH_USER_PATHS = NO;
				ASSETCATALOG_COMPILER_GENERATE_SWIFT_ASSET_SYMBOL_EXTENSIONS = YES;
				CLANG_ANALYZER_NONNULL = YES;
				CLANG_ANALYZER_NUMBER_OBJECT_CONVERSION = YES_AGGRESSIVE;
				CLANG_CXX_LANGUAGE_STANDARD = "gnu++20";
				CLANG_ENABLE_MODULES = YES;
				CLANG_ENABLE_OBJC_ARC = YES;
				CLANG_ENABLE_OBJC_WEAK = YES;
				CLANG_WARN_BLOCK_CAPTURE_AUTORELEASING = YES;
				CLANG_WARN_BOOL_CONVERSION = YES;
				CLANG_WARN_COMMA = YES;
				CLANG_WARN_CONSTANT_CONVERSION = YES;
				CLANG_WARN_DEPRECATED_OBJC_IMPLEMENTATIONS = YES;
				CLANG_WARN_DIRECT_OBJC_ISA_USAGE = YES_ERROR;
				CLANG_WARN_DOCUMENTATION_COMMENTS = YES;
				CLANG_WARN_EMPTY_BODY = YES;
				CLANG_WARN_ENUM_CONVERSION = YES;
				CLANG_WARN_INFINITE_RECURSION = YES;
				CLANG_WARN_INT_CONVERSION = YES;
				CLANG_WARN_NON_LITERAL_NULL_CONVERSION = YES;
				CLANG_WARN_OBJC_IMPLICIT_RETAIN_SELF = YES;
				CLANG_WARN_OBJC_LITERAL_CONVERSION = YES;
				CLANG_WARN_OBJC_ROOT_CLASS = YES_ERROR;
				CLANG_WARN_QUOTED_INCLUDE_IN_FRAMEWORK_HEADER = YES;
				CLANG_WARN_RANGE_LOOP_ANALYSIS = YES;
				CLANG_WARN_STRICT_PROTOTYPES = YES;
				CLANG_WARN_SUSPICIOUS_MOVE = YES;
				CLANG_WARN_UNGUARDED_AVAILABILITY = YES_AGGRESSIVE;
				CLANG_WARN_UNREACHABLE_CODE = YES;
				CLANG_WARN__DUPLICATE_METHOD_MATCH = YES;
				COPY_PHASE_STRIP = NO;
				DEAD_CODE_STRIPPING = YES;
				DEBUG_INFORMATION_FORMAT = dwarf;
				ENABLE_STRICT_OBJC_MSGSEND = YES;
				ENABLE_TESTABILITY = YES;
				ENABLE_USER_SCRIPT_SANDBOXING = YES;
				GCC_C_LANGUAGE_STANDARD = gnu17;
				GCC_DYNAMIC_NO_PIC = NO;
				GCC_NO_COMMON_BLOCKS = YES;
				GCC_OPTIMIZATION_LEVEL = 0;
				GCC_PREPROCESSOR_DEFINITIONS = (
					"DEBUG=1",
					"$(inherited)",
				);
				GCC_WARN_64_TO_32_BIT_CONVERSION = YES;
				GCC_WARN_ABOUT_RETURN_TYPE = YES_ERROR;
				GCC_WARN_UNDECLARED_SELECTOR = YES;
				GCC_WARN_UNINITIALIZED_AUTOS = YES_AGGRESSIVE;
				GCC_WARN_UNUSED_FUNCTION = YES;
				GCC_WARN_UNUSED_VARIABLE = YES;
				LOCALIZATION_PREFERS_STRING_CATALOGS = YES;
				MACOSX_DEPLOYMENT_TARGET = 14.5;
				MTL_ENABLE_DEBUG_INFO = INCLUDE_SOURCE;
				MTL_FAST_MATH = YES;
				ONLY_ACTIVE_ARCH = YES;
				SDKROOT = macosx;
				SWIFT_ACTIVE_COMPILATION_CONDITIONS = "DEBUG $(inherited)";
				SWIFT_OPTIMIZATION_LEVEL = "-Onone";
			};
			name = Debug;
		};
		3B98F12C2C668B1100C45121 /* Release */ = {
			isa = XCBuildConfiguration;
			buildSettings = {
				ALWAYS_SEARCH_USER_PATHS = NO;
				ASSETCATALOG_COMPILER_GENERATE_SWIFT_ASSET_SYMBOL_EXTENSIONS = YES;
				CLANG_ANALYZER_NONNULL = YES;
				CLANG_ANALYZER_NUMBER_OBJECT_CONVERSION = YES_AGGRESSIVE;
				CLANG_CXX_LANGUAGE_STANDARD = "gnu++20";
				CLANG_ENABLE_MODULES = YES;
				CLANG_ENABLE_OBJC_ARC = YES;
				CLANG_ENABLE_OBJC_WEAK = YES;
				CLANG_WARN_BLOCK_CAPTURE_AUTORELEASING = YES;
				CLANG_WARN_BOOL_CONVERSION = YES;
				CLANG_WARN_COMMA = YES;
				CLANG_WARN_CONSTANT_CONVERSION = YES;
				CLANG_WARN_DEPRECATED_OBJC_IMPLEMENTATIONS = YES;
				CLANG_WARN_DIRECT_OBJC_ISA_USAGE = YES_ERROR;
				CLANG_WARN_DOCUMENTATION_COMMENTS = YES;
				CLANG_WARN_EMPTY_BODY = YES;
				CLANG_WARN_ENUM_CONVERSION = YES;
				CLANG_WARN_INFINITE_RECURSION = YES;
				CLANG_WARN_INT_CONVERSION = YES;
				CLANG_WARN_NON_LITERAL_NULL_CONVERSION = YES;
				CLANG_WARN_OBJC_IMPLICIT_RETAIN_SELF = YES;
				CLANG_WARN_OBJC_LITERAL_CONVERSION = YES;
				CLANG_WARN_OBJC_ROOT_CLASS = YES_ERROR;
				CLANG_WARN_QUOTED_INCLUDE_IN_FRAMEWORK_HEADER = YES;
				CLANG_WARN_RANGE_LOOP_ANALYSIS = YES;
				CLANG_WARN_STRICT_PROTOTYPES = YES;
				CLANG_WARN_SUSPICIOUS_MOVE = YES;
				CLANG_WARN_UNGUARDED_AVAILABILITY = YES_AGGRESSIVE;
				CLANG_WARN_UNREACHABLE_CODE = YES;
				CLANG_WARN__DUPLICATE_METHOD_MATCH = YES;
				COPY_PHASE_STRIP = NO;
				DEAD_CODE_STRIPPING = YES;
				DEBUG_INFORMATION_FORMAT = "dwarf-with-dsym";
				ENABLE_NS_ASSERTIONS = NO;
				ENABLE_STRICT_OBJC_MSGSEND = YES;
				ENABLE_USER_SCRIPT_SANDBOXING = YES;
				GCC_C_LANGUAGE_STANDARD = gnu17;
				GCC_NO_COMMON_BLOCKS = YES;
				GCC_WARN_64_TO_32_BIT_CONVERSION = YES;
				GCC_WARN_ABOUT_RETURN_TYPE = YES_ERROR;
				GCC_WARN_UNDECLARED_SELECTOR = YES;
				GCC_WARN_UNINITIALIZED_AUTOS = YES_AGGRESSIVE;
				GCC_WARN_UNUSED_FUNCTION = YES;
				GCC_WARN_UNUSED_VARIABLE = YES;
				LOCALIZATION_PREFERS_STRING_CATALOGS = YES;
				MACOSX_DEPLOYMENT_TARGET = 14.5;
				MTL_ENABLE_DEBUG_INFO = NO;
				MTL_FAST_MATH = YES;
				SDKROOT = macosx;
				SWIFT_COMPILATION_MODE = wholemodule;
			};
			name = Release;
		};
		3B98F12E2C668B1100C45121 /* Debug */ = {
			isa = XCBuildConfiguration;
			buildSettings = {
				ASSETCATALOG_COMPILER_APPICON_NAME = AppIcon;
				ASSETCATALOG_COMPILER_GLOBAL_ACCENT_COLOR_NAME = AccentColor;
				CODE_SIGN_ENTITLEMENTS = LawSuit/LawSuit.entitlements;
				CODE_SIGN_STYLE = Automatic;
				COMBINE_HIDPI_IMAGES = YES;
				CURRENT_PROJECT_VERSION = 1;
				DEAD_CODE_STRIPPING = YES;
				DEVELOPMENT_ASSET_PATHS = "\"LawSuit/Preview Content\"";
				DEVELOPMENT_TEAM = 6S6995TY46;
				ENABLE_HARDENED_RUNTIME = YES;
				ENABLE_PREVIEWS = YES;
				GENERATE_INFOPLIST_FILE = YES;
				INFOPLIST_FILE = LawSuit/Info.plist;
				INFOPLIST_KEY_NSHumanReadableCopyright = "";
				IPHONEOS_DEPLOYMENT_TARGET = 16.6;
				LD_RUNPATH_SEARCH_PATHS = (
					"$(inherited)",
					"@executable_path/../Frameworks",
				);
				MACOSX_DEPLOYMENT_TARGET = 13.5;
				MARKETING_VERSION = 1.0;
				PRODUCT_BUNDLE_IDENTIFIER = com.UFC.Lawsuit;
				PRODUCT_NAME = "$(TARGET_NAME)";
				SUPPORTED_PLATFORMS = macosx;
				SUPPORTS_MACCATALYST = NO;
				SWIFT_EMIT_LOC_STRINGS = YES;
				SWIFT_VERSION = 5.0;
			};
			name = Debug;
		};
		3B98F12F2C668B1100C45121 /* Release */ = {
			isa = XCBuildConfiguration;
			buildSettings = {
				ASSETCATALOG_COMPILER_APPICON_NAME = AppIcon;
				ASSETCATALOG_COMPILER_GLOBAL_ACCENT_COLOR_NAME = AccentColor;
				CODE_SIGN_ENTITLEMENTS = LawSuit/LawSuit.entitlements;
				CODE_SIGN_STYLE = Automatic;
				COMBINE_HIDPI_IMAGES = YES;
				CURRENT_PROJECT_VERSION = 1;
				DEAD_CODE_STRIPPING = YES;
				DEVELOPMENT_ASSET_PATHS = "\"LawSuit/Preview Content\"";
				DEVELOPMENT_TEAM = 6S6995TY46;
				ENABLE_HARDENED_RUNTIME = YES;
				ENABLE_PREVIEWS = YES;
				GENERATE_INFOPLIST_FILE = YES;
				INFOPLIST_FILE = LawSuit/Info.plist;
				INFOPLIST_KEY_NSHumanReadableCopyright = "";
				IPHONEOS_DEPLOYMENT_TARGET = 16.6;
				LD_RUNPATH_SEARCH_PATHS = (
					"$(inherited)",
					"@executable_path/../Frameworks",
				);
				MACOSX_DEPLOYMENT_TARGET = 13.5;
				MARKETING_VERSION = 1.0;
				PRODUCT_BUNDLE_IDENTIFIER = com.UFC.Lawsuit;
				PRODUCT_NAME = "$(TARGET_NAME)";
				SUPPORTED_PLATFORMS = macosx;
				SUPPORTS_MACCATALYST = NO;
				SWIFT_EMIT_LOC_STRINGS = YES;
				SWIFT_VERSION = 5.0;
			};
			name = Release;
		};
		3B98F1312C668B1100C45121 /* Debug */ = {
			isa = XCBuildConfiguration;
			buildSettings = {
				BUNDLE_LOADER = "$(TEST_HOST)";
				CODE_SIGN_STYLE = Automatic;
				CURRENT_PROJECT_VERSION = 1;
				DEVELOPMENT_TEAM = Z2Y94548LY;
				GENERATE_INFOPLIST_FILE = YES;
				MACOSX_DEPLOYMENT_TARGET = 14.5;
				MARKETING_VERSION = 1.0;
				PRODUCT_BUNDLE_IDENTIFIER = com.TFS.LawSuitTests;
				PRODUCT_NAME = "$(TARGET_NAME)";
				SWIFT_EMIT_LOC_STRINGS = NO;
				SWIFT_VERSION = 5.0;
				TEST_HOST = "$(BUILT_PRODUCTS_DIR)/LawSuit.app/$(BUNDLE_EXECUTABLE_FOLDER_PATH)/LawSuit";
			};
			name = Debug;
		};
		3B98F1322C668B1100C45121 /* Release */ = {
			isa = XCBuildConfiguration;
			buildSettings = {
				BUNDLE_LOADER = "$(TEST_HOST)";
				CODE_SIGN_STYLE = Automatic;
				CURRENT_PROJECT_VERSION = 1;
				DEVELOPMENT_TEAM = Z2Y94548LY;
				GENERATE_INFOPLIST_FILE = YES;
				MACOSX_DEPLOYMENT_TARGET = 14.5;
				MARKETING_VERSION = 1.0;
				PRODUCT_BUNDLE_IDENTIFIER = com.TFS.LawSuitTests;
				PRODUCT_NAME = "$(TARGET_NAME)";
				SWIFT_EMIT_LOC_STRINGS = NO;
				SWIFT_VERSION = 5.0;
				TEST_HOST = "$(BUILT_PRODUCTS_DIR)/LawSuit.app/$(BUNDLE_EXECUTABLE_FOLDER_PATH)/LawSuit";
			};
			name = Release;
		};
		3B98F1342C668B1100C45121 /* Debug */ = {
			isa = XCBuildConfiguration;
			buildSettings = {
				CODE_SIGN_STYLE = Automatic;
				CURRENT_PROJECT_VERSION = 1;
				DEAD_CODE_STRIPPING = YES;
				DEVELOPMENT_TEAM = Z2Y94548LY;
				GENERATE_INFOPLIST_FILE = YES;
				MARKETING_VERSION = 1.0;
				PRODUCT_BUNDLE_IDENTIFIER = com.TFS.LawSuitUITests;
				PRODUCT_NAME = "$(TARGET_NAME)";
				SWIFT_EMIT_LOC_STRINGS = NO;
				SWIFT_VERSION = 5.0;
				TEST_TARGET_NAME = LawSuit;
			};
			name = Debug;
		};
		3B98F1352C668B1100C45121 /* Release */ = {
			isa = XCBuildConfiguration;
			buildSettings = {
				CODE_SIGN_STYLE = Automatic;
				CURRENT_PROJECT_VERSION = 1;
				DEAD_CODE_STRIPPING = YES;
				DEVELOPMENT_TEAM = Z2Y94548LY;
				GENERATE_INFOPLIST_FILE = YES;
				MARKETING_VERSION = 1.0;
				PRODUCT_BUNDLE_IDENTIFIER = com.TFS.LawSuitUITests;
				PRODUCT_NAME = "$(TARGET_NAME)";
				SWIFT_EMIT_LOC_STRINGS = NO;
				SWIFT_VERSION = 5.0;
				TEST_TARGET_NAME = LawSuit;
			};
			name = Release;
		};
/* End XCBuildConfiguration section */

/* Begin XCConfigurationList section */
		3B98F1032C668B1000C45121 /* Build configuration list for PBXProject "LawSuit" */ = {
			isa = XCConfigurationList;
			buildConfigurations = (
				3B98F12B2C668B1100C45121 /* Debug */,
				3B98F12C2C668B1100C45121 /* Release */,
			);
			defaultConfigurationIsVisible = 0;
			defaultConfigurationName = Release;
		};
		3B98F12D2C668B1100C45121 /* Build configuration list for PBXNativeTarget "LawSuit" */ = {
			isa = XCConfigurationList;
			buildConfigurations = (
				3B98F12E2C668B1100C45121 /* Debug */,
				3B98F12F2C668B1100C45121 /* Release */,
			);
			defaultConfigurationIsVisible = 0;
			defaultConfigurationName = Release;
		};
		3B98F1302C668B1100C45121 /* Build configuration list for PBXNativeTarget "LawSuitTests" */ = {
			isa = XCConfigurationList;
			buildConfigurations = (
				3B98F1312C668B1100C45121 /* Debug */,
				3B98F1322C668B1100C45121 /* Release */,
			);
			defaultConfigurationIsVisible = 0;
			defaultConfigurationName = Release;
		};
		3B98F1332C668B1100C45121 /* Build configuration list for PBXNativeTarget "LawSuitUITests" */ = {
			isa = XCConfigurationList;
			buildConfigurations = (
				3B98F1342C668B1100C45121 /* Debug */,
				3B98F1352C668B1100C45121 /* Release */,
			);
			defaultConfigurationIsVisible = 0;
			defaultConfigurationName = Release;
		};
/* End XCConfigurationList section */

/* Begin XCRemoteSwiftPackageReference section */
		E93FFB122C9A037E004F96FC /* XCRemoteSwiftPackageReference "HotKey" */ = {
			isa = XCRemoteSwiftPackageReference;
			repositoryURL = "https://github.com/soffes/HotKey";
			requirement = {
				branch = main;
				kind = branch;
			};
		};
/* End XCRemoteSwiftPackageReference section */

/* Begin XCSwiftPackageProductDependency section */
		08B3820A2CB44FDA002F2041 /* HotKey */ = {
			isa = XCSwiftPackageProductDependency;
			productName = HotKey;
		};
/* End XCSwiftPackageProductDependency section */

/* Begin XCVersionGroup section */
		6A2C68FE2C6D4FA300E017EE /* Model.xcdatamodeld */ = {
			isa = XCVersionGroup;
			children = (
				6A2C68FF2C6D4FA300E017EE /* Model.xcdatamodel */,
			);
			currentVersion = 6A2C68FF2C6D4FA300E017EE /* Model.xcdatamodel */;
			path = Model.xcdatamodeld;
			sourceTree = "<group>";
			versionGroupType = wrapper.xcdatamodel;
		};
/* End XCVersionGroup section */
	};
	rootObject = 3B98F1002C668B1000C45121 /* Project object */;
}
