// !$*UTF8*$!
{
	archiveVersion = 1;
	classes = {
	};
	objectVersion = 56;
	objects = {

/* Begin PBXBuildFile section */
		3B0EE5F72C6A90F100CFC91A /* CoreDataViewModel.swift in Sources */ = {isa = PBXBuildFile; fileRef = 3B0EE5F62C6A90F100CFC91A /* CoreDataViewModel.swift */; };
		3B0EE5FA2C6A912600CFC91A /* Model.xcdatamodeld in Sources */ = {isa = PBXBuildFile; fileRef = 3B0EE5F82C6A912600CFC91A /* Model.xcdatamodeld */; };
		3B0EE6092C6A92B200CFC91A /* FilePDF.swift in Sources */ = {isa = PBXBuildFile; fileRef = 3B0EE6052C6A92B200CFC91A /* FilePDF.swift */; };
		3B0EE60B2C6A92B200CFC91A /* Folder.swift in Sources */ = {isa = PBXBuildFile; fileRef = 3B0EE6072C6A92B200CFC91A /* Folder.swift */; };
		3B98F10C2C668B1000C45121 /* LawSuitApp.swift in Sources */ = {isa = PBXBuildFile; fileRef = 3B98F10B2C668B1000C45121 /* LawSuitApp.swift */; };
		3B98F10E2C668B1000C45121 /* ContentView.swift in Sources */ = {isa = PBXBuildFile; fileRef = 3B98F10D2C668B1000C45121 /* ContentView.swift */; };
		3B98F1102C668B1100C45121 /* Assets.xcassets in Resources */ = {isa = PBXBuildFile; fileRef = 3B98F10F2C668B1100C45121 /* Assets.xcassets */; };
		3B98F1132C668B1100C45121 /* Preview Assets.xcassets in Resources */ = {isa = PBXBuildFile; fileRef = 3B98F1122C668B1100C45121 /* Preview Assets.xcassets */; };
		3B98F11E2C668B1100C45121 /* LawSuitTests.swift in Sources */ = {isa = PBXBuildFile; fileRef = 3B98F11D2C668B1100C45121 /* LawSuitTests.swift */; };
		3B98F1282C668B1100C45121 /* LawSuitUITests.swift in Sources */ = {isa = PBXBuildFile; fileRef = 3B98F1272C668B1100C45121 /* LawSuitUITests.swift */; };
		3B98F12A2C668B1100C45121 /* LawSuitUITestsLaunchTests.swift in Sources */ = {isa = PBXBuildFile; fileRef = 3B98F1292C668B1100C45121 /* LawSuitUITestsLaunchTests.swift */; };
		3BC731022C6A997E00923BB2 /* FolderManager.swift in Sources */ = {isa = PBXBuildFile; fileRef = 3BC731012C6A997E00923BB2 /* FolderManager.swift */; };
		3BC731042C6A9A9200923BB2 /* FilePDFManager.swift in Sources */ = {isa = PBXBuildFile; fileRef = 3BC731032C6A9A9200923BB2 /* FilePDFManager.swift */; };
/* End PBXBuildFile section */

/* Begin PBXContainerItemProxy section */
		3B98F11A2C668B1100C45121 /* PBXContainerItemProxy */ = {
			isa = PBXContainerItemProxy;
			containerPortal = 3B98F1002C668B1000C45121 /* Project object */;
			proxyType = 1;
			remoteGlobalIDString = 3B98F1072C668B1000C45121;
			remoteInfo = LawSuit;
		};
		3B98F1242C668B1100C45121 /* PBXContainerItemProxy */ = {
			isa = PBXContainerItemProxy;
			containerPortal = 3B98F1002C668B1000C45121 /* Project object */;
			proxyType = 1;
			remoteGlobalIDString = 3B98F1072C668B1000C45121;
			remoteInfo = LawSuit;
		};
/* End PBXContainerItemProxy section */

/* Begin PBXFileReference section */
		3B0EE5F62C6A90F100CFC91A /* CoreDataViewModel.swift */ = {isa = PBXFileReference; lastKnownFileType = sourcecode.swift; path = CoreDataViewModel.swift; sourceTree = "<group>"; };
		3B0EE5F92C6A912600CFC91A /* Model.xcdatamodel */ = {isa = PBXFileReference; lastKnownFileType = wrapper.xcdatamodel; path = Model.xcdatamodel; sourceTree = "<group>"; };
		3B0EE6052C6A92B200CFC91A /* FilePDF.swift */ = {isa = PBXFileReference; lastKnownFileType = sourcecode.swift; path = FilePDF.swift; sourceTree = "<group>"; };
		3B0EE6072C6A92B200CFC91A /* Folder.swift */ = {isa = PBXFileReference; lastKnownFileType = sourcecode.swift; path = Folder.swift; sourceTree = "<group>"; };
		3B98F1082C668B1000C45121 /* LawSuit.app */ = {isa = PBXFileReference; explicitFileType = wrapper.application; includeInIndex = 0; path = LawSuit.app; sourceTree = BUILT_PRODUCTS_DIR; };
		3B98F10B2C668B1000C45121 /* LawSuitApp.swift */ = {isa = PBXFileReference; lastKnownFileType = sourcecode.swift; path = LawSuitApp.swift; sourceTree = "<group>"; };
		3B98F10D2C668B1000C45121 /* ContentView.swift */ = {isa = PBXFileReference; lastKnownFileType = sourcecode.swift; path = ContentView.swift; sourceTree = "<group>"; };
		3B98F10F2C668B1100C45121 /* Assets.xcassets */ = {isa = PBXFileReference; lastKnownFileType = folder.assetcatalog; path = Assets.xcassets; sourceTree = "<group>"; };
		3B98F1122C668B1100C45121 /* Preview Assets.xcassets */ = {isa = PBXFileReference; lastKnownFileType = folder.assetcatalog; path = "Preview Assets.xcassets"; sourceTree = "<group>"; };
		3B98F1142C668B1100C45121 /* LawSuit.entitlements */ = {isa = PBXFileReference; lastKnownFileType = text.plist.entitlements; path = LawSuit.entitlements; sourceTree = "<group>"; };
		3B98F1192C668B1100C45121 /* LawSuitTests.xctest */ = {isa = PBXFileReference; explicitFileType = wrapper.cfbundle; includeInIndex = 0; path = LawSuitTests.xctest; sourceTree = BUILT_PRODUCTS_DIR; };
		3B98F11D2C668B1100C45121 /* LawSuitTests.swift */ = {isa = PBXFileReference; lastKnownFileType = sourcecode.swift; path = LawSuitTests.swift; sourceTree = "<group>"; };
		3B98F1232C668B1100C45121 /* LawSuitUITests.xctest */ = {isa = PBXFileReference; explicitFileType = wrapper.cfbundle; includeInIndex = 0; path = LawSuitUITests.xctest; sourceTree = BUILT_PRODUCTS_DIR; };
		3B98F1272C668B1100C45121 /* LawSuitUITests.swift */ = {isa = PBXFileReference; lastKnownFileType = sourcecode.swift; path = LawSuitUITests.swift; sourceTree = "<group>"; };
		3B98F1292C668B1100C45121 /* LawSuitUITestsLaunchTests.swift */ = {isa = PBXFileReference; lastKnownFileType = sourcecode.swift; path = LawSuitUITestsLaunchTests.swift; sourceTree = "<group>"; };
		3BC731012C6A997E00923BB2 /* FolderManager.swift */ = {isa = PBXFileReference; lastKnownFileType = sourcecode.swift; path = FolderManager.swift; sourceTree = "<group>"; };
		3BC731032C6A9A9200923BB2 /* FilePDFManager.swift */ = {isa = PBXFileReference; lastKnownFileType = sourcecode.swift; path = FilePDFManager.swift; sourceTree = "<group>"; };
/* End PBXFileReference section */

/* Begin PBXFrameworksBuildPhase section */
		3B98F1052C668B1000C45121 /* Frameworks */ = {
			isa = PBXFrameworksBuildPhase;
			buildActionMask = 2147483647;
			files = (
			);
			runOnlyForDeploymentPostprocessing = 0;
		};
		3B98F1162C668B1100C45121 /* Frameworks */ = {
			isa = PBXFrameworksBuildPhase;
			buildActionMask = 2147483647;
			files = (
			);
			runOnlyForDeploymentPostprocessing = 0;
		};
		3B98F1202C668B1100C45121 /* Frameworks */ = {
			isa = PBXFrameworksBuildPhase;
			buildActionMask = 2147483647;
			files = (
			);
			runOnlyForDeploymentPostprocessing = 0;
		};
/* End PBXFrameworksBuildPhase section */

/* Begin PBXGroup section */
		3B0EE5F52C6A90E600CFC91A /* ViewModel */ = {
			isa = PBXGroup;
			children = (
				3BC731052C6A9D5E00923BB2 /* Managers */,
				3B0EE5F62C6A90F100CFC91A /* CoreDataViewModel.swift */,
			);
			path = ViewModel;
			sourceTree = "<group>";
		};
		3B0EE6042C6A929E00CFC91A /* Model */ = {
			isa = PBXGroup;
			children = (
				3B0EE6052C6A92B200CFC91A /* FilePDF.swift */,
				3B0EE6072C6A92B200CFC91A /* Folder.swift */,
			);
			path = Model;
			sourceTree = "<group>";
		};
		3B98F0FF2C668B1000C45121 = {
			isa = PBXGroup;
			children = (
				3B98F10A2C668B1000C45121 /* LawSuit */,
				3B98F11C2C668B1100C45121 /* LawSuitTests */,
				3B98F1262C668B1100C45121 /* LawSuitUITests */,
				3B98F1092C668B1000C45121 /* Products */,
			);
			sourceTree = "<group>";
		};
		3B98F1092C668B1000C45121 /* Products */ = {
			isa = PBXGroup;
			children = (
				3B98F1082C668B1000C45121 /* LawSuit.app */,
				3B98F1192C668B1100C45121 /* LawSuitTests.xctest */,
				3B98F1232C668B1100C45121 /* LawSuitUITests.xctest */,
			);
			name = Products;
			sourceTree = "<group>";
		};
		3B98F10A2C668B1000C45121 /* LawSuit */ = {
			isa = PBXGroup;
			children = (
				3B0EE5F82C6A912600CFC91A /* Model.xcdatamodeld */,
				3B0EE6042C6A929E00CFC91A /* Model */,
				3B0EE5F52C6A90E600CFC91A /* ViewModel */,
				3B98F10B2C668B1000C45121 /* LawSuitApp.swift */,
				3B98F10D2C668B1000C45121 /* ContentView.swift */,
				3B98F10F2C668B1100C45121 /* Assets.xcassets */,
				3B98F1142C668B1100C45121 /* LawSuit.entitlements */,
				3B98F1112C668B1100C45121 /* Preview Content */,
			);
			path = LawSuit;
			sourceTree = "<group>";
		};
		3B98F1112C668B1100C45121 /* Preview Content */ = {
			isa = PBXGroup;
			children = (
				3B98F1122C668B1100C45121 /* Preview Assets.xcassets */,
			);
			path = "Preview Content";
			sourceTree = "<group>";
		};
		3B98F11C2C668B1100C45121 /* LawSuitTests */ = {
			isa = PBXGroup;
			children = (
				3B98F11D2C668B1100C45121 /* LawSuitTests.swift */,
			);
			path = LawSuitTests;
			sourceTree = "<group>";
		};
		3B98F1262C668B1100C45121 /* LawSuitUITests */ = {
			isa = PBXGroup;
			children = (
				3B98F1272C668B1100C45121 /* LawSuitUITests.swift */,
				3B98F1292C668B1100C45121 /* LawSuitUITestsLaunchTests.swift */,
			);
			path = LawSuitUITests;
			sourceTree = "<group>";
		};
		3BC731052C6A9D5E00923BB2 /* Managers */ = {
			isa = PBXGroup;
			children = (
				3BC731012C6A997E00923BB2 /* FolderManager.swift */,
				3BC731032C6A9A9200923BB2 /* FilePDFManager.swift */,
			);
			path = Managers;
			sourceTree = "<group>";
		};
/* End PBXGroup section */

/* Begin PBXNativeTarget section */
		3B98F1072C668B1000C45121 /* LawSuit */ = {
			isa = PBXNativeTarget;
			buildConfigurationList = 3B98F12D2C668B1100C45121 /* Build configuration list for PBXNativeTarget "LawSuit" */;
			buildPhases = (
				3B98F1042C668B1000C45121 /* Sources */,
				3B98F1052C668B1000C45121 /* Frameworks */,
				3B98F1062C668B1000C45121 /* Resources */,
			);
			buildRules = (
			);
			dependencies = (
			);
			name = LawSuit;
			productName = LawSuit;
			productReference = 3B98F1082C668B1000C45121 /* LawSuit.app */;
			productType = "com.apple.product-type.application";
		};
		3B98F1182C668B1100C45121 /* LawSuitTests */ = {
			isa = PBXNativeTarget;
			buildConfigurationList = 3B98F1302C668B1100C45121 /* Build configuration list for PBXNativeTarget "LawSuitTests" */;
			buildPhases = (
				3B98F1152C668B1100C45121 /* Sources */,
				3B98F1162C668B1100C45121 /* Frameworks */,
				3B98F1172C668B1100C45121 /* Resources */,
			);
			buildRules = (
			);
			dependencies = (
				3B98F11B2C668B1100C45121 /* PBXTargetDependency */,
			);
			name = LawSuitTests;
			productName = LawSuitTests;
			productReference = 3B98F1192C668B1100C45121 /* LawSuitTests.xctest */;
			productType = "com.apple.product-type.bundle.unit-test";
		};
		3B98F1222C668B1100C45121 /* LawSuitUITests */ = {
			isa = PBXNativeTarget;
			buildConfigurationList = 3B98F1332C668B1100C45121 /* Build configuration list for PBXNativeTarget "LawSuitUITests" */;
			buildPhases = (
				3B98F11F2C668B1100C45121 /* Sources */,
				3B98F1202C668B1100C45121 /* Frameworks */,
				3B98F1212C668B1100C45121 /* Resources */,
			);
			buildRules = (
			);
			dependencies = (
				3B98F1252C668B1100C45121 /* PBXTargetDependency */,
			);
			name = LawSuitUITests;
			productName = LawSuitUITests;
			productReference = 3B98F1232C668B1100C45121 /* LawSuitUITests.xctest */;
			productType = "com.apple.product-type.bundle.ui-testing";
		};
/* End PBXNativeTarget section */

/* Begin PBXProject section */
		3B98F1002C668B1000C45121 /* Project object */ = {
			isa = PBXProject;
			attributes = {
				BuildIndependentTargetsInParallel = 1;
				LastSwiftUpdateCheck = 1540;
				LastUpgradeCheck = 1540;
				TargetAttributes = {
					3B98F1072C668B1000C45121 = {
						CreatedOnToolsVersion = 15.4;
					};
					3B98F1182C668B1100C45121 = {
						CreatedOnToolsVersion = 15.4;
						TestTargetID = 3B98F1072C668B1000C45121;
					};
					3B98F1222C668B1100C45121 = {
						CreatedOnToolsVersion = 15.4;
						TestTargetID = 3B98F1072C668B1000C45121;
					};
				};
			};
			buildConfigurationList = 3B98F1032C668B1000C45121 /* Build configuration list for PBXProject "LawSuit" */;
			compatibilityVersion = "Xcode 14.0";
			developmentRegion = en;
			hasScannedForEncodings = 0;
			knownRegions = (
				en,
				Base,
			);
			mainGroup = 3B98F0FF2C668B1000C45121;
			productRefGroup = 3B98F1092C668B1000C45121 /* Products */;
			projectDirPath = "";
			projectRoot = "";
			targets = (
				3B98F1072C668B1000C45121 /* LawSuit */,
				3B98F1182C668B1100C45121 /* LawSuitTests */,
				3B98F1222C668B1100C45121 /* LawSuitUITests */,
			);
		};
/* End PBXProject section */

/* Begin PBXResourcesBuildPhase section */
		3B98F1062C668B1000C45121 /* Resources */ = {
			isa = PBXResourcesBuildPhase;
			buildActionMask = 2147483647;
			files = (
				3B98F1132C668B1100C45121 /* Preview Assets.xcassets in Resources */,
				3B98F1102C668B1100C45121 /* Assets.xcassets in Resources */,
			);
			runOnlyForDeploymentPostprocessing = 0;
		};
		3B98F1172C668B1100C45121 /* Resources */ = {
			isa = PBXResourcesBuildPhase;
			buildActionMask = 2147483647;
			files = (
			);
			runOnlyForDeploymentPostprocessing = 0;
		};
		3B98F1212C668B1100C45121 /* Resources */ = {
			isa = PBXResourcesBuildPhase;
			buildActionMask = 2147483647;
			files = (
			);
			runOnlyForDeploymentPostprocessing = 0;
		};
/* End PBXResourcesBuildPhase section */

/* Begin PBXSourcesBuildPhase section */
		3B98F1042C668B1000C45121 /* Sources */ = {
			isa = PBXSourcesBuildPhase;
			buildActionMask = 2147483647;
			files = (
				3B98F10E2C668B1000C45121 /* ContentView.swift in Sources */,
				3B0EE5F72C6A90F100CFC91A /* CoreDataViewModel.swift in Sources */,
				3B98F10C2C668B1000C45121 /* LawSuitApp.swift in Sources */,
				3BC731022C6A997E00923BB2 /* FolderManager.swift in Sources */,
				3B0EE5FA2C6A912600CFC91A /* Model.xcdatamodeld in Sources */,
				3B0EE6092C6A92B200CFC91A /* FilePDF.swift in Sources */,
				3B0EE60B2C6A92B200CFC91A /* Folder.swift in Sources */,
				3BC731042C6A9A9200923BB2 /* FilePDFManager.swift in Sources */,
			);
			runOnlyForDeploymentPostprocessing = 0;
		};
		3B98F1152C668B1100C45121 /* Sources */ = {
			isa = PBXSourcesBuildPhase;
			buildActionMask = 2147483647;
			files = (
				3B98F11E2C668B1100C45121 /* LawSuitTests.swift in Sources */,
			);
			runOnlyForDeploymentPostprocessing = 0;
		};
		3B98F11F2C668B1100C45121 /* Sources */ = {
			isa = PBXSourcesBuildPhase;
			buildActionMask = 2147483647;
			files = (
				3B98F12A2C668B1100C45121 /* LawSuitUITestsLaunchTests.swift in Sources */,
				3B98F1282C668B1100C45121 /* LawSuitUITests.swift in Sources */,
			);
			runOnlyForDeploymentPostprocessing = 0;
		};
/* End PBXSourcesBuildPhase section */

/* Begin PBXTargetDependency section */
		3B98F11B2C668B1100C45121 /* PBXTargetDependency */ = {
			isa = PBXTargetDependency;
			target = 3B98F1072C668B1000C45121 /* LawSuit */;
			targetProxy = 3B98F11A2C668B1100C45121 /* PBXContainerItemProxy */;
		};
		3B98F1252C668B1100C45121 /* PBXTargetDependency */ = {
			isa = PBXTargetDependency;
			target = 3B98F1072C668B1000C45121 /* LawSuit */;
			targetProxy = 3B98F1242C668B1100C45121 /* PBXContainerItemProxy */;
		};
/* End PBXTargetDependency section */

/* Begin XCBuildConfiguration section */
		3B98F12B2C668B1100C45121 /* Debug */ = {
			isa = XCBuildConfiguration;
			buildSettings = {
				ALWAYS_SEARCH_USER_PATHS = NO;
				ASSETCATALOG_COMPILER_GENERATE_SWIFT_ASSET_SYMBOL_EXTENSIONS = YES;
				CLANG_ANALYZER_NONNULL = YES;
				CLANG_ANALYZER_NUMBER_OBJECT_CONVERSION = YES_AGGRESSIVE;
				CLANG_CXX_LANGUAGE_STANDARD = "gnu++20";
				CLANG_ENABLE_MODULES = YES;
				CLANG_ENABLE_OBJC_ARC = YES;
				CLANG_ENABLE_OBJC_WEAK = YES;
				CLANG_WARN_BLOCK_CAPTURE_AUTORELEASING = YES;
				CLANG_WARN_BOOL_CONVERSION = YES;
				CLANG_WARN_COMMA = YES;
				CLANG_WARN_CONSTANT_CONVERSION = YES;
				CLANG_WARN_DEPRECATED_OBJC_IMPLEMENTATIONS = YES;
				CLANG_WARN_DIRECT_OBJC_ISA_USAGE = YES_ERROR;
				CLANG_WARN_DOCUMENTATION_COMMENTS = YES;
				CLANG_WARN_EMPTY_BODY = YES;
				CLANG_WARN_ENUM_CONVERSION = YES;
				CLANG_WARN_INFINITE_RECURSION = YES;
				CLANG_WARN_INT_CONVERSION = YES;
				CLANG_WARN_NON_LITERAL_NULL_CONVERSION = YES;
				CLANG_WARN_OBJC_IMPLICIT_RETAIN_SELF = YES;
				CLANG_WARN_OBJC_LITERAL_CONVERSION = YES;
				CLANG_WARN_OBJC_ROOT_CLASS = YES_ERROR;
				CLANG_WARN_QUOTED_INCLUDE_IN_FRAMEWORK_HEADER = YES;
				CLANG_WARN_RANGE_LOOP_ANALYSIS = YES;
				CLANG_WARN_STRICT_PROTOTYPES = YES;
				CLANG_WARN_SUSPICIOUS_MOVE = YES;
				CLANG_WARN_UNGUARDED_AVAILABILITY = YES_AGGRESSIVE;
				CLANG_WARN_UNREACHABLE_CODE = YES;
				CLANG_WARN__DUPLICATE_METHOD_MATCH = YES;
				COPY_PHASE_STRIP = NO;
				DEBUG_INFORMATION_FORMAT = dwarf;
				ENABLE_STRICT_OBJC_MSGSEND = YES;
				ENABLE_TESTABILITY = YES;
				ENABLE_USER_SCRIPT_SANDBOXING = YES;
				GCC_C_LANGUAGE_STANDARD = gnu17;
				GCC_DYNAMIC_NO_PIC = NO;
				GCC_NO_COMMON_BLOCKS = YES;
				GCC_OPTIMIZATION_LEVEL = 0;
				GCC_PREPROCESSOR_DEFINITIONS = (
					"DEBUG=1",
					"$(inherited)",
				);
				GCC_WARN_64_TO_32_BIT_CONVERSION = YES;
				GCC_WARN_ABOUT_RETURN_TYPE = YES_ERROR;
				GCC_WARN_UNDECLARED_SELECTOR = YES;
				GCC_WARN_UNINITIALIZED_AUTOS = YES_AGGRESSIVE;
				GCC_WARN_UNUSED_FUNCTION = YES;
				GCC_WARN_UNUSED_VARIABLE = YES;
				LOCALIZATION_PREFERS_STRING_CATALOGS = YES;
				MACOSX_DEPLOYMENT_TARGET = 14.5;
				MTL_ENABLE_DEBUG_INFO = INCLUDE_SOURCE;
				MTL_FAST_MATH = YES;
				ONLY_ACTIVE_ARCH = YES;
				SDKROOT = macosx;
				SWIFT_ACTIVE_COMPILATION_CONDITIONS = "DEBUG $(inherited)";
				SWIFT_OPTIMIZATION_LEVEL = "-Onone";
			};
			name = Debug;
		};
		3B98F12C2C668B1100C45121 /* Release */ = {
			isa = XCBuildConfiguration;
			buildSettings = {
				ALWAYS_SEARCH_USER_PATHS = NO;
				ASSETCATALOG_COMPILER_GENERATE_SWIFT_ASSET_SYMBOL_EXTENSIONS = YES;
				CLANG_ANALYZER_NONNULL = YES;
				CLANG_ANALYZER_NUMBER_OBJECT_CONVERSION = YES_AGGRESSIVE;
				CLANG_CXX_LANGUAGE_STANDARD = "gnu++20";
				CLANG_ENABLE_MODULES = YES;
				CLANG_ENABLE_OBJC_ARC = YES;
				CLANG_ENABLE_OBJC_WEAK = YES;
				CLANG_WARN_BLOCK_CAPTURE_AUTORELEASING = YES;
				CLANG_WARN_BOOL_CONVERSION = YES;
				CLANG_WARN_COMMA = YES;
				CLANG_WARN_CONSTANT_CONVERSION = YES;
				CLANG_WARN_DEPRECATED_OBJC_IMPLEMENTATIONS = YES;
				CLANG_WARN_DIRECT_OBJC_ISA_USAGE = YES_ERROR;
				CLANG_WARN_DOCUMENTATION_COMMENTS = YES;
				CLANG_WARN_EMPTY_BODY = YES;
				CLANG_WARN_ENUM_CONVERSION = YES;
				CLANG_WARN_INFINITE_RECURSION = YES;
				CLANG_WARN_INT_CONVERSION = YES;
				CLANG_WARN_NON_LITERAL_NULL_CONVERSION = YES;
				CLANG_WARN_OBJC_IMPLICIT_RETAIN_SELF = YES;
				CLANG_WARN_OBJC_LITERAL_CONVERSION = YES;
				CLANG_WARN_OBJC_ROOT_CLASS = YES_ERROR;
				CLANG_WARN_QUOTED_INCLUDE_IN_FRAMEWORK_HEADER = YES;
				CLANG_WARN_RANGE_LOOP_ANALYSIS = YES;
				CLANG_WARN_STRICT_PROTOTYPES = YES;
				CLANG_WARN_SUSPICIOUS_MOVE = YES;
				CLANG_WARN_UNGUARDED_AVAILABILITY = YES_AGGRESSIVE;
				CLANG_WARN_UNREACHABLE_CODE = YES;
				CLANG_WARN__DUPLICATE_METHOD_MATCH = YES;
				COPY_PHASE_STRIP = NO;
				DEBUG_INFORMATION_FORMAT = "dwarf-with-dsym";
				ENABLE_NS_ASSERTIONS = NO;
				ENABLE_STRICT_OBJC_MSGSEND = YES;
				ENABLE_USER_SCRIPT_SANDBOXING = YES;
				GCC_C_LANGUAGE_STANDARD = gnu17;
				GCC_NO_COMMON_BLOCKS = YES;
				GCC_WARN_64_TO_32_BIT_CONVERSION = YES;
				GCC_WARN_ABOUT_RETURN_TYPE = YES_ERROR;
				GCC_WARN_UNDECLARED_SELECTOR = YES;
				GCC_WARN_UNINITIALIZED_AUTOS = YES_AGGRESSIVE;
				GCC_WARN_UNUSED_FUNCTION = YES;
				GCC_WARN_UNUSED_VARIABLE = YES;
				LOCALIZATION_PREFERS_STRING_CATALOGS = YES;
				MACOSX_DEPLOYMENT_TARGET = 14.5;
				MTL_ENABLE_DEBUG_INFO = NO;
				MTL_FAST_MATH = YES;
				SDKROOT = macosx;
				SWIFT_COMPILATION_MODE = wholemodule;
			};
			name = Release;
		};
		3B98F12E2C668B1100C45121 /* Debug */ = {
			isa = XCBuildConfiguration;
			buildSettings = {
				ASSETCATALOG_COMPILER_APPICON_NAME = AppIcon;
				ASSETCATALOG_COMPILER_GLOBAL_ACCENT_COLOR_NAME = AccentColor;
				CODE_SIGN_ENTITLEMENTS = LawSuit/LawSuit.entitlements;
				CODE_SIGN_STYLE = Automatic;
				COMBINE_HIDPI_IMAGES = YES;
				CURRENT_PROJECT_VERSION = 1;
				DEVELOPMENT_ASSET_PATHS = "\"LawSuit/Preview Content\"";
				DEVELOPMENT_TEAM = 6S6995TY46;
				ENABLE_HARDENED_RUNTIME = YES;
				ENABLE_PREVIEWS = YES;
				GENERATE_INFOPLIST_FILE = YES;
				INFOPLIST_KEY_NSHumanReadableCopyright = "";
				IPHONEOS_DEPLOYMENT_TARGET = 16.6;
				LD_RUNPATH_SEARCH_PATHS = (
					"$(inherited)",
					"@executable_path/../Frameworks",
				);
				MACOSX_DEPLOYMENT_TARGET = 13.5;
				MARKETING_VERSION = 1.0;
				PRODUCT_BUNDLE_IDENTIFIER = com.TFS.LawSuit;
				PRODUCT_NAME = "$(TARGET_NAME)";
				SUPPORTED_PLATFORMS = "iphoneos iphonesimulator macosx";
				SUPPORTS_MACCATALYST = NO;
				SWIFT_EMIT_LOC_STRINGS = YES;
				SWIFT_VERSION = 5.0;
				TARGETED_DEVICE_FAMILY = 1;
			};
			name = Debug;
		};
		3B98F12F2C668B1100C45121 /* Release */ = {
			isa = XCBuildConfiguration;
			buildSettings = {
				ASSETCATALOG_COMPILER_APPICON_NAME = AppIcon;
				ASSETCATALOG_COMPILER_GLOBAL_ACCENT_COLOR_NAME = AccentColor;
				CODE_SIGN_ENTITLEMENTS = LawSuit/LawSuit.entitlements;
				CODE_SIGN_STYLE = Automatic;
				COMBINE_HIDPI_IMAGES = YES;
				CURRENT_PROJECT_VERSION = 1;
				DEVELOPMENT_ASSET_PATHS = "\"LawSuit/Preview Content\"";
				DEVELOPMENT_TEAM = 6S6995TY46;
				ENABLE_HARDENED_RUNTIME = YES;
				ENABLE_PREVIEWS = YES;
				GENERATE_INFOPLIST_FILE = YES;
				INFOPLIST_KEY_NSHumanReadableCopyright = "";
				IPHONEOS_DEPLOYMENT_TARGET = 16.6;
				LD_RUNPATH_SEARCH_PATHS = (
					"$(inherited)",
					"@executable_path/../Frameworks",
				);
				MACOSX_DEPLOYMENT_TARGET = 13.5;
				MARKETING_VERSION = 1.0;
				PRODUCT_BUNDLE_IDENTIFIER = com.TFS.LawSuit;
				PRODUCT_NAME = "$(TARGET_NAME)";
				SUPPORTED_PLATFORMS = "iphoneos iphonesimulator macosx";
				SUPPORTS_MACCATALYST = NO;
				SWIFT_EMIT_LOC_STRINGS = YES;
				SWIFT_VERSION = 5.0;
				TARGETED_DEVICE_FAMILY = 1;
			};
			name = Release;
		};
		3B98F1312C668B1100C45121 /* Debug */ = {
			isa = XCBuildConfiguration;
			buildSettings = {
				ALWAYS_EMBED_SWIFT_STANDARD_LIBRARIES = YES;
				BUNDLE_LOADER = "$(TEST_HOST)";
				CODE_SIGN_STYLE = Automatic;
				CURRENT_PROJECT_VERSION = 1;
				DEVELOPMENT_TEAM = 6S6995TY46;
				GENERATE_INFOPLIST_FILE = YES;
				MACOSX_DEPLOYMENT_TARGET = 14.5;
				MARKETING_VERSION = 1.0;
				PRODUCT_BUNDLE_IDENTIFIER = com.TFS.LawSuitTests;
				PRODUCT_NAME = "$(TARGET_NAME)";
				SWIFT_EMIT_LOC_STRINGS = NO;
				SWIFT_VERSION = 5.0;
				TEST_HOST = "$(BUILT_PRODUCTS_DIR)/LawSuit.app/$(BUNDLE_EXECUTABLE_FOLDER_PATH)/LawSuit";
			};
			name = Debug;
		};
		3B98F1322C668B1100C45121 /* Release */ = {
			isa = XCBuildConfiguration;
			buildSettings = {
				ALWAYS_EMBED_SWIFT_STANDARD_LIBRARIES = YES;
				BUNDLE_LOADER = "$(TEST_HOST)";
				CODE_SIGN_STYLE = Automatic;
				CURRENT_PROJECT_VERSION = 1;
				DEVELOPMENT_TEAM = 6S6995TY46;
				GENERATE_INFOPLIST_FILE = YES;
				MACOSX_DEPLOYMENT_TARGET = 14.5;
				MARKETING_VERSION = 1.0;
				PRODUCT_BUNDLE_IDENTIFIER = com.TFS.LawSuitTests;
				PRODUCT_NAME = "$(TARGET_NAME)";
				SWIFT_EMIT_LOC_STRINGS = NO;
				SWIFT_VERSION = 5.0;
				TEST_HOST = "$(BUILT_PRODUCTS_DIR)/LawSuit.app/$(BUNDLE_EXECUTABLE_FOLDER_PATH)/LawSuit";
			};
			name = Release;
		};
		3B98F1342C668B1100C45121 /* Debug */ = {
			isa = XCBuildConfiguration;
			buildSettings = {
				ALWAYS_EMBED_SWIFT_STANDARD_LIBRARIES = YES;
				CODE_SIGN_STYLE = Automatic;
				CURRENT_PROJECT_VERSION = 1;
				DEVELOPMENT_TEAM = 6S6995TY46;
				GENERATE_INFOPLIST_FILE = YES;
				MARKETING_VERSION = 1.0;
				PRODUCT_BUNDLE_IDENTIFIER = com.TFS.LawSuitUITests;
				PRODUCT_NAME = "$(TARGET_NAME)";
				SWIFT_EMIT_LOC_STRINGS = NO;
				SWIFT_VERSION = 5.0;
				TEST_TARGET_NAME = LawSuit;
			};
			name = Debug;
		};
		3B98F1352C668B1100C45121 /* Release */ = {
			isa = XCBuildConfiguration;
			buildSettings = {
				ALWAYS_EMBED_SWIFT_STANDARD_LIBRARIES = YES;
				CODE_SIGN_STYLE = Automatic;
				CURRENT_PROJECT_VERSION = 1;
				DEVELOPMENT_TEAM = 6S6995TY46;
				GENERATE_INFOPLIST_FILE = YES;
				MARKETING_VERSION = 1.0;
				PRODUCT_BUNDLE_IDENTIFIER = com.TFS.LawSuitUITests;
				PRODUCT_NAME = "$(TARGET_NAME)";
				SWIFT_EMIT_LOC_STRINGS = NO;
				SWIFT_VERSION = 5.0;
				TEST_TARGET_NAME = LawSuit;
			};
			name = Release;
		};
/* End XCBuildConfiguration section */

/* Begin XCConfigurationList section */
		3B98F1032C668B1000C45121 /* Build configuration list for PBXProject "LawSuit" */ = {
			isa = XCConfigurationList;
			buildConfigurations = (
				3B98F12B2C668B1100C45121 /* Debug */,
				3B98F12C2C668B1100C45121 /* Release */,
			);
			defaultConfigurationIsVisible = 0;
			defaultConfigurationName = Release;
		};
		3B98F12D2C668B1100C45121 /* Build configuration list for PBXNativeTarget "LawSuit" */ = {
			isa = XCConfigurationList;
			buildConfigurations = (
				3B98F12E2C668B1100C45121 /* Debug */,
				3B98F12F2C668B1100C45121 /* Release */,
			);
			defaultConfigurationIsVisible = 0;
			defaultConfigurationName = Release;
		};
		3B98F1302C668B1100C45121 /* Build configuration list for PBXNativeTarget "LawSuitTests" */ = {
			isa = XCConfigurationList;
			buildConfigurations = (
				3B98F1312C668B1100C45121 /* Debug */,
				3B98F1322C668B1100C45121 /* Release */,
			);
			defaultConfigurationIsVisible = 0;
			defaultConfigurationName = Release;
		};
		3B98F1332C668B1100C45121 /* Build configuration list for PBXNativeTarget "LawSuitUITests" */ = {
			isa = XCConfigurationList;
			buildConfigurations = (
				3B98F1342C668B1100C45121 /* Debug */,
				3B98F1352C668B1100C45121 /* Release */,
			);
			defaultConfigurationIsVisible = 0;
			defaultConfigurationName = Release;
		};
/* End XCConfigurationList section */

/* Begin XCVersionGroup section */
		3B0EE5F82C6A912600CFC91A /* Model.xcdatamodeld */ = {
			isa = XCVersionGroup;
			children = (
				3B0EE5F92C6A912600CFC91A /* Model.xcdatamodel */,
			);
			currentVersion = 3B0EE5F92C6A912600CFC91A /* Model.xcdatamodel */;
			name = Model.xcdatamodeld;
			path = /Users/gabrielvicentinnegro/git/Academy/LawSuit/LawSuit/LawSuit/Model.xcdatamodeld;
			sourceTree = "<group>";
			versionGroupType = wrapper.xcdatamodel;
		};
/* End XCVersionGroup section */
	};
	rootObject = 3B98F1002C668B1000C45121 /* Project object */;
}
